
Microsoft Visual Studio Solution File, Format Version 11.00
# Visual Studio 2010
Project("{FAE04EC0-301F-11D3-BF4B-00C04F79EFBC}") = "Listing_17", "Listing_17\Listing_17.csproj", "{DDEBF20E-9BEF-4A63-968E-FD461DB74F46}"
EndProject
Project("{FAE04EC0-301F-11D3-BF4B-00C04F79EFBC}") = "Listing_01", "Listing_01\Listing_01.csproj", "{AE617E9A-7BED-40CC-A2EF-5E9DEA02AE58}"
EndProject
Project("{FAE04EC0-301F-11D3-BF4B-00C04F79EFBC}") = "Listing_02", "Listing_02\Listing_02.csproj", "{74E248AF-EDDF-492A-A038-7DB839E6041F}"
EndProject
Project("{FAE04EC0-301F-11D3-BF4B-00C04F79EFBC}") = "Listing_03", "Listing_03\Listing_03.csproj", "{00018164-991A-4A5B-ADF3-F3A37C99AD59}"
EndProject
Project("{FAE04EC0-301F-11D3-BF4B-00C04F79EFBC}") = "Listing_04", "Listing_04\Listing_04.csproj", "{9AFF4890-C5B9-4A8C-AECD-9F55561AB77F}"
EndProject
Project("{FAE04EC0-301F-11D3-BF4B-00C04F79EFBC}") = "Listing_05", "Listing_05\Listing_05.csproj", "{531FBCE4-0BDB-4085-B538-21557F384C22}"
EndProject
Project("{FAE04EC0-301F-11D3-BF4B-00C04F79EFBC}") = "Listing_06", "Listing_06\Listing_06.csproj", "{096FF2A2-2042-482D-B2C8-3D16522F7DC7}"
EndProject
Project("{FAE04EC0-301F-11D3-BF4B-00C04F79EFBC}") = "Listing_07", "Listing_07\Listing_07.csproj", "{55DBF652-7258-4306-A0CE-7D3478337F87}"
EndProject
Project("{FAE04EC0-301F-11D3-BF4B-00C04F79EFBC}") = "Listing_08", "Listing_08\Listing_08.csproj", "{4D49D760-B96F-4389-9F52-B909852ECA6E}"
EndProject
Project("{FAE04EC0-301F-11D3-BF4B-00C04F79EFBC}") = "Listing_09", "Listing_09\Listing_09.csproj", "{D0C895DA-B44A-492B-84EE-116CD81A586F}"
EndProject
Project("{FAE04EC0-301F-11D3-BF4B-00C04F79EFBC}") = "Listing_10", "Listing_10\Listing_10.csproj", "{15D71E01-7DE3-40D3-A7A5-4A2F9E81D7F3}"
EndProject
Project("{FAE04EC0-301F-11D3-BF4B-00C04F79EFBC}") = "Listing_11", "Listing_11\Listing_11.csproj", "{B293CA41-2FF5-4BC3-8A02-8FB8714C3D23}"
EndProject
Project("{FAE04EC0-301F-11D3-BF4B-00C04F79EFBC}") = "Listing_12", "Listing_12\Listing_12.csproj", "{B0BD1BFB-DEBE-4D20-A758-E21F16C44DF8}"
EndProject
Project("{FAE04EC0-301F-11D3-BF4B-00C04F79EFBC}") = "Listing_13", "Listing_13\Listing_13.csproj", "{D329F6BC-24E5-4A6B-8FB9-F1ED397541E8}"
EndProject
Project("{FAE04EC0-301F-11D3-BF4B-00C04F79EFBC}") = "Listing_14", "Listing_14\Listing_14.csproj", "{508E1B17-FB71-46B9-98B9-36BA129F23B6}"
EndProject
Project("{FAE04EC0-301F-11D3-BF4B-00C04F79EFBC}") = "Listing_15", "Listing_15\Listing_15.csproj", "{70A67391-6D7C-4462-95B0-FCDE28127AED}"
EndProject
Project("{FAE04EC0-301F-11D3-BF4B-00C04F79EFBC}") = "Listing_16", "Listing_16\Listing_16.csproj", "{FF89A8B3-0D64-46BE-9D2E-F3DF5EADCA88}"
EndProject
Project("{FAE04EC0-301F-11D3-BF4B-00C04F79EFBC}") = "Listing_18", "Listing_18\Listing_18.csproj", "{DDAB3324-EB57-48CD-B1C5-AE45372E1650}"
EndProject
Project("{FAE04EC0-301F-11D3-BF4B-00C04F79EFBC}") = "Listing_19", "Listing_19\Listing_19.csproj", "{4808FD10-0C9B-43A8-B135-46E29A2162F3}"
EndProject
Project("{FAE04EC0-301F-11D3-BF4B-00C04F79EFBC}") = "Listing_20", "Listing_20\Listing_20.csproj", "{B6C9DD22-C7EB-4DE9-8E20-C0A560768946}"
EndProject
Project("{FAE04EC0-301F-11D3-BF4B-00C04F79EFBC}") = "Listing_21", "Listing_21\Listing_21.csproj", "{F11DB34A-A1F9-45B8-B96D-9423A5A3213B}"
EndProject
Project("{FAE04EC0-301F-11D3-BF4B-00C04F79EFBC}") = "Listing_22", "Listing_22\Listing_22.csproj", "{11F59539-D8BE-4D09-AF27-67FC173B0FAB}"
EndProject
Project("{FAE04EC0-301F-11D3-BF4B-00C04F79EFBC}") = "Listing_23", "Listing_23\Listing_23.csproj", "{D9AFC1BE-2E98-4C1B-A810-BC2895CE4D41}"
EndProject
Project("{FAE04EC0-301F-11D3-BF4B-00C04F79EFBC}") = "Listing_24", "Listing_24\Listing_24.csproj", "{63D327D4-11C7-4363-9BC3-91724E74D390}"
EndProject
Project("{FAE04EC0-301F-11D3-BF4B-00C04F79EFBC}") = "Listing_25", "Listing_25\Listing_25.csproj", "{E6FFDF2B-3A4D-4BB0-9A3E-9B635686C4D8}"
EndProject
Global
	GlobalSection(SolutionConfigurationPlatforms) = preSolution
		Debug|x86 = Debug|x86
		Release|x86 = Release|x86
	EndGlobalSection
	GlobalSection(ProjectConfigurationPlatforms) = postSolution
		{DDEBF20E-9BEF-4A63-968E-FD461DB74F46}.Debug|x86.ActiveCfg = Debug|x86
		{DDEBF20E-9BEF-4A63-968E-FD461DB74F46}.Debug|x86.Build.0 = Debug|x86
		{DDEBF20E-9BEF-4A63-968E-FD461DB74F46}.Release|x86.ActiveCfg = Release|x86
		{DDEBF20E-9BEF-4A63-968E-FD461DB74F46}.Release|x86.Build.0 = Release|x86
		{AE617E9A-7BED-40CC-A2EF-5E9DEA02AE58}.Debug|x86.ActiveCfg = Debug|x86
		{AE617E9A-7BED-40CC-A2EF-5E9DEA02AE58}.Debug|x86.Build.0 = Debug|x86
		{AE617E9A-7BED-40CC-A2EF-5E9DEA02AE58}.Release|x86.ActiveCfg = Release|x86
		{AE617E9A-7BED-40CC-A2EF-5E9DEA02AE58}.Release|x86.Build.0 = Release|x86
		{74E248AF-EDDF-492A-A038-7DB839E6041F}.Debug|x86.ActiveCfg = Debug|x86
		{74E248AF-EDDF-492A-A038-7DB839E6041F}.Debug|x86.Build.0 = Debug|x86
		{74E248AF-EDDF-492A-A038-7DB839E6041F}.Release|x86.ActiveCfg = Release|x86
		{74E248AF-EDDF-492A-A038-7DB839E6041F}.Release|x86.Build.0 = Release|x86
		{00018164-991A-4A5B-ADF3-F3A37C99AD59}.Debug|x86.ActiveCfg = Debug|x86
		{00018164-991A-4A5B-ADF3-F3A37C99AD59}.Debug|x86.Build.0 = Debug|x86
		{00018164-991A-4A5B-ADF3-F3A37C99AD59}.Release|x86.ActiveCfg = Release|x86
		{00018164-991A-4A5B-ADF3-F3A37C99AD59}.Release|x86.Build.0 = Release|x86
		{9AFF4890-C5B9-4A8C-AECD-9F55561AB77F}.Debug|x86.ActiveCfg = Debug|x86
		{9AFF4890-C5B9-4A8C-AECD-9F55561AB77F}.Debug|x86.Build.0 = Debug|x86
		{9AFF4890-C5B9-4A8C-AECD-9F55561AB77F}.Release|x86.ActiveCfg = Release|x86
		{9AFF4890-C5B9-4A8C-AECD-9F55561AB77F}.Release|x86.Build.0 = Release|x86
		{531FBCE4-0BDB-4085-B538-21557F384C22}.Debug|x86.ActiveCfg = Debug|x86
		{531FBCE4-0BDB-4085-B538-21557F384C22}.Debug|x86.Build.0 = Debug|x86
		{531FBCE4-0BDB-4085-B538-21557F384C22}.Release|x86.ActiveCfg = Release|x86
		{531FBCE4-0BDB-4085-B538-21557F384C22}.Release|x86.Build.0 = Release|x86
		{096FF2A2-2042-482D-B2C8-3D16522F7DC7}.Debug|x86.ActiveCfg = Debug|x86
		{096FF2A2-2042-482D-B2C8-3D16522F7DC7}.Debug|x86.Build.0 = Debug|x86
		{096FF2A2-2042-482D-B2C8-3D16522F7DC7}.Release|x86.ActiveCfg = Release|x86
		{096FF2A2-2042-482D-B2C8-3D16522F7DC7}.Release|x86.Build.0 = Release|x86
		{55DBF652-7258-4306-A0CE-7D3478337F87}.Debug|x86.ActiveCfg = Debug|x86
		{55DBF652-7258-4306-A0CE-7D3478337F87}.Debug|x86.Build.0 = Debug|x86
		{55DBF652-7258-4306-A0CE-7D3478337F87}.Release|x86.ActiveCfg = Release|x86
		{55DBF652-7258-4306-A0CE-7D3478337F87}.Release|x86.Build.0 = Release|x86
		{4D49D760-B96F-4389-9F52-B909852ECA6E}.Debug|x86.ActiveCfg = Debug|x86
		{4D49D760-B96F-4389-9F52-B909852ECA6E}.Debug|x86.Build.0 = Debug|x86
		{4D49D760-B96F-4389-9F52-B909852ECA6E}.Release|x86.ActiveCfg = Release|x86
		{4D49D760-B96F-4389-9F52-B909852ECA6E}.Release|x86.Build.0 = Release|x86
		{D0C895DA-B44A-492B-84EE-116CD81A586F}.Debug|x86.ActiveCfg = Debug|x86
		{D0C895DA-B44A-492B-84EE-116CD81A586F}.Debug|x86.Build.0 = Debug|x86
		{D0C895DA-B44A-492B-84EE-116CD81A586F}.Release|x86.ActiveCfg = Release|x86
		{D0C895DA-B44A-492B-84EE-116CD81A586F}.Release|x86.Build.0 = Release|x86
		{15D71E01-7DE3-40D3-A7A5-4A2F9E81D7F3}.Debug|x86.ActiveCfg = Debug|x86
		{15D71E01-7DE3-40D3-A7A5-4A2F9E81D7F3}.Debug|x86.Build.0 = Debug|x86
		{15D71E01-7DE3-40D3-A7A5-4A2F9E81D7F3}.Release|x86.ActiveCfg = Release|x86
		{15D71E01-7DE3-40D3-A7A5-4A2F9E81D7F3}.Release|x86.Build.0 = Release|x86
		{B293CA41-2FF5-4BC3-8A02-8FB8714C3D23}.Debug|x86.ActiveCfg = Debug|x86
		{B293CA41-2FF5-4BC3-8A02-8FB8714C3D23}.Debug|x86.Build.0 = Debug|x86
		{B293CA41-2FF5-4BC3-8A02-8FB8714C3D23}.Release|x86.ActiveCfg = Release|x86
		{B293CA41-2FF5-4BC3-8A02-8FB8714C3D23}.Release|x86.Build.0 = Release|x86
		{B0BD1BFB-DEBE-4D20-A758-E21F16C44DF8}.Debug|x86.ActiveCfg = Debug|x86
		{B0BD1BFB-DEBE-4D20-A758-E21F16C44DF8}.Debug|x86.Build.0 = Debug|x86
		{B0BD1BFB-DEBE-4D20-A758-E21F16C44DF8}.Release|x86.ActiveCfg = Release|x86
		{B0BD1BFB-DEBE-4D20-A758-E21F16C44DF8}.Release|x86.Build.0 = Release|x86
		{D329F6BC-24E5-4A6B-8FB9-F1ED397541E8}.Debug|x86.ActiveCfg = Debug|x86
		{D329F6BC-24E5-4A6B-8FB9-F1ED397541E8}.Debug|x86.Build.0 = Debug|x86
		{D329F6BC-24E5-4A6B-8FB9-F1ED397541E8}.Release|x86.ActiveCfg = Release|x86
		{D329F6BC-24E5-4A6B-8FB9-F1ED397541E8}.Release|x86.Build.0 = Release|x86
		{508E1B17-FB71-46B9-98B9-36BA129F23B6}.Debug|x86.ActiveCfg = Debug|x86
		{508E1B17-FB71-46B9-98B9-36BA129F23B6}.Debug|x86.Build.0 = Debug|x86
		{508E1B17-FB71-46B9-98B9-36BA129F23B6}.Release|x86.ActiveCfg = Release|x86
		{508E1B17-FB71-46B9-98B9-36BA129F23B6}.Release|x86.Build.0 = Release|x86
		{70A67391-6D7C-4462-95B0-FCDE28127AED}.Debug|x86.ActiveCfg = Debug|x86
		{70A67391-6D7C-4462-95B0-FCDE28127AED}.Debug|x86.Build.0 = Debug|x86
		{70A67391-6D7C-4462-95B0-FCDE28127AED}.Release|x86.ActiveCfg = Release|x86
		{70A67391-6D7C-4462-95B0-FCDE28127AED}.Release|x86.Build.0 = Release|x86
		{FF89A8B3-0D64-46BE-9D2E-F3DF5EADCA88}.Debug|x86.ActiveCfg = Debug|x86
		{FF89A8B3-0D64-46BE-9D2E-F3DF5EADCA88}.Debug|x86.Build.0 = Debug|x86
		{FF89A8B3-0D64-46BE-9D2E-F3DF5EADCA88}.Release|x86.ActiveCfg = Release|x86
		{FF89A8B3-0D64-46BE-9D2E-F3DF5EADCA88}.Release|x86.Build.0 = Release|x86
		{DDAB3324-EB57-48CD-B1C5-AE45372E1650}.Debug|x86.ActiveCfg = Debug|x86
		{DDAB3324-EB57-48CD-B1C5-AE45372E1650}.Debug|x86.Build.0 = Debug|x86
		{DDAB3324-EB57-48CD-B1C5-AE45372E1650}.Release|x86.ActiveCfg = Release|x86
		{DDAB3324-EB57-48CD-B1C5-AE45372E1650}.Release|x86.Build.0 = Release|x86
		{4808FD10-0C9B-43A8-B135-46E29A2162F3}.Debug|x86.ActiveCfg = Debug|x86
		{4808FD10-0C9B-43A8-B135-46E29A2162F3}.Debug|x86.Build.0 = Debug|x86
		{4808FD10-0C9B-43A8-B135-46E29A2162F3}.Release|x86.ActiveCfg = Release|x86
		{4808FD10-0C9B-43A8-B135-46E29A2162F3}.Release|x86.Build.0 = Release|x86
		{B6C9DD22-C7EB-4DE9-8E20-C0A560768946}.Debug|x86.ActiveCfg = Debug|x86
		{B6C9DD22-C7EB-4DE9-8E20-C0A560768946}.Debug|x86.Build.0 = Debug|x86
		{B6C9DD22-C7EB-4DE9-8E20-C0A560768946}.Release|x86.ActiveCfg = Release|x86
		{B6C9DD22-C7EB-4DE9-8E20-C0A560768946}.Release|x86.Build.0 = Release|x86
		{F11DB34A-A1F9-45B8-B96D-9423A5A3213B}.Debug|x86.ActiveCfg = Debug|x86
		{F11DB34A-A1F9-45B8-B96D-9423A5A3213B}.Debug|x86.Build.0 = Debug|x86
		{F11DB34A-A1F9-45B8-B96D-9423A5A3213B}.Release|x86.ActiveCfg = Release|x86
		{F11DB34A-A1F9-45B8-B96D-9423A5A3213B}.Release|x86.Build.0 = Release|x86
		{11F59539-D8BE-4D09-AF27-67FC173B0FAB}.Debug|x86.ActiveCfg = Debug|x86
		{11F59539-D8BE-4D09-AF27-67FC173B0FAB}.Debug|x86.Build.0 = Debug|x86
		{11F59539-D8BE-4D09-AF27-67FC173B0FAB}.Release|x86.ActiveCfg = Release|x86
		{11F59539-D8BE-4D09-AF27-67FC173B0FAB}.Release|x86.Build.0 = Release|x86
		{D9AFC1BE-2E98-4C1B-A810-BC2895CE4D41}.Debug|x86.ActiveCfg = Debug|x86
		{D9AFC1BE-2E98-4C1B-A810-BC2895CE4D41}.Debug|x86.Build.0 = Debug|x86
		{D9AFC1BE-2E98-4C1B-A810-BC2895CE4D41}.Release|x86.ActiveCfg = Release|x86
		{D9AFC1BE-2E98-4C1B-A810-BC2895CE4D41}.Release|x86.Build.0 = Release|x86
		{63D327D4-11C7-4363-9BC3-91724E74D390}.Debug|x86.ActiveCfg = Debug|x86
		{63D327D4-11C7-4363-9BC3-91724E74D390}.Debug|x86.Build.0 = Debug|x86
		{63D327D4-11C7-4363-9BC3-91724E74D390}.Release|x86.ActiveCfg = Release|x86
		{63D327D4-11C7-4363-9BC3-91724E74D390}.Release|x86.Build.0 = Release|x86
		{E6FFDF2B-3A4D-4BB0-9A3E-9B635686C4D8}.Debug|x86.ActiveCfg = Debug|x86
		{E6FFDF2B-3A4D-4BB0-9A3E-9B635686C4D8}.Debug|x86.Build.0 = Debug|x86
		{E6FFDF2B-3A4D-4BB0-9A3E-9B635686C4D8}.Release|x86.ActiveCfg = Release|x86
		{E6FFDF2B-3A4D-4BB0-9A3E-9B635686C4D8}.Release|x86.Build.0 = Release|x86
	EndGlobalSection
	GlobalSection(SolutionProperties) = preSolution
		HideSolutionNode = FALSE
	EndGlobalSection
EndGlobal
