
Microsoft Visual Studio Solution File, Format Version 11.00
# Visual Studio 2010
Project("{FAE04EC0-301F-11D3-BF4B-00C04F79EFBC}") = "Listing_01", "Listing_01\Listing_01.csproj", "{AC3746CF-7F0A-4D39-A721-568C4742119D}"
EndProject
Project("{FAE04EC0-301F-11D3-BF4B-00C04F79EFBC}") = "bool", "bool\bool.csproj", "{2298EC65-FDD4-45EF-ACC8-B8DFCA7C9D94}"
EndProject
Project("{2150E333-8FDC-42A3-9474-1A3956D46DE8}") = "Type Keywords", "Type Keywords", "{9FCDEDE1-4FB5-4A1F-8B25-0C5AF614D4B2}"
EndProject
Project("{FAE04EC0-301F-11D3-BF4B-00C04F79EFBC}") = "byte_and_sbyte", "byte_and_sbyte\byte_and_sbyte.csproj", "{9AD951A5-F303-4663-8033-D2D341B675A0}"
EndProject
Project("{FAE04EC0-301F-11D3-BF4B-00C04F79EFBC}") = "char", "char\char.csproj", "{A40E5E6D-D63C-466C-9556-4A567F13E69F}"
EndProject
Project("{FAE04EC0-301F-11D3-BF4B-00C04F79EFBC}") = "decimal_double_float", "decimal_double_float\decimal_double_float.csproj", "{5EC73718-8C8A-408B-A7E3-B80B99371F9D}"
EndProject
Project("{FAE04EC0-301F-11D3-BF4B-00C04F79EFBC}") = "enum", "enum\enum.csproj", "{3DFA1376-A016-48D8-A964-B57AC2C8A185}"
EndProject
Project("{FAE04EC0-301F-11D3-BF4B-00C04F79EFBC}") = "struct", "struct\struct.csproj", "{2F53EB13-B597-4A86-9404-A26264AE51B0}"
EndProject
Project("{FAE04EC0-301F-11D3-BF4B-00C04F79EFBC}") = "short_ushort_int_uint_long_ulong", "short_ushort_int_uint_long_ulong\short_ushort_int_uint_long_ulong.csproj", "{165F3CE8-391C-41E1-B4C6-E975ABABAD6D}"
EndProject
Project("{FAE04EC0-301F-11D3-BF4B-00C04F79EFBC}") = "class", "class\class.csproj", "{ECE05B3E-8299-4260-B4E8-B5FF9822090E}"
EndProject
Project("{FAE04EC0-301F-11D3-BF4B-00C04F79EFBC}") = "delegate", "delegate\delegate.csproj", "{1E8E1150-9D7B-402F-9ACD-5A041B8EE4E6}"
EndProject
Project("{FAE04EC0-301F-11D3-BF4B-00C04F79EFBC}") = "dynamic", "dynamic\dynamic.csproj", "{C90791A3-4639-42A7-BC2B-4113BF635002}"
EndProject
Project("{FAE04EC0-301F-11D3-BF4B-00C04F79EFBC}") = "interface", "interface\interface.csproj", "{EA062079-5B0B-47EC-AED9-A173EE13B282}"
EndProject
Project("{FAE04EC0-301F-11D3-BF4B-00C04F79EFBC}") = "object", "object\object.csproj", "{1806B04C-8121-45F6-9C04-9EBFAB918FDD}"
EndProject
Project("{FAE04EC0-301F-11D3-BF4B-00C04F79EFBC}") = "string", "string\string.csproj", "{F40D566D-1F1E-4CCA-9F9B-BE2C8162B931}"
EndProject
Project("{FAE04EC0-301F-11D3-BF4B-00C04F79EFBC}") = "void", "void\void.csproj", "{EFAA2179-F722-4FD7-9C9D-D000CBD82C0E}"
EndProject
Project("{FAE04EC0-301F-11D3-BF4B-00C04F79EFBC}") = "var", "var\var.csproj", "{B7A3F22F-3F46-4B19-91EB-F354B78F0EB7}"
EndProject
Project("{2150E333-8FDC-42A3-9474-1A3956D46DE8}") = "Modifiers", "Modifiers", "{0F9E15AF-976A-454E-802B-0E97548C74B4}"
EndProject
Project("{FAE04EC0-301F-11D3-BF4B-00C04F79EFBC}") = "access_modifiers", "access_modifiers\access_modifiers.csproj", "{F9697987-C16B-43CA-8EAF-6F71DC644DAC}"
EndProject
Project("{FAE04EC0-301F-11D3-BF4B-00C04F79EFBC}") = "abstract", "abstract\abstract.csproj", "{334BF398-FCDE-4EBC-B485-EB7BA54AF9E1}"
EndProject
Project("{FAE04EC0-301F-11D3-BF4B-00C04F79EFBC}") = "const", "const\const.csproj", "{57E0C311-EAEF-4E2A-A6C7-C24EBAD23833}"
EndProject
Project("{FAE04EC0-301F-11D3-BF4B-00C04F79EFBC}") = "event", "event\event.csproj", "{59BD036D-3CB3-4E19-9900-A503555A4F21}"
EndProject
Project("{FAE04EC0-301F-11D3-BF4B-00C04F79EFBC}") = "override", "override\override.csproj", "{317DA81D-85AB-456F-A1A9-A12006E45056}"
EndProject
Project("{FAE04EC0-301F-11D3-BF4B-00C04F79EFBC}") = "readonly", "readonly\readonly.csproj", "{FAEE3519-6938-4599-AC46-30A101C04928}"
EndProject
Project("{FAE04EC0-301F-11D3-BF4B-00C04F79EFBC}") = "sealed", "sealed\sealed.csproj", "{2FE28D3D-2EFE-40F4-9F29-036D6CC6877E}"
EndProject
Project("{FAE04EC0-301F-11D3-BF4B-00C04F79EFBC}") = "Listing_02", "Listing_02\Listing_02.csproj", "{E382FE46-D44B-4C92-9ACE-B07A35DF0392}"
EndProject
Project("{FAE04EC0-301F-11D3-BF4B-00C04F79EFBC}") = "Listing_03", "Listing_03\Listing_03.csproj", "{6336C4BF-4811-40C9-88D3-14650FD8F5FB}"
EndProject
Project("{FAE04EC0-301F-11D3-BF4B-00C04F79EFBC}") = "Listing_04", "Listing_04\Listing_04.csproj", "{F334B5FF-068A-42D2-9E0C-BDCE6F4347A7}"
EndProject
Project("{FAE04EC0-301F-11D3-BF4B-00C04F79EFBC}") = "Listing_05", "Listing_05\Listing_05.csproj", "{B2E46EAA-792A-4459-8106-36F8D80AFBE3}"
EndProject
Project("{FAE04EC0-301F-11D3-BF4B-00C04F79EFBC}") = "Listing_06", "Listing_06\Listing_06.csproj", "{D18EA0B5-45B6-4176-AA64-2BF592C4103C}"
EndProject
Project("{FAE04EC0-301F-11D3-BF4B-00C04F79EFBC}") = "Listing_07", "Listing_07\Listing_07.csproj", "{5943B680-D176-422E-B5F1-6C76CF263EDF}"
EndProject
Project("{FAE04EC0-301F-11D3-BF4B-00C04F79EFBC}") = "Listing_08", "Listing_08\Listing_08.csproj", "{FD81291F-9694-41B0-A44A-0B05C1B06440}"
EndProject
Project("{2150E333-8FDC-42A3-9474-1A3956D46DE8}") = "Jump Keywords", "Jump Keywords", "{9A097C5B-A43D-42CC-B9A4-AD1222696861}"
EndProject
Project("{FAE04EC0-301F-11D3-BF4B-00C04F79EFBC}") = "return", "return\return.csproj", "{77B5287B-B591-4093-A736-BAFA4391CE0F}"
EndProject
Project("{2150E333-8FDC-42A3-9474-1A3956D46DE8}") = "Exception Handling Keywords", "Exception Handling Keywords", "{C75236B8-13E1-4AC5-A0A5-933C673F9ADC}"
EndProject
Project("{FAE04EC0-301F-11D3-BF4B-00C04F79EFBC}") = "throw", "throw\throw.csproj", "{3AA6BF93-5EC1-46A0-9186-E9C1502D545A}"
EndProject
Project("{FAE04EC0-301F-11D3-BF4B-00C04F79EFBC}") = "try_catch_finally", "try_catch_finally\try_catch_finally.csproj", "{EC5F0385-2D55-49A2-A604-1F345FA6E2AC}"
EndProject
Project("{2150E333-8FDC-42A3-9474-1A3956D46DE8}") = "Synchronization Keywords", "Synchronization Keywords", "{1B6130BD-A54A-48D7-A8BB-D70C4C2BC897}"
EndProject
Project("{FAE04EC0-301F-11D3-BF4B-00C04F79EFBC}") = "lock", "lock\lock.csproj", "{049A99C5-5B45-427A-B038-B00A6B1A9B1E}"
EndProject
Project("{2150E333-8FDC-42A3-9474-1A3956D46DE8}") = "Parameter Keywords", "Parameter Keywords", "{80CD6A53-23A0-4D15-BFFD-F89112278B39}"
EndProject
Project("{FAE04EC0-301F-11D3-BF4B-00C04F79EFBC}") = "params", "params\params.csproj", "{866B9FC1-6A87-440F-8D4D-ECB5909FBACB}"
EndProject
Project("{FAE04EC0-301F-11D3-BF4B-00C04F79EFBC}") = "ref", "ref\ref.csproj", "{58CF43AE-D109-4F88-9D38-C809B9E9D9FD}"
EndProject
Project("{FAE04EC0-301F-11D3-BF4B-00C04F79EFBC}") = "out", "out\out.csproj", "{3348F473-0C61-4505-813E-704C0EB126E7}"
EndProject
Project("{2150E333-8FDC-42A3-9474-1A3956D46DE8}") = "Namespace Keywords", "Namespace Keywords", "{26C760CB-3ABE-4D65-90A2-88787D4E9D30}"
EndProject
Project("{FAE04EC0-301F-11D3-BF4B-00C04F79EFBC}") = "namespace", "namespace\namespace.csproj", "{99FEB9F5-021C-4F3B-A808-02F3986AE015}"
EndProject
Project("{FAE04EC0-301F-11D3-BF4B-00C04F79EFBC}") = "using", "using\using.csproj", "{071E7FE5-18FD-4271-A7C1-5543CCD8FA10}"
EndProject
Project("{2150E333-8FDC-42A3-9474-1A3956D46DE8}") = "Literal Keywords", "Literal Keywords", "{F2675503-C397-421D-AE1B-726D526820FF}"
EndProject
Project("{FAE04EC0-301F-11D3-BF4B-00C04F79EFBC}") = "null", "null\null.csproj", "{F9380E56-9EAB-4813-A081-73BDA5787CD2}"
EndProject
Project("{FAE04EC0-301F-11D3-BF4B-00C04F79EFBC}") = "true_false", "true_false\true_false.csproj", "{2AAD896D-5B88-45AB-B841-FD1C35E309B0}"
EndProject
Project("{2150E333-8FDC-42A3-9474-1A3956D46DE8}") = "Other Keywords", "Other Keywords", "{038D3F65-0B31-43DD-BC48-C8D04E13F6B6}"
EndProject
Project("{FAE04EC0-301F-11D3-BF4B-00C04F79EFBC}") = "base", "base\base.csproj", "{30BDD6A2-74AF-4A5F-AF0A-29DC4203CBB2}"
EndProject
Project("{FAE04EC0-301F-11D3-BF4B-00C04F79EFBC}") = "this", "this\this.csproj", "{4224514A-A770-42D5-883F-60F8D02E0903}"
EndProject
Project("{FAE04EC0-301F-11D3-BF4B-00C04F79EFBC}") = "get_set_value", "get_set_value\get_set_value.csproj", "{28CCE880-8218-456D-A24F-9CAF413D68B7}"
EndProject
Project("{FAE04EC0-301F-11D3-BF4B-00C04F79EFBC}") = "Listing_09", "Listing_09\Listing_09.csproj", "{03C37B68-BB15-4272-869B-896D446A8FF4}"
EndProject
Global
	GlobalSection(SolutionConfigurationPlatforms) = preSolution
		Debug|x86 = Debug|x86
		Release|x86 = Release|x86
	EndGlobalSection
	GlobalSection(ProjectConfigurationPlatforms) = postSolution
		{AC3746CF-7F0A-4D39-A721-568C4742119D}.Debug|x86.ActiveCfg = Debug|x86
		{AC3746CF-7F0A-4D39-A721-568C4742119D}.Debug|x86.Build.0 = Debug|x86
		{AC3746CF-7F0A-4D39-A721-568C4742119D}.Release|x86.ActiveCfg = Release|x86
		{AC3746CF-7F0A-4D39-A721-568C4742119D}.Release|x86.Build.0 = Release|x86
		{2298EC65-FDD4-45EF-ACC8-B8DFCA7C9D94}.Debug|x86.ActiveCfg = Debug|x86
		{2298EC65-FDD4-45EF-ACC8-B8DFCA7C9D94}.Debug|x86.Build.0 = Debug|x86
		{2298EC65-FDD4-45EF-ACC8-B8DFCA7C9D94}.Release|x86.ActiveCfg = Release|x86
		{2298EC65-FDD4-45EF-ACC8-B8DFCA7C9D94}.Release|x86.Build.0 = Release|x86
		{9AD951A5-F303-4663-8033-D2D341B675A0}.Debug|x86.ActiveCfg = Debug|x86
		{9AD951A5-F303-4663-8033-D2D341B675A0}.Debug|x86.Build.0 = Debug|x86
		{9AD951A5-F303-4663-8033-D2D341B675A0}.Release|x86.ActiveCfg = Release|x86
		{9AD951A5-F303-4663-8033-D2D341B675A0}.Release|x86.Build.0 = Release|x86
		{A40E5E6D-D63C-466C-9556-4A567F13E69F}.Debug|x86.ActiveCfg = Debug|x86
		{A40E5E6D-D63C-466C-9556-4A567F13E69F}.Debug|x86.Build.0 = Debug|x86
		{A40E5E6D-D63C-466C-9556-4A567F13E69F}.Release|x86.ActiveCfg = Release|x86
		{A40E5E6D-D63C-466C-9556-4A567F13E69F}.Release|x86.Build.0 = Release|x86
		{5EC73718-8C8A-408B-A7E3-B80B99371F9D}.Debug|x86.ActiveCfg = Debug|x86
		{5EC73718-8C8A-408B-A7E3-B80B99371F9D}.Debug|x86.Build.0 = Debug|x86
		{5EC73718-8C8A-408B-A7E3-B80B99371F9D}.Release|x86.ActiveCfg = Release|x86
		{5EC73718-8C8A-408B-A7E3-B80B99371F9D}.Release|x86.Build.0 = Release|x86
		{3DFA1376-A016-48D8-A964-B57AC2C8A185}.Debug|x86.ActiveCfg = Debug|x86
		{3DFA1376-A016-48D8-A964-B57AC2C8A185}.Debug|x86.Build.0 = Debug|x86
		{3DFA1376-A016-48D8-A964-B57AC2C8A185}.Release|x86.ActiveCfg = Release|x86
		{3DFA1376-A016-48D8-A964-B57AC2C8A185}.Release|x86.Build.0 = Release|x86
		{2F53EB13-B597-4A86-9404-A26264AE51B0}.Debug|x86.ActiveCfg = Debug|x86
		{2F53EB13-B597-4A86-9404-A26264AE51B0}.Debug|x86.Build.0 = Debug|x86
		{2F53EB13-B597-4A86-9404-A26264AE51B0}.Release|x86.ActiveCfg = Release|x86
		{2F53EB13-B597-4A86-9404-A26264AE51B0}.Release|x86.Build.0 = Release|x86
		{165F3CE8-391C-41E1-B4C6-E975ABABAD6D}.Debug|x86.ActiveCfg = Debug|x86
		{165F3CE8-391C-41E1-B4C6-E975ABABAD6D}.Debug|x86.Build.0 = Debug|x86
		{165F3CE8-391C-41E1-B4C6-E975ABABAD6D}.Release|x86.ActiveCfg = Release|x86
		{165F3CE8-391C-41E1-B4C6-E975ABABAD6D}.Release|x86.Build.0 = Release|x86
		{ECE05B3E-8299-4260-B4E8-B5FF9822090E}.Debug|x86.ActiveCfg = Debug|x86
		{ECE05B3E-8299-4260-B4E8-B5FF9822090E}.Debug|x86.Build.0 = Debug|x86
		{ECE05B3E-8299-4260-B4E8-B5FF9822090E}.Release|x86.ActiveCfg = Release|x86
		{ECE05B3E-8299-4260-B4E8-B5FF9822090E}.Release|x86.Build.0 = Release|x86
		{1E8E1150-9D7B-402F-9ACD-5A041B8EE4E6}.Debug|x86.ActiveCfg = Debug|x86
		{1E8E1150-9D7B-402F-9ACD-5A041B8EE4E6}.Debug|x86.Build.0 = Debug|x86
		{1E8E1150-9D7B-402F-9ACD-5A041B8EE4E6}.Release|x86.ActiveCfg = Release|x86
		{1E8E1150-9D7B-402F-9ACD-5A041B8EE4E6}.Release|x86.Build.0 = Release|x86
		{C90791A3-4639-42A7-BC2B-4113BF635002}.Debug|x86.ActiveCfg = Debug|x86
		{C90791A3-4639-42A7-BC2B-4113BF635002}.Debug|x86.Build.0 = Debug|x86
		{C90791A3-4639-42A7-BC2B-4113BF635002}.Release|x86.ActiveCfg = Release|x86
		{C90791A3-4639-42A7-BC2B-4113BF635002}.Release|x86.Build.0 = Release|x86
		{EA062079-5B0B-47EC-AED9-A173EE13B282}.Debug|x86.ActiveCfg = Debug|x86
		{EA062079-5B0B-47EC-AED9-A173EE13B282}.Debug|x86.Build.0 = Debug|x86
		{EA062079-5B0B-47EC-AED9-A173EE13B282}.Release|x86.ActiveCfg = Release|x86
		{EA062079-5B0B-47EC-AED9-A173EE13B282}.Release|x86.Build.0 = Release|x86
		{1806B04C-8121-45F6-9C04-9EBFAB918FDD}.Debug|x86.ActiveCfg = Debug|x86
		{1806B04C-8121-45F6-9C04-9EBFAB918FDD}.Debug|x86.Build.0 = Debug|x86
		{1806B04C-8121-45F6-9C04-9EBFAB918FDD}.Release|x86.ActiveCfg = Release|x86
		{1806B04C-8121-45F6-9C04-9EBFAB918FDD}.Release|x86.Build.0 = Release|x86
		{F40D566D-1F1E-4CCA-9F9B-BE2C8162B931}.Debug|x86.ActiveCfg = Debug|x86
		{F40D566D-1F1E-4CCA-9F9B-BE2C8162B931}.Debug|x86.Build.0 = Debug|x86
		{F40D566D-1F1E-4CCA-9F9B-BE2C8162B931}.Release|x86.ActiveCfg = Release|x86
		{F40D566D-1F1E-4CCA-9F9B-BE2C8162B931}.Release|x86.Build.0 = Release|x86
		{EFAA2179-F722-4FD7-9C9D-D000CBD82C0E}.Debug|x86.ActiveCfg = Debug|x86
		{EFAA2179-F722-4FD7-9C9D-D000CBD82C0E}.Debug|x86.Build.0 = Debug|x86
		{EFAA2179-F722-4FD7-9C9D-D000CBD82C0E}.Release|x86.ActiveCfg = Release|x86
		{EFAA2179-F722-4FD7-9C9D-D000CBD82C0E}.Release|x86.Build.0 = Release|x86
		{B7A3F22F-3F46-4B19-91EB-F354B78F0EB7}.Debug|x86.ActiveCfg = Debug|x86
		{B7A3F22F-3F46-4B19-91EB-F354B78F0EB7}.Debug|x86.Build.0 = Debug|x86
		{B7A3F22F-3F46-4B19-91EB-F354B78F0EB7}.Release|x86.ActiveCfg = Release|x86
		{B7A3F22F-3F46-4B19-91EB-F354B78F0EB7}.Release|x86.Build.0 = Release|x86
		{F9697987-C16B-43CA-8EAF-6F71DC644DAC}.Debug|x86.ActiveCfg = Debug|x86
		{F9697987-C16B-43CA-8EAF-6F71DC644DAC}.Debug|x86.Build.0 = Debug|x86
		{F9697987-C16B-43CA-8EAF-6F71DC644DAC}.Release|x86.ActiveCfg = Release|x86
		{F9697987-C16B-43CA-8EAF-6F71DC644DAC}.Release|x86.Build.0 = Release|x86
		{334BF398-FCDE-4EBC-B485-EB7BA54AF9E1}.Debug|x86.ActiveCfg = Debug|x86
		{334BF398-FCDE-4EBC-B485-EB7BA54AF9E1}.Debug|x86.Build.0 = Debug|x86
		{334BF398-FCDE-4EBC-B485-EB7BA54AF9E1}.Release|x86.ActiveCfg = Release|x86
		{334BF398-FCDE-4EBC-B485-EB7BA54AF9E1}.Release|x86.Build.0 = Release|x86
		{57E0C311-EAEF-4E2A-A6C7-C24EBAD23833}.Debug|x86.ActiveCfg = Debug|x86
		{57E0C311-EAEF-4E2A-A6C7-C24EBAD23833}.Debug|x86.Build.0 = Debug|x86
		{57E0C311-EAEF-4E2A-A6C7-C24EBAD23833}.Release|x86.ActiveCfg = Release|x86
		{57E0C311-EAEF-4E2A-A6C7-C24EBAD23833}.Release|x86.Build.0 = Release|x86
		{59BD036D-3CB3-4E19-9900-A503555A4F21}.Debug|x86.ActiveCfg = Debug|x86
		{59BD036D-3CB3-4E19-9900-A503555A4F21}.Debug|x86.Build.0 = Debug|x86
		{59BD036D-3CB3-4E19-9900-A503555A4F21}.Release|x86.ActiveCfg = Release|x86
		{59BD036D-3CB3-4E19-9900-A503555A4F21}.Release|x86.Build.0 = Release|x86
		{317DA81D-85AB-456F-A1A9-A12006E45056}.Debug|x86.ActiveCfg = Debug|x86
		{317DA81D-85AB-456F-A1A9-A12006E45056}.Debug|x86.Build.0 = Debug|x86
		{317DA81D-85AB-456F-A1A9-A12006E45056}.Release|x86.ActiveCfg = Release|x86
		{317DA81D-85AB-456F-A1A9-A12006E45056}.Release|x86.Build.0 = Release|x86
		{FAEE3519-6938-4599-AC46-30A101C04928}.Debug|x86.ActiveCfg = Debug|x86
		{FAEE3519-6938-4599-AC46-30A101C04928}.Debug|x86.Build.0 = Debug|x86
		{FAEE3519-6938-4599-AC46-30A101C04928}.Release|x86.ActiveCfg = Release|x86
		{FAEE3519-6938-4599-AC46-30A101C04928}.Release|x86.Build.0 = Release|x86
		{2FE28D3D-2EFE-40F4-9F29-036D6CC6877E}.Debug|x86.ActiveCfg = Debug|x86
		{2FE28D3D-2EFE-40F4-9F29-036D6CC6877E}.Debug|x86.Build.0 = Debug|x86
		{2FE28D3D-2EFE-40F4-9F29-036D6CC6877E}.Release|x86.ActiveCfg = Release|x86
		{2FE28D3D-2EFE-40F4-9F29-036D6CC6877E}.Release|x86.Build.0 = Release|x86
		{E382FE46-D44B-4C92-9ACE-B07A35DF0392}.Debug|x86.ActiveCfg = Debug|x86
		{E382FE46-D44B-4C92-9ACE-B07A35DF0392}.Debug|x86.Build.0 = Debug|x86
		{E382FE46-D44B-4C92-9ACE-B07A35DF0392}.Release|x86.ActiveCfg = Release|x86
		{E382FE46-D44B-4C92-9ACE-B07A35DF0392}.Release|x86.Build.0 = Release|x86
		{6336C4BF-4811-40C9-88D3-14650FD8F5FB}.Debug|x86.ActiveCfg = Debug|x86
		{6336C4BF-4811-40C9-88D3-14650FD8F5FB}.Debug|x86.Build.0 = Debug|x86
		{6336C4BF-4811-40C9-88D3-14650FD8F5FB}.Release|x86.ActiveCfg = Release|x86
		{6336C4BF-4811-40C9-88D3-14650FD8F5FB}.Release|x86.Build.0 = Release|x86
		{F334B5FF-068A-42D2-9E0C-BDCE6F4347A7}.Debug|x86.ActiveCfg = Debug|x86
		{F334B5FF-068A-42D2-9E0C-BDCE6F4347A7}.Debug|x86.Build.0 = Debug|x86
		{F334B5FF-068A-42D2-9E0C-BDCE6F4347A7}.Release|x86.ActiveCfg = Release|x86
		{F334B5FF-068A-42D2-9E0C-BDCE6F4347A7}.Release|x86.Build.0 = Release|x86
		{B2E46EAA-792A-4459-8106-36F8D80AFBE3}.Debug|x86.ActiveCfg = Debug|x86
		{B2E46EAA-792A-4459-8106-36F8D80AFBE3}.Debug|x86.Build.0 = Debug|x86
		{B2E46EAA-792A-4459-8106-36F8D80AFBE3}.Release|x86.ActiveCfg = Release|x86
		{B2E46EAA-792A-4459-8106-36F8D80AFBE3}.Release|x86.Build.0 = Release|x86
		{D18EA0B5-45B6-4176-AA64-2BF592C4103C}.Debug|x86.ActiveCfg = Debug|x86
		{D18EA0B5-45B6-4176-AA64-2BF592C4103C}.Debug|x86.Build.0 = Debug|x86
		{D18EA0B5-45B6-4176-AA64-2BF592C4103C}.Release|x86.ActiveCfg = Release|x86
		{D18EA0B5-45B6-4176-AA64-2BF592C4103C}.Release|x86.Build.0 = Release|x86
		{5943B680-D176-422E-B5F1-6C76CF263EDF}.Debug|x86.ActiveCfg = Debug|x86
		{5943B680-D176-422E-B5F1-6C76CF263EDF}.Debug|x86.Build.0 = Debug|x86
		{5943B680-D176-422E-B5F1-6C76CF263EDF}.Release|x86.ActiveCfg = Release|x86
		{5943B680-D176-422E-B5F1-6C76CF263EDF}.Release|x86.Build.0 = Release|x86
		{FD81291F-9694-41B0-A44A-0B05C1B06440}.Debug|x86.ActiveCfg = Debug|x86
		{FD81291F-9694-41B0-A44A-0B05C1B06440}.Debug|x86.Build.0 = Debug|x86
		{FD81291F-9694-41B0-A44A-0B05C1B06440}.Release|x86.ActiveCfg = Release|x86
		{FD81291F-9694-41B0-A44A-0B05C1B06440}.Release|x86.Build.0 = Release|x86
		{77B5287B-B591-4093-A736-BAFA4391CE0F}.Debug|x86.ActiveCfg = Debug|x86
		{77B5287B-B591-4093-A736-BAFA4391CE0F}.Debug|x86.Build.0 = Debug|x86
		{77B5287B-B591-4093-A736-BAFA4391CE0F}.Release|x86.ActiveCfg = Release|x86
		{77B5287B-B591-4093-A736-BAFA4391CE0F}.Release|x86.Build.0 = Release|x86
		{3AA6BF93-5EC1-46A0-9186-E9C1502D545A}.Debug|x86.ActiveCfg = Debug|x86
		{3AA6BF93-5EC1-46A0-9186-E9C1502D545A}.Debug|x86.Build.0 = Debug|x86
		{3AA6BF93-5EC1-46A0-9186-E9C1502D545A}.Release|x86.ActiveCfg = Release|x86
		{3AA6BF93-5EC1-46A0-9186-E9C1502D545A}.Release|x86.Build.0 = Release|x86
		{EC5F0385-2D55-49A2-A604-1F345FA6E2AC}.Debug|x86.ActiveCfg = Debug|x86
		{EC5F0385-2D55-49A2-A604-1F345FA6E2AC}.Debug|x86.Build.0 = Debug|x86
		{EC5F0385-2D55-49A2-A604-1F345FA6E2AC}.Release|x86.ActiveCfg = Release|x86
		{EC5F0385-2D55-49A2-A604-1F345FA6E2AC}.Release|x86.Build.0 = Release|x86
		{049A99C5-5B45-427A-B038-B00A6B1A9B1E}.Debug|x86.ActiveCfg = Debug|x86
		{049A99C5-5B45-427A-B038-B00A6B1A9B1E}.Debug|x86.Build.0 = Debug|x86
		{049A99C5-5B45-427A-B038-B00A6B1A9B1E}.Release|x86.ActiveCfg = Release|x86
		{049A99C5-5B45-427A-B038-B00A6B1A9B1E}.Release|x86.Build.0 = Release|x86
		{866B9FC1-6A87-440F-8D4D-ECB5909FBACB}.Debug|x86.ActiveCfg = Debug|x86
		{866B9FC1-6A87-440F-8D4D-ECB5909FBACB}.Debug|x86.Build.0 = Debug|x86
		{866B9FC1-6A87-440F-8D4D-ECB5909FBACB}.Release|x86.ActiveCfg = Release|x86
		{866B9FC1-6A87-440F-8D4D-ECB5909FBACB}.Release|x86.Build.0 = Release|x86
		{58CF43AE-D109-4F88-9D38-C809B9E9D9FD}.Debug|x86.ActiveCfg = Debug|x86
		{58CF43AE-D109-4F88-9D38-C809B9E9D9FD}.Debug|x86.Build.0 = Debug|x86
		{58CF43AE-D109-4F88-9D38-C809B9E9D9FD}.Release|x86.ActiveCfg = Release|x86
		{58CF43AE-D109-4F88-9D38-C809B9E9D9FD}.Release|x86.Build.0 = Release|x86
		{3348F473-0C61-4505-813E-704C0EB126E7}.Debug|x86.ActiveCfg = Debug|x86
		{3348F473-0C61-4505-813E-704C0EB126E7}.Debug|x86.Build.0 = Debug|x86
		{3348F473-0C61-4505-813E-704C0EB126E7}.Release|x86.ActiveCfg = Release|x86
		{3348F473-0C61-4505-813E-704C0EB126E7}.Release|x86.Build.0 = Release|x86
		{99FEB9F5-021C-4F3B-A808-02F3986AE015}.Debug|x86.ActiveCfg = Debug|x86
		{99FEB9F5-021C-4F3B-A808-02F3986AE015}.Debug|x86.Build.0 = Debug|x86
		{99FEB9F5-021C-4F3B-A808-02F3986AE015}.Release|x86.ActiveCfg = Release|x86
		{99FEB9F5-021C-4F3B-A808-02F3986AE015}.Release|x86.Build.0 = Release|x86
		{071E7FE5-18FD-4271-A7C1-5543CCD8FA10}.Debug|x86.ActiveCfg = Debug|x86
		{071E7FE5-18FD-4271-A7C1-5543CCD8FA10}.Debug|x86.Build.0 = Debug|x86
		{071E7FE5-18FD-4271-A7C1-5543CCD8FA10}.Release|x86.ActiveCfg = Release|x86
		{071E7FE5-18FD-4271-A7C1-5543CCD8FA10}.Release|x86.Build.0 = Release|x86
		{F9380E56-9EAB-4813-A081-73BDA5787CD2}.Debug|x86.ActiveCfg = Debug|x86
		{F9380E56-9EAB-4813-A081-73BDA5787CD2}.Debug|x86.Build.0 = Debug|x86
		{F9380E56-9EAB-4813-A081-73BDA5787CD2}.Release|x86.ActiveCfg = Release|x86
		{F9380E56-9EAB-4813-A081-73BDA5787CD2}.Release|x86.Build.0 = Release|x86
		{2AAD896D-5B88-45AB-B841-FD1C35E309B0}.Debug|x86.ActiveCfg = Debug|x86
		{2AAD896D-5B88-45AB-B841-FD1C35E309B0}.Debug|x86.Build.0 = Debug|x86
		{2AAD896D-5B88-45AB-B841-FD1C35E309B0}.Release|x86.ActiveCfg = Release|x86
		{2AAD896D-5B88-45AB-B841-FD1C35E309B0}.Release|x86.Build.0 = Release|x86
		{30BDD6A2-74AF-4A5F-AF0A-29DC4203CBB2}.Debug|x86.ActiveCfg = Debug|x86
		{30BDD6A2-74AF-4A5F-AF0A-29DC4203CBB2}.Debug|x86.Build.0 = Debug|x86
		{30BDD6A2-74AF-4A5F-AF0A-29DC4203CBB2}.Release|x86.ActiveCfg = Release|x86
		{30BDD6A2-74AF-4A5F-AF0A-29DC4203CBB2}.Release|x86.Build.0 = Release|x86
		{4224514A-A770-42D5-883F-60F8D02E0903}.Debug|x86.ActiveCfg = Debug|x86
		{4224514A-A770-42D5-883F-60F8D02E0903}.Debug|x86.Build.0 = Debug|x86
		{4224514A-A770-42D5-883F-60F8D02E0903}.Release|x86.ActiveCfg = Release|x86
		{4224514A-A770-42D5-883F-60F8D02E0903}.Release|x86.Build.0 = Release|x86
		{28CCE880-8218-456D-A24F-9CAF413D68B7}.Debug|x86.ActiveCfg = Debug|x86
		{28CCE880-8218-456D-A24F-9CAF413D68B7}.Debug|x86.Build.0 = Debug|x86
		{28CCE880-8218-456D-A24F-9CAF413D68B7}.Release|x86.ActiveCfg = Release|x86
		{28CCE880-8218-456D-A24F-9CAF413D68B7}.Release|x86.Build.0 = Release|x86
		{03C37B68-BB15-4272-869B-896D446A8FF4}.Debug|x86.ActiveCfg = Debug|x86
		{03C37B68-BB15-4272-869B-896D446A8FF4}.Debug|x86.Build.0 = Debug|x86
		{03C37B68-BB15-4272-869B-896D446A8FF4}.Release|x86.ActiveCfg = Release|x86
		{03C37B68-BB15-4272-869B-896D446A8FF4}.Release|x86.Build.0 = Release|x86
	EndGlobalSection
	GlobalSection(SolutionProperties) = preSolution
		HideSolutionNode = FALSE
	EndGlobalSection
	GlobalSection(NestedProjects) = preSolution
		{2298EC65-FDD4-45EF-ACC8-B8DFCA7C9D94} = {9FCDEDE1-4FB5-4A1F-8B25-0C5AF614D4B2}
		{9AD951A5-F303-4663-8033-D2D341B675A0} = {9FCDEDE1-4FB5-4A1F-8B25-0C5AF614D4B2}
		{A40E5E6D-D63C-466C-9556-4A567F13E69F} = {9FCDEDE1-4FB5-4A1F-8B25-0C5AF614D4B2}
		{5EC73718-8C8A-408B-A7E3-B80B99371F9D} = {9FCDEDE1-4FB5-4A1F-8B25-0C5AF614D4B2}
		{3DFA1376-A016-48D8-A964-B57AC2C8A185} = {9FCDEDE1-4FB5-4A1F-8B25-0C5AF614D4B2}
		{2F53EB13-B597-4A86-9404-A26264AE51B0} = {9FCDEDE1-4FB5-4A1F-8B25-0C5AF614D4B2}
		{165F3CE8-391C-41E1-B4C6-E975ABABAD6D} = {9FCDEDE1-4FB5-4A1F-8B25-0C5AF614D4B2}
		{ECE05B3E-8299-4260-B4E8-B5FF9822090E} = {9FCDEDE1-4FB5-4A1F-8B25-0C5AF614D4B2}
		{1E8E1150-9D7B-402F-9ACD-5A041B8EE4E6} = {9FCDEDE1-4FB5-4A1F-8B25-0C5AF614D4B2}
		{C90791A3-4639-42A7-BC2B-4113BF635002} = {9FCDEDE1-4FB5-4A1F-8B25-0C5AF614D4B2}
		{EA062079-5B0B-47EC-AED9-A173EE13B282} = {9FCDEDE1-4FB5-4A1F-8B25-0C5AF614D4B2}
		{1806B04C-8121-45F6-9C04-9EBFAB918FDD} = {9FCDEDE1-4FB5-4A1F-8B25-0C5AF614D4B2}
		{F40D566D-1F1E-4CCA-9F9B-BE2C8162B931} = {9FCDEDE1-4FB5-4A1F-8B25-0C5AF614D4B2}
		{EFAA2179-F722-4FD7-9C9D-D000CBD82C0E} = {9FCDEDE1-4FB5-4A1F-8B25-0C5AF614D4B2}
		{B7A3F22F-3F46-4B19-91EB-F354B78F0EB7} = {9FCDEDE1-4FB5-4A1F-8B25-0C5AF614D4B2}
		{F9697987-C16B-43CA-8EAF-6F71DC644DAC} = {0F9E15AF-976A-454E-802B-0E97548C74B4}
		{334BF398-FCDE-4EBC-B485-EB7BA54AF9E1} = {0F9E15AF-976A-454E-802B-0E97548C74B4}
		{57E0C311-EAEF-4E2A-A6C7-C24EBAD23833} = {0F9E15AF-976A-454E-802B-0E97548C74B4}
		{59BD036D-3CB3-4E19-9900-A503555A4F21} = {0F9E15AF-976A-454E-802B-0E97548C74B4}
		{317DA81D-85AB-456F-A1A9-A12006E45056} = {0F9E15AF-976A-454E-802B-0E97548C74B4}
		{FAEE3519-6938-4599-AC46-30A101C04928} = {0F9E15AF-976A-454E-802B-0E97548C74B4}
		{2FE28D3D-2EFE-40F4-9F29-036D6CC6877E} = {0F9E15AF-976A-454E-802B-0E97548C74B4}
		{77B5287B-B591-4093-A736-BAFA4391CE0F} = {9A097C5B-A43D-42CC-B9A4-AD1222696861}
		{3AA6BF93-5EC1-46A0-9186-E9C1502D545A} = {C75236B8-13E1-4AC5-A0A5-933C673F9ADC}
		{EC5F0385-2D55-49A2-A604-1F345FA6E2AC} = {C75236B8-13E1-4AC5-A0A5-933C673F9ADC}
		{049A99C5-5B45-427A-B038-B00A6B1A9B1E} = {1B6130BD-A54A-48D7-A8BB-D70C4C2BC897}
		{866B9FC1-6A87-440F-8D4D-ECB5909FBACB} = {80CD6A53-23A0-4D15-BFFD-F89112278B39}
		{58CF43AE-D109-4F88-9D38-C809B9E9D9FD} = {80CD6A53-23A0-4D15-BFFD-F89112278B39}
		{3348F473-0C61-4505-813E-704C0EB126E7} = {80CD6A53-23A0-4D15-BFFD-F89112278B39}
		{99FEB9F5-021C-4F3B-A808-02F3986AE015} = {26C760CB-3ABE-4D65-90A2-88787D4E9D30}
		{071E7FE5-18FD-4271-A7C1-5543CCD8FA10} = {26C760CB-3ABE-4D65-90A2-88787D4E9D30}
		{F9380E56-9EAB-4813-A081-73BDA5787CD2} = {F2675503-C397-421D-AE1B-726D526820FF}
		{2AAD896D-5B88-45AB-B841-FD1C35E309B0} = {F2675503-C397-421D-AE1B-726D526820FF}
		{30BDD6A2-74AF-4A5F-AF0A-29DC4203CBB2} = {038D3F65-0B31-43DD-BC48-C8D04E13F6B6}
		{4224514A-A770-42D5-883F-60F8D02E0903} = {038D3F65-0B31-43DD-BC48-C8D04E13F6B6}
		{28CCE880-8218-456D-A24F-9CAF413D68B7} = {038D3F65-0B31-43DD-BC48-C8D04E13F6B6}
	EndGlobalSection
EndGlobal
