
Microsoft Visual Studio Solution File, Format Version 11.00
# Visual Studio 2010
Project("{FAE04EC0-301F-11D3-BF4B-00C04F79EFBC}") = "Listing_01", "Listing_01\Listing_01.csproj", "{87093F43-E3E7-4607-BBF9-068C8007A00F}"
EndProject
Project("{FAE04EC0-301F-11D3-BF4B-00C04F79EFBC}") = "Listing_02", "Listing_02\Listing_02.csproj", "{8BF39F18-847A-4B27-9434-69EB4B21A83F}"
EndProject
Project("{FAE04EC0-301F-11D3-BF4B-00C04F79EFBC}") = "Listing_03", "Listing_03\Listing_03.csproj", "{C0DE798F-890C-4EAB-BC2E-BBF84FEC07E7}"
EndProject
Project("{FAE04EC0-301F-11D3-BF4B-00C04F79EFBC}") = "Listing_04", "Listing_04\Listing_04.csproj", "{BDC248C2-6810-45C8-92A0-9303F6922E0C}"
EndProject
Project("{FAE04EC0-301F-11D3-BF4B-00C04F79EFBC}") = "Listing_05", "Listing_05\Listing_05.csproj", "{6D753E14-A19D-4853-9138-877BF515593C}"
EndProject
Project("{FAE04EC0-301F-11D3-BF4B-00C04F79EFBC}") = "Listing_06", "Listing_06\Listing_06.csproj", "{AF284E2D-E3B7-4519-9FEB-DD5EC8A00AC2}"
EndProject
Project("{FAE04EC0-301F-11D3-BF4B-00C04F79EFBC}") = "Listing_07", "Listing_07\Listing_07.csproj", "{BD23D664-E58F-4ADA-BFFD-A869A85C98F7}"
EndProject
Project("{FAE04EC0-301F-11D3-BF4B-00C04F79EFBC}") = "Listing_08", "Listing_08\Listing_08.csproj", "{291A8707-EAED-4072-A7FB-569956E4F0F8}"
EndProject
Project("{FAE04EC0-301F-11D3-BF4B-00C04F79EFBC}") = "Listing_09", "Listing_09\Listing_09.csproj", "{1AEBC95A-C385-4EF4-BA47-069DD36CE064}"
EndProject
Project("{FAE04EC0-301F-11D3-BF4B-00C04F79EFBC}") = "Listing_10", "Listing_10\Listing_10.csproj", "{3D68AB06-C21E-4689-9526-4B4FD4AB44ED}"
EndProject
Project("{FAE04EC0-301F-11D3-BF4B-00C04F79EFBC}") = "Listing_11", "Listing_11\Listing_11.csproj", "{45C7B836-B3A8-4587-B67B-2307810D76C1}"
EndProject
Project("{FAE04EC0-301F-11D3-BF4B-00C04F79EFBC}") = "Listing_12", "Listing_12\Listing_12.csproj", "{80847AD0-9880-4771-8D8A-CF5A5E7CFCB4}"
EndProject
Project("{FAE04EC0-301F-11D3-BF4B-00C04F79EFBC}") = "Listing_13", "Listing_13\Listing_13.csproj", "{1C82114D-DA30-4177-B320-A0BB13C613D6}"
EndProject
Project("{FAE04EC0-301F-11D3-BF4B-00C04F79EFBC}") = "Listing_14", "Listing_14\Listing_14.csproj", "{AC1CBFB4-9FB0-4550-8EF5-8332E2F0C4C8}"
EndProject
Project("{FAE04EC0-301F-11D3-BF4B-00C04F79EFBC}") = "Listing_15", "Listing_15\Listing_15.csproj", "{A69FF41E-A7F9-4F6B-8011-10EABED221D7}"
EndProject
Project("{FAE04EC0-301F-11D3-BF4B-00C04F79EFBC}") = "Listing_16", "Listing_16\Listing_16.csproj", "{FFA1643F-7B5D-48BE-BF03-E3DEC9B7A539}"
EndProject
Project("{FAE04EC0-301F-11D3-BF4B-00C04F79EFBC}") = "Listing_17", "Listing_17\Listing_17.csproj", "{B36412B5-933A-47D7-9769-F6866A3E65C5}"
EndProject
Project("{FAE04EC0-301F-11D3-BF4B-00C04F79EFBC}") = "Listing_18", "Listing_18\Listing_18.csproj", "{2CEFBE21-E3C9-4D88-818B-6C616503B5BD}"
EndProject
Project("{FAE04EC0-301F-11D3-BF4B-00C04F79EFBC}") = "Listing_19", "Listing_19\Listing_19.csproj", "{90ADA4D7-BCB8-4019-A8A6-5F057C4EC801}"
EndProject
Project("{FAE04EC0-301F-11D3-BF4B-00C04F79EFBC}") = "Listing_20", "Listing_20\Listing_20.csproj", "{B913FFCE-511A-44F2-8741-C8217A05EF08}"
EndProject
Project("{FAE04EC0-301F-11D3-BF4B-00C04F79EFBC}") = "Listing_21", "Listing_21\Listing_21.csproj", "{069F7152-B7D0-4613-96F4-FFA0D1480F53}"
EndProject
Project("{FAE04EC0-301F-11D3-BF4B-00C04F79EFBC}") = "Listing_22", "Listing_22\Listing_22.csproj", "{E08F1A25-EAD1-4861-B020-13B27D5A4633}"
EndProject
Project("{FAE04EC0-301F-11D3-BF4B-00C04F79EFBC}") = "Listing_23", "Listing_23\Listing_23.csproj", "{0FAAD94C-2946-4A2C-B2B4-B0A61BD69AB9}"
EndProject
Project("{FAE04EC0-301F-11D3-BF4B-00C04F79EFBC}") = "Listing_24", "Listing_24\Listing_24.csproj", "{9A3FD110-D0C4-4384-BBD5-A3685735DBB1}"
EndProject
Project("{FAE04EC0-301F-11D3-BF4B-00C04F79EFBC}") = "Listing_25", "Listing_25\Listing_25.csproj", "{4B830590-FC53-4DBB-8A74-4534D05D82A8}"
EndProject
Project("{FAE04EC0-301F-11D3-BF4B-00C04F79EFBC}") = "Listing_26", "Listing_26\Listing_26.csproj", "{230DADCA-5D61-430E-8B35-3ED0DF75C13B}"
EndProject
Project("{FAE04EC0-301F-11D3-BF4B-00C04F79EFBC}") = "Listing_27", "Listing_27\Listing_27.csproj", "{6F551B4E-AD98-4BDD-93C1-F6468B9C178F}"
EndProject
Project("{FAE04EC0-301F-11D3-BF4B-00C04F79EFBC}") = "Listing_28", "Listing_28\Listing_28.csproj", "{4AEF00EB-161E-4106-B5B8-523F845C2D26}"
EndProject
Project("{FAE04EC0-301F-11D3-BF4B-00C04F79EFBC}") = "Listing_29", "Listing_29\Listing_29.csproj", "{7694F5D6-CCE7-4213-954A-D94BEE05AFE6}"
EndProject
Project("{FAE04EC0-301F-11D3-BF4B-00C04F79EFBC}") = "Listing_30", "Listing_30\Listing_30.csproj", "{3B88A0F8-C9C7-47CC-8548-459B562380DF}"
EndProject
Project("{FAE04EC0-301F-11D3-BF4B-00C04F79EFBC}") = "Listing_31", "Listing_31\Listing_31.csproj", "{48B2CFA2-E6CB-4F10-84CF-E533219EAB1E}"
EndProject
Project("{FAE04EC0-301F-11D3-BF4B-00C04F79EFBC}") = "Listing_32", "Listing_32\Listing_32.csproj", "{0C710623-7467-41EC-B277-256E9BA7EC73}"
EndProject
Project("{FAE04EC0-301F-11D3-BF4B-00C04F79EFBC}") = "Listing_33", "Listing_33\Listing_33.csproj", "{1D8128E0-7ADC-4EE4-9A55-A152A899D5C3}"
EndProject
Project("{FAE04EC0-301F-11D3-BF4B-00C04F79EFBC}") = "Listing_34", "Listing_34\Listing_34.csproj", "{7C8A92D9-60F4-46F0-955E-17A1262C0A0D}"
EndProject
Project("{FAE04EC0-301F-11D3-BF4B-00C04F79EFBC}") = "Listing_35", "Listing_35\Listing_35.csproj", "{22916B2B-49FE-4216-9577-25E1B0F783D7}"
EndProject
Project("{FAE04EC0-301F-11D3-BF4B-00C04F79EFBC}") = "Listing_36", "Listing_36\Listing_36.csproj", "{34446F63-090D-4227-BBAF-6A0D36287B7D}"
EndProject
Global
	GlobalSection(SolutionConfigurationPlatforms) = preSolution
		Debug|x86 = Debug|x86
		Release|x86 = Release|x86
	EndGlobalSection
	GlobalSection(ProjectConfigurationPlatforms) = postSolution
		{87093F43-E3E7-4607-BBF9-068C8007A00F}.Debug|x86.ActiveCfg = Debug|x86
		{87093F43-E3E7-4607-BBF9-068C8007A00F}.Debug|x86.Build.0 = Debug|x86
		{87093F43-E3E7-4607-BBF9-068C8007A00F}.Release|x86.ActiveCfg = Release|x86
		{87093F43-E3E7-4607-BBF9-068C8007A00F}.Release|x86.Build.0 = Release|x86
		{8BF39F18-847A-4B27-9434-69EB4B21A83F}.Debug|x86.ActiveCfg = Debug|x86
		{8BF39F18-847A-4B27-9434-69EB4B21A83F}.Debug|x86.Build.0 = Debug|x86
		{8BF39F18-847A-4B27-9434-69EB4B21A83F}.Release|x86.ActiveCfg = Release|x86
		{8BF39F18-847A-4B27-9434-69EB4B21A83F}.Release|x86.Build.0 = Release|x86
		{C0DE798F-890C-4EAB-BC2E-BBF84FEC07E7}.Debug|x86.ActiveCfg = Debug|x86
		{C0DE798F-890C-4EAB-BC2E-BBF84FEC07E7}.Debug|x86.Build.0 = Debug|x86
		{C0DE798F-890C-4EAB-BC2E-BBF84FEC07E7}.Release|x86.ActiveCfg = Release|x86
		{C0DE798F-890C-4EAB-BC2E-BBF84FEC07E7}.Release|x86.Build.0 = Release|x86
		{BDC248C2-6810-45C8-92A0-9303F6922E0C}.Debug|x86.ActiveCfg = Debug|x86
		{BDC248C2-6810-45C8-92A0-9303F6922E0C}.Debug|x86.Build.0 = Debug|x86
		{BDC248C2-6810-45C8-92A0-9303F6922E0C}.Release|x86.ActiveCfg = Release|x86
		{BDC248C2-6810-45C8-92A0-9303F6922E0C}.Release|x86.Build.0 = Release|x86
		{6D753E14-A19D-4853-9138-877BF515593C}.Debug|x86.ActiveCfg = Debug|x86
		{6D753E14-A19D-4853-9138-877BF515593C}.Debug|x86.Build.0 = Debug|x86
		{6D753E14-A19D-4853-9138-877BF515593C}.Release|x86.ActiveCfg = Release|x86
		{6D753E14-A19D-4853-9138-877BF515593C}.Release|x86.Build.0 = Release|x86
		{AF284E2D-E3B7-4519-9FEB-DD5EC8A00AC2}.Debug|x86.ActiveCfg = Debug|x86
		{AF284E2D-E3B7-4519-9FEB-DD5EC8A00AC2}.Debug|x86.Build.0 = Debug|x86
		{AF284E2D-E3B7-4519-9FEB-DD5EC8A00AC2}.Release|x86.ActiveCfg = Release|x86
		{AF284E2D-E3B7-4519-9FEB-DD5EC8A00AC2}.Release|x86.Build.0 = Release|x86
		{BD23D664-E58F-4ADA-BFFD-A869A85C98F7}.Debug|x86.ActiveCfg = Debug|x86
		{BD23D664-E58F-4ADA-BFFD-A869A85C98F7}.Debug|x86.Build.0 = Debug|x86
		{BD23D664-E58F-4ADA-BFFD-A869A85C98F7}.Release|x86.ActiveCfg = Release|x86
		{BD23D664-E58F-4ADA-BFFD-A869A85C98F7}.Release|x86.Build.0 = Release|x86
		{291A8707-EAED-4072-A7FB-569956E4F0F8}.Debug|x86.ActiveCfg = Debug|x86
		{291A8707-EAED-4072-A7FB-569956E4F0F8}.Debug|x86.Build.0 = Debug|x86
		{291A8707-EAED-4072-A7FB-569956E4F0F8}.Release|x86.ActiveCfg = Release|x86
		{291A8707-EAED-4072-A7FB-569956E4F0F8}.Release|x86.Build.0 = Release|x86
		{1AEBC95A-C385-4EF4-BA47-069DD36CE064}.Debug|x86.ActiveCfg = Debug|x86
		{1AEBC95A-C385-4EF4-BA47-069DD36CE064}.Debug|x86.Build.0 = Debug|x86
		{1AEBC95A-C385-4EF4-BA47-069DD36CE064}.Release|x86.ActiveCfg = Release|x86
		{1AEBC95A-C385-4EF4-BA47-069DD36CE064}.Release|x86.Build.0 = Release|x86
		{3D68AB06-C21E-4689-9526-4B4FD4AB44ED}.Debug|x86.ActiveCfg = Debug|x86
		{3D68AB06-C21E-4689-9526-4B4FD4AB44ED}.Debug|x86.Build.0 = Debug|x86
		{3D68AB06-C21E-4689-9526-4B4FD4AB44ED}.Release|x86.ActiveCfg = Release|x86
		{3D68AB06-C21E-4689-9526-4B4FD4AB44ED}.Release|x86.Build.0 = Release|x86
		{45C7B836-B3A8-4587-B67B-2307810D76C1}.Debug|x86.ActiveCfg = Debug|x86
		{45C7B836-B3A8-4587-B67B-2307810D76C1}.Debug|x86.Build.0 = Debug|x86
		{45C7B836-B3A8-4587-B67B-2307810D76C1}.Release|x86.ActiveCfg = Release|x86
		{45C7B836-B3A8-4587-B67B-2307810D76C1}.Release|x86.Build.0 = Release|x86
		{80847AD0-9880-4771-8D8A-CF5A5E7CFCB4}.Debug|x86.ActiveCfg = Debug|x86
		{80847AD0-9880-4771-8D8A-CF5A5E7CFCB4}.Debug|x86.Build.0 = Debug|x86
		{80847AD0-9880-4771-8D8A-CF5A5E7CFCB4}.Release|x86.ActiveCfg = Release|x86
		{80847AD0-9880-4771-8D8A-CF5A5E7CFCB4}.Release|x86.Build.0 = Release|x86
		{1C82114D-DA30-4177-B320-A0BB13C613D6}.Debug|x86.ActiveCfg = Debug|x86
		{1C82114D-DA30-4177-B320-A0BB13C613D6}.Debug|x86.Build.0 = Debug|x86
		{1C82114D-DA30-4177-B320-A0BB13C613D6}.Release|x86.ActiveCfg = Release|x86
		{1C82114D-DA30-4177-B320-A0BB13C613D6}.Release|x86.Build.0 = Release|x86
		{AC1CBFB4-9FB0-4550-8EF5-8332E2F0C4C8}.Debug|x86.ActiveCfg = Debug|x86
		{AC1CBFB4-9FB0-4550-8EF5-8332E2F0C4C8}.Debug|x86.Build.0 = Debug|x86
		{AC1CBFB4-9FB0-4550-8EF5-8332E2F0C4C8}.Release|x86.ActiveCfg = Release|x86
		{AC1CBFB4-9FB0-4550-8EF5-8332E2F0C4C8}.Release|x86.Build.0 = Release|x86
		{A69FF41E-A7F9-4F6B-8011-10EABED221D7}.Debug|x86.ActiveCfg = Debug|x86
		{A69FF41E-A7F9-4F6B-8011-10EABED221D7}.Debug|x86.Build.0 = Debug|x86
		{A69FF41E-A7F9-4F6B-8011-10EABED221D7}.Release|x86.ActiveCfg = Release|x86
		{A69FF41E-A7F9-4F6B-8011-10EABED221D7}.Release|x86.Build.0 = Release|x86
		{FFA1643F-7B5D-48BE-BF03-E3DEC9B7A539}.Debug|x86.ActiveCfg = Debug|x86
		{FFA1643F-7B5D-48BE-BF03-E3DEC9B7A539}.Debug|x86.Build.0 = Debug|x86
		{FFA1643F-7B5D-48BE-BF03-E3DEC9B7A539}.Release|x86.ActiveCfg = Release|x86
		{FFA1643F-7B5D-48BE-BF03-E3DEC9B7A539}.Release|x86.Build.0 = Release|x86
		{B36412B5-933A-47D7-9769-F6866A3E65C5}.Debug|x86.ActiveCfg = Debug|x86
		{B36412B5-933A-47D7-9769-F6866A3E65C5}.Debug|x86.Build.0 = Debug|x86
		{B36412B5-933A-47D7-9769-F6866A3E65C5}.Release|x86.ActiveCfg = Release|x86
		{B36412B5-933A-47D7-9769-F6866A3E65C5}.Release|x86.Build.0 = Release|x86
		{2CEFBE21-E3C9-4D88-818B-6C616503B5BD}.Debug|x86.ActiveCfg = Debug|x86
		{2CEFBE21-E3C9-4D88-818B-6C616503B5BD}.Debug|x86.Build.0 = Debug|x86
		{2CEFBE21-E3C9-4D88-818B-6C616503B5BD}.Release|x86.ActiveCfg = Release|x86
		{2CEFBE21-E3C9-4D88-818B-6C616503B5BD}.Release|x86.Build.0 = Release|x86
		{90ADA4D7-BCB8-4019-A8A6-5F057C4EC801}.Debug|x86.ActiveCfg = Debug|x86
		{90ADA4D7-BCB8-4019-A8A6-5F057C4EC801}.Debug|x86.Build.0 = Debug|x86
		{90ADA4D7-BCB8-4019-A8A6-5F057C4EC801}.Release|x86.ActiveCfg = Release|x86
		{90ADA4D7-BCB8-4019-A8A6-5F057C4EC801}.Release|x86.Build.0 = Release|x86
		{B913FFCE-511A-44F2-8741-C8217A05EF08}.Debug|x86.ActiveCfg = Debug|x86
		{B913FFCE-511A-44F2-8741-C8217A05EF08}.Debug|x86.Build.0 = Debug|x86
		{B913FFCE-511A-44F2-8741-C8217A05EF08}.Release|x86.ActiveCfg = Release|x86
		{B913FFCE-511A-44F2-8741-C8217A05EF08}.Release|x86.Build.0 = Release|x86
		{069F7152-B7D0-4613-96F4-FFA0D1480F53}.Debug|x86.ActiveCfg = Debug|x86
		{069F7152-B7D0-4613-96F4-FFA0D1480F53}.Debug|x86.Build.0 = Debug|x86
		{069F7152-B7D0-4613-96F4-FFA0D1480F53}.Release|x86.ActiveCfg = Release|x86
		{069F7152-B7D0-4613-96F4-FFA0D1480F53}.Release|x86.Build.0 = Release|x86
		{E08F1A25-EAD1-4861-B020-13B27D5A4633}.Debug|x86.ActiveCfg = Debug|x86
		{E08F1A25-EAD1-4861-B020-13B27D5A4633}.Debug|x86.Build.0 = Debug|x86
		{E08F1A25-EAD1-4861-B020-13B27D5A4633}.Release|x86.ActiveCfg = Release|x86
		{E08F1A25-EAD1-4861-B020-13B27D5A4633}.Release|x86.Build.0 = Release|x86
		{0FAAD94C-2946-4A2C-B2B4-B0A61BD69AB9}.Debug|x86.ActiveCfg = Debug|x86
		{0FAAD94C-2946-4A2C-B2B4-B0A61BD69AB9}.Debug|x86.Build.0 = Debug|x86
		{0FAAD94C-2946-4A2C-B2B4-B0A61BD69AB9}.Release|x86.ActiveCfg = Release|x86
		{0FAAD94C-2946-4A2C-B2B4-B0A61BD69AB9}.Release|x86.Build.0 = Release|x86
		{9A3FD110-D0C4-4384-BBD5-A3685735DBB1}.Debug|x86.ActiveCfg = Debug|x86
		{9A3FD110-D0C4-4384-BBD5-A3685735DBB1}.Debug|x86.Build.0 = Debug|x86
		{9A3FD110-D0C4-4384-BBD5-A3685735DBB1}.Release|x86.ActiveCfg = Release|x86
		{9A3FD110-D0C4-4384-BBD5-A3685735DBB1}.Release|x86.Build.0 = Release|x86
		{4B830590-FC53-4DBB-8A74-4534D05D82A8}.Debug|x86.ActiveCfg = Debug|x86
		{4B830590-FC53-4DBB-8A74-4534D05D82A8}.Debug|x86.Build.0 = Debug|x86
		{4B830590-FC53-4DBB-8A74-4534D05D82A8}.Release|x86.ActiveCfg = Release|x86
		{4B830590-FC53-4DBB-8A74-4534D05D82A8}.Release|x86.Build.0 = Release|x86
		{230DADCA-5D61-430E-8B35-3ED0DF75C13B}.Debug|x86.ActiveCfg = Debug|x86
		{230DADCA-5D61-430E-8B35-3ED0DF75C13B}.Debug|x86.Build.0 = Debug|x86
		{230DADCA-5D61-430E-8B35-3ED0DF75C13B}.Release|x86.ActiveCfg = Release|x86
		{230DADCA-5D61-430E-8B35-3ED0DF75C13B}.Release|x86.Build.0 = Release|x86
		{6F551B4E-AD98-4BDD-93C1-F6468B9C178F}.Debug|x86.ActiveCfg = Debug|x86
		{6F551B4E-AD98-4BDD-93C1-F6468B9C178F}.Debug|x86.Build.0 = Debug|x86
		{6F551B4E-AD98-4BDD-93C1-F6468B9C178F}.Release|x86.ActiveCfg = Release|x86
		{6F551B4E-AD98-4BDD-93C1-F6468B9C178F}.Release|x86.Build.0 = Release|x86
		{4AEF00EB-161E-4106-B5B8-523F845C2D26}.Debug|x86.ActiveCfg = Debug|x86
		{4AEF00EB-161E-4106-B5B8-523F845C2D26}.Debug|x86.Build.0 = Debug|x86
		{4AEF00EB-161E-4106-B5B8-523F845C2D26}.Release|x86.ActiveCfg = Release|x86
		{4AEF00EB-161E-4106-B5B8-523F845C2D26}.Release|x86.Build.0 = Release|x86
		{7694F5D6-CCE7-4213-954A-D94BEE05AFE6}.Debug|x86.ActiveCfg = Debug|x86
		{7694F5D6-CCE7-4213-954A-D94BEE05AFE6}.Debug|x86.Build.0 = Debug|x86
		{7694F5D6-CCE7-4213-954A-D94BEE05AFE6}.Release|x86.ActiveCfg = Release|x86
		{7694F5D6-CCE7-4213-954A-D94BEE05AFE6}.Release|x86.Build.0 = Release|x86
		{3B88A0F8-C9C7-47CC-8548-459B562380DF}.Debug|x86.ActiveCfg = Debug|x86
		{3B88A0F8-C9C7-47CC-8548-459B562380DF}.Debug|x86.Build.0 = Debug|x86
		{3B88A0F8-C9C7-47CC-8548-459B562380DF}.Release|x86.ActiveCfg = Release|x86
		{3B88A0F8-C9C7-47CC-8548-459B562380DF}.Release|x86.Build.0 = Release|x86
		{48B2CFA2-E6CB-4F10-84CF-E533219EAB1E}.Debug|x86.ActiveCfg = Debug|x86
		{48B2CFA2-E6CB-4F10-84CF-E533219EAB1E}.Debug|x86.Build.0 = Debug|x86
		{48B2CFA2-E6CB-4F10-84CF-E533219EAB1E}.Release|x86.ActiveCfg = Release|x86
		{48B2CFA2-E6CB-4F10-84CF-E533219EAB1E}.Release|x86.Build.0 = Release|x86
		{0C710623-7467-41EC-B277-256E9BA7EC73}.Debug|x86.ActiveCfg = Debug|x86
		{0C710623-7467-41EC-B277-256E9BA7EC73}.Debug|x86.Build.0 = Debug|x86
		{0C710623-7467-41EC-B277-256E9BA7EC73}.Release|x86.ActiveCfg = Release|x86
		{0C710623-7467-41EC-B277-256E9BA7EC73}.Release|x86.Build.0 = Release|x86
		{1D8128E0-7ADC-4EE4-9A55-A152A899D5C3}.Debug|x86.ActiveCfg = Debug|x86
		{1D8128E0-7ADC-4EE4-9A55-A152A899D5C3}.Debug|x86.Build.0 = Debug|x86
		{1D8128E0-7ADC-4EE4-9A55-A152A899D5C3}.Release|x86.ActiveCfg = Release|x86
		{1D8128E0-7ADC-4EE4-9A55-A152A899D5C3}.Release|x86.Build.0 = Release|x86
		{7C8A92D9-60F4-46F0-955E-17A1262C0A0D}.Debug|x86.ActiveCfg = Debug|x86
		{7C8A92D9-60F4-46F0-955E-17A1262C0A0D}.Debug|x86.Build.0 = Debug|x86
		{7C8A92D9-60F4-46F0-955E-17A1262C0A0D}.Release|x86.ActiveCfg = Release|x86
		{7C8A92D9-60F4-46F0-955E-17A1262C0A0D}.Release|x86.Build.0 = Release|x86
		{22916B2B-49FE-4216-9577-25E1B0F783D7}.Debug|x86.ActiveCfg = Debug|x86
		{22916B2B-49FE-4216-9577-25E1B0F783D7}.Debug|x86.Build.0 = Debug|x86
		{22916B2B-49FE-4216-9577-25E1B0F783D7}.Release|x86.ActiveCfg = Release|x86
		{22916B2B-49FE-4216-9577-25E1B0F783D7}.Release|x86.Build.0 = Release|x86
		{34446F63-090D-4227-BBAF-6A0D36287B7D}.Debug|x86.ActiveCfg = Debug|x86
		{34446F63-090D-4227-BBAF-6A0D36287B7D}.Debug|x86.Build.0 = Debug|x86
		{34446F63-090D-4227-BBAF-6A0D36287B7D}.Release|x86.ActiveCfg = Release|x86
		{34446F63-090D-4227-BBAF-6A0D36287B7D}.Release|x86.Build.0 = Release|x86
	EndGlobalSection
	GlobalSection(SolutionProperties) = preSolution
		HideSolutionNode = FALSE
	EndGlobalSection
EndGlobal
