
Microsoft Visual Studio Solution File, Format Version 11.00
# Visual Studio 2010
Project("{FAE04EC0-301F-11D3-BF4B-00C04F79EFBC}") = "Listing_01", "Listing_01\Listing_01.csproj", "{1E40C994-964E-4664-A061-7D87F3C7EEEB}"
EndProject
Project("{FAE04EC0-301F-11D3-BF4B-00C04F79EFBC}") = "Listing_02", "Listing_02\Listing_02.csproj", "{3E0002C5-5AA3-4E41-8FA5-2118CEB28948}"
EndProject
Project("{FAE04EC0-301F-11D3-BF4B-00C04F79EFBC}") = "Listing_03", "Listing_03\Listing_03.csproj", "{77BBA03E-7CDF-44DD-AB69-AED41266DE9A}"
EndProject
Project("{FAE04EC0-301F-11D3-BF4B-00C04F79EFBC}") = "Listing_04", "Listing_04\Listing_04.csproj", "{6BCC5A68-FB0D-4278-948F-DFB7359015BC}"
EndProject
Project("{FAE04EC0-301F-11D3-BF4B-00C04F79EFBC}") = "Listing_05", "Listing_05\Listing_05.csproj", "{6E3A4C48-39E1-4190-B8AF-2DAA52379D25}"
EndProject
Project("{FAE04EC0-301F-11D3-BF4B-00C04F79EFBC}") = "Listing_06", "Listing_06\Listing_06.csproj", "{C9596A02-341F-4E8E-B41A-50EFE9B2149F}"
EndProject
Project("{FAE04EC0-301F-11D3-BF4B-00C04F79EFBC}") = "Listing_07", "Listing_07\Listing_07.csproj", "{F2583EE9-6B39-4675-9EEF-8CB321621B2A}"
EndProject
Project("{FAE04EC0-301F-11D3-BF4B-00C04F79EFBC}") = "Listing_08", "Listing_08\Listing_08.csproj", "{353C24D7-E9EE-4C6D-9BBF-E590F9929BD5}"
EndProject
Project("{FAE04EC0-301F-11D3-BF4B-00C04F79EFBC}") = "Listing_09", "Listing_09\Listing_09.csproj", "{996F33CF-201E-41CA-A129-B0116FB60D52}"
EndProject
Project("{FAE04EC0-301F-11D3-BF4B-00C04F79EFBC}") = "Listing_10", "Listing_10\Listing_10.csproj", "{27568275-20DD-4023-A067-90563A27B982}"
EndProject
Project("{FAE04EC0-301F-11D3-BF4B-00C04F79EFBC}") = "Listing_11", "Listing_11\Listing_11.csproj", "{E4C33065-8454-4F04-876C-720D0D7325A8}"
EndProject
Project("{FAE04EC0-301F-11D3-BF4B-00C04F79EFBC}") = "Listing_12", "Listing_12\Listing_12.csproj", "{EDE98820-DF73-4E95-8EF9-9C9FAB1D42C5}"
EndProject
Project("{FAE04EC0-301F-11D3-BF4B-00C04F79EFBC}") = "Listing_13", "Listing_13\Listing_13.csproj", "{C63878C0-51E1-42EA-906E-5E764878A5DF}"
EndProject
Project("{FAE04EC0-301F-11D3-BF4B-00C04F79EFBC}") = "Listing_14", "Listing_14\Listing_14.csproj", "{752123C4-E0B8-415B-A0C0-514885C18164}"
EndProject
Project("{FAE04EC0-301F-11D3-BF4B-00C04F79EFBC}") = "Listing_15", "Listing_15\Listing_15.csproj", "{561EE720-9A4A-4218-8CF7-A550FD0635B5}"
EndProject
Project("{FAE04EC0-301F-11D3-BF4B-00C04F79EFBC}") = "Listing_16", "Listing_16\Listing_16.csproj", "{DD06C185-4CAC-4E51-8AC9-A90871F0CC1B}"
EndProject
Project("{FAE04EC0-301F-11D3-BF4B-00C04F79EFBC}") = "Listing_17", "Listing_17\Listing_17.csproj", "{6A22F286-B0D5-47F9-891C-50709B432736}"
EndProject
Project("{FAE04EC0-301F-11D3-BF4B-00C04F79EFBC}") = "Listing_18", "Listing_18\Listing_18.csproj", "{35433520-9A40-4B18-BBBA-E42127E3E844}"
EndProject
Project("{FAE04EC0-301F-11D3-BF4B-00C04F79EFBC}") = "Listing_19", "Listing_19\Listing_19.csproj", "{BC697FD8-C210-4630-B5D2-E24828503530}"
EndProject
Project("{FAE04EC0-301F-11D3-BF4B-00C04F79EFBC}") = "Listing_20", "Listing_20\Listing_20.csproj", "{E34E93CE-200F-4F6F-96CE-80EA8593C8E3}"
EndProject
Project("{FAE04EC0-301F-11D3-BF4B-00C04F79EFBC}") = "Listing_21", "Listing_21\Listing_21.csproj", "{FE5EE8FA-24F7-417D-8C0F-B4DEA632E7BD}"
EndProject
Project("{FAE04EC0-301F-11D3-BF4B-00C04F79EFBC}") = "Listing_22", "Listing_22\Listing_22.csproj", "{D5F13C4C-39F4-4778-8847-1E11E39A6240}"
EndProject
Project("{FAE04EC0-301F-11D3-BF4B-00C04F79EFBC}") = "Listing_23", "Listing_23\Listing_23.csproj", "{53D3514B-E8AB-43D8-A56D-F99E2A6F9EF0}"
EndProject
Project("{FAE04EC0-301F-11D3-BF4B-00C04F79EFBC}") = "Listing_24", "Listing_24\Listing_24.csproj", "{3A1181AF-57B4-43C9-829E-19526232CB06}"
EndProject
Project("{FAE04EC0-301F-11D3-BF4B-00C04F79EFBC}") = "Listing_25", "Listing_25\Listing_25.csproj", "{8FEE06DB-8399-406D-9D30-536D8178AD69}"
EndProject
Project("{FAE04EC0-301F-11D3-BF4B-00C04F79EFBC}") = "Listing_26", "Listing_26\Listing_26.csproj", "{317525A8-3A25-47FA-B376-9E4F564B566B}"
EndProject
Project("{FAE04EC0-301F-11D3-BF4B-00C04F79EFBC}") = "Listing_28", "Listing_28\Listing_28.csproj", "{14A716BF-C128-47F3-8600-61AFD0376DF1}"
EndProject
Project("{FAE04EC0-301F-11D3-BF4B-00C04F79EFBC}") = "Listing_27", "Listing_27\Listing_27.csproj", "{54FB199C-E661-4FFE-9748-C34855789C1F}"
EndProject
Project("{FAE04EC0-301F-11D3-BF4B-00C04F79EFBC}") = "Listing_29", "Listing_29\Listing_29.csproj", "{89BF07E6-F488-4E74-91EB-B93979FDB6FE}"
EndProject
Project("{FAE04EC0-301F-11D3-BF4B-00C04F79EFBC}") = "Listing_30", "Listing_30\Listing_30.csproj", "{92FE186F-D79B-4E30-A3D7-46EB1FADBE04}"
EndProject
Project("{FAE04EC0-301F-11D3-BF4B-00C04F79EFBC}") = "Listing_31", "Listing_31\Listing_31.csproj", "{D1A6F3ED-763D-45A2-801D-9A3A438080ED}"
EndProject
Project("{FAE04EC0-301F-11D3-BF4B-00C04F79EFBC}") = "Listing_32", "Listing_32\Listing_32.csproj", "{73BB786B-EAF9-400D-99DB-570D915985F7}"
EndProject
Project("{FAE04EC0-301F-11D3-BF4B-00C04F79EFBC}") = "Listing_33", "Listing_33\Listing_33.csproj", "{BCB3A13B-CC5E-4313-A9FB-59AF18A20F7F}"
EndProject
Project("{FAE04EC0-301F-11D3-BF4B-00C04F79EFBC}") = "Listing_34", "Listing_34\Listing_34.csproj", "{827BAD6E-8CFF-4D1C-974B-9503B0082882}"
EndProject
Project("{FAE04EC0-301F-11D3-BF4B-00C04F79EFBC}") = "Listing_35", "Listing_35\Listing_35.csproj", "{8048205C-9524-4F78-A6FE-B4D9D5A5B970}"
EndProject
Project("{FAE04EC0-301F-11D3-BF4B-00C04F79EFBC}") = "Listing_36", "Listing_36\Listing_36.csproj", "{32EFAF26-2CFF-48B7-B9E6-3A9B2FB00F79}"
EndProject
Global
	GlobalSection(SolutionConfigurationPlatforms) = preSolution
		Debug|x86 = Debug|x86
		Release|x86 = Release|x86
	EndGlobalSection
	GlobalSection(ProjectConfigurationPlatforms) = postSolution
		{1E40C994-964E-4664-A061-7D87F3C7EEEB}.Debug|x86.ActiveCfg = Debug|x86
		{1E40C994-964E-4664-A061-7D87F3C7EEEB}.Debug|x86.Build.0 = Debug|x86
		{1E40C994-964E-4664-A061-7D87F3C7EEEB}.Release|x86.ActiveCfg = Release|x86
		{1E40C994-964E-4664-A061-7D87F3C7EEEB}.Release|x86.Build.0 = Release|x86
		{3E0002C5-5AA3-4E41-8FA5-2118CEB28948}.Debug|x86.ActiveCfg = Debug|x86
		{3E0002C5-5AA3-4E41-8FA5-2118CEB28948}.Debug|x86.Build.0 = Debug|x86
		{3E0002C5-5AA3-4E41-8FA5-2118CEB28948}.Release|x86.ActiveCfg = Release|x86
		{3E0002C5-5AA3-4E41-8FA5-2118CEB28948}.Release|x86.Build.0 = Release|x86
		{77BBA03E-7CDF-44DD-AB69-AED41266DE9A}.Debug|x86.ActiveCfg = Debug|x86
		{77BBA03E-7CDF-44DD-AB69-AED41266DE9A}.Debug|x86.Build.0 = Debug|x86
		{77BBA03E-7CDF-44DD-AB69-AED41266DE9A}.Release|x86.ActiveCfg = Release|x86
		{77BBA03E-7CDF-44DD-AB69-AED41266DE9A}.Release|x86.Build.0 = Release|x86
		{6BCC5A68-FB0D-4278-948F-DFB7359015BC}.Debug|x86.ActiveCfg = Debug|x86
		{6BCC5A68-FB0D-4278-948F-DFB7359015BC}.Debug|x86.Build.0 = Debug|x86
		{6BCC5A68-FB0D-4278-948F-DFB7359015BC}.Release|x86.ActiveCfg = Release|x86
		{6BCC5A68-FB0D-4278-948F-DFB7359015BC}.Release|x86.Build.0 = Release|x86
		{6E3A4C48-39E1-4190-B8AF-2DAA52379D25}.Debug|x86.ActiveCfg = Debug|x86
		{6E3A4C48-39E1-4190-B8AF-2DAA52379D25}.Debug|x86.Build.0 = Debug|x86
		{6E3A4C48-39E1-4190-B8AF-2DAA52379D25}.Release|x86.ActiveCfg = Release|x86
		{6E3A4C48-39E1-4190-B8AF-2DAA52379D25}.Release|x86.Build.0 = Release|x86
		{C9596A02-341F-4E8E-B41A-50EFE9B2149F}.Debug|x86.ActiveCfg = Debug|x86
		{C9596A02-341F-4E8E-B41A-50EFE9B2149F}.Debug|x86.Build.0 = Debug|x86
		{C9596A02-341F-4E8E-B41A-50EFE9B2149F}.Release|x86.ActiveCfg = Release|x86
		{C9596A02-341F-4E8E-B41A-50EFE9B2149F}.Release|x86.Build.0 = Release|x86
		{F2583EE9-6B39-4675-9EEF-8CB321621B2A}.Debug|x86.ActiveCfg = Debug|x86
		{F2583EE9-6B39-4675-9EEF-8CB321621B2A}.Debug|x86.Build.0 = Debug|x86
		{F2583EE9-6B39-4675-9EEF-8CB321621B2A}.Release|x86.ActiveCfg = Release|x86
		{F2583EE9-6B39-4675-9EEF-8CB321621B2A}.Release|x86.Build.0 = Release|x86
		{353C24D7-E9EE-4C6D-9BBF-E590F9929BD5}.Debug|x86.ActiveCfg = Debug|x86
		{353C24D7-E9EE-4C6D-9BBF-E590F9929BD5}.Debug|x86.Build.0 = Debug|x86
		{353C24D7-E9EE-4C6D-9BBF-E590F9929BD5}.Release|x86.ActiveCfg = Release|x86
		{353C24D7-E9EE-4C6D-9BBF-E590F9929BD5}.Release|x86.Build.0 = Release|x86
		{996F33CF-201E-41CA-A129-B0116FB60D52}.Debug|x86.ActiveCfg = Debug|x86
		{996F33CF-201E-41CA-A129-B0116FB60D52}.Debug|x86.Build.0 = Debug|x86
		{996F33CF-201E-41CA-A129-B0116FB60D52}.Release|x86.ActiveCfg = Release|x86
		{996F33CF-201E-41CA-A129-B0116FB60D52}.Release|x86.Build.0 = Release|x86
		{27568275-20DD-4023-A067-90563A27B982}.Debug|x86.ActiveCfg = Debug|x86
		{27568275-20DD-4023-A067-90563A27B982}.Debug|x86.Build.0 = Debug|x86
		{27568275-20DD-4023-A067-90563A27B982}.Release|x86.ActiveCfg = Release|x86
		{27568275-20DD-4023-A067-90563A27B982}.Release|x86.Build.0 = Release|x86
		{E4C33065-8454-4F04-876C-720D0D7325A8}.Debug|x86.ActiveCfg = Debug|x86
		{E4C33065-8454-4F04-876C-720D0D7325A8}.Debug|x86.Build.0 = Debug|x86
		{E4C33065-8454-4F04-876C-720D0D7325A8}.Release|x86.ActiveCfg = Release|x86
		{E4C33065-8454-4F04-876C-720D0D7325A8}.Release|x86.Build.0 = Release|x86
		{EDE98820-DF73-4E95-8EF9-9C9FAB1D42C5}.Debug|x86.ActiveCfg = Debug|x86
		{EDE98820-DF73-4E95-8EF9-9C9FAB1D42C5}.Debug|x86.Build.0 = Debug|x86
		{EDE98820-DF73-4E95-8EF9-9C9FAB1D42C5}.Release|x86.ActiveCfg = Release|x86
		{EDE98820-DF73-4E95-8EF9-9C9FAB1D42C5}.Release|x86.Build.0 = Release|x86
		{C63878C0-51E1-42EA-906E-5E764878A5DF}.Debug|x86.ActiveCfg = Debug|x86
		{C63878C0-51E1-42EA-906E-5E764878A5DF}.Debug|x86.Build.0 = Debug|x86
		{C63878C0-51E1-42EA-906E-5E764878A5DF}.Release|x86.ActiveCfg = Release|x86
		{C63878C0-51E1-42EA-906E-5E764878A5DF}.Release|x86.Build.0 = Release|x86
		{752123C4-E0B8-415B-A0C0-514885C18164}.Debug|x86.ActiveCfg = Debug|x86
		{752123C4-E0B8-415B-A0C0-514885C18164}.Debug|x86.Build.0 = Debug|x86
		{752123C4-E0B8-415B-A0C0-514885C18164}.Release|x86.ActiveCfg = Release|x86
		{752123C4-E0B8-415B-A0C0-514885C18164}.Release|x86.Build.0 = Release|x86
		{561EE720-9A4A-4218-8CF7-A550FD0635B5}.Debug|x86.ActiveCfg = Debug|x86
		{561EE720-9A4A-4218-8CF7-A550FD0635B5}.Debug|x86.Build.0 = Debug|x86
		{561EE720-9A4A-4218-8CF7-A550FD0635B5}.Release|x86.ActiveCfg = Release|x86
		{561EE720-9A4A-4218-8CF7-A550FD0635B5}.Release|x86.Build.0 = Release|x86
		{DD06C185-4CAC-4E51-8AC9-A90871F0CC1B}.Debug|x86.ActiveCfg = Debug|x86
		{DD06C185-4CAC-4E51-8AC9-A90871F0CC1B}.Debug|x86.Build.0 = Debug|x86
		{DD06C185-4CAC-4E51-8AC9-A90871F0CC1B}.Release|x86.ActiveCfg = Release|x86
		{DD06C185-4CAC-4E51-8AC9-A90871F0CC1B}.Release|x86.Build.0 = Release|x86
		{6A22F286-B0D5-47F9-891C-50709B432736}.Debug|x86.ActiveCfg = Debug|x86
		{6A22F286-B0D5-47F9-891C-50709B432736}.Debug|x86.Build.0 = Debug|x86
		{6A22F286-B0D5-47F9-891C-50709B432736}.Release|x86.ActiveCfg = Release|x86
		{6A22F286-B0D5-47F9-891C-50709B432736}.Release|x86.Build.0 = Release|x86
		{35433520-9A40-4B18-BBBA-E42127E3E844}.Debug|x86.ActiveCfg = Debug|x86
		{35433520-9A40-4B18-BBBA-E42127E3E844}.Debug|x86.Build.0 = Debug|x86
		{35433520-9A40-4B18-BBBA-E42127E3E844}.Release|x86.ActiveCfg = Release|x86
		{35433520-9A40-4B18-BBBA-E42127E3E844}.Release|x86.Build.0 = Release|x86
		{BC697FD8-C210-4630-B5D2-E24828503530}.Debug|x86.ActiveCfg = Debug|x86
		{BC697FD8-C210-4630-B5D2-E24828503530}.Debug|x86.Build.0 = Debug|x86
		{BC697FD8-C210-4630-B5D2-E24828503530}.Release|x86.ActiveCfg = Release|x86
		{BC697FD8-C210-4630-B5D2-E24828503530}.Release|x86.Build.0 = Release|x86
		{E34E93CE-200F-4F6F-96CE-80EA8593C8E3}.Debug|x86.ActiveCfg = Debug|x86
		{E34E93CE-200F-4F6F-96CE-80EA8593C8E3}.Debug|x86.Build.0 = Debug|x86
		{E34E93CE-200F-4F6F-96CE-80EA8593C8E3}.Release|x86.ActiveCfg = Release|x86
		{E34E93CE-200F-4F6F-96CE-80EA8593C8E3}.Release|x86.Build.0 = Release|x86
		{FE5EE8FA-24F7-417D-8C0F-B4DEA632E7BD}.Debug|x86.ActiveCfg = Debug|x86
		{FE5EE8FA-24F7-417D-8C0F-B4DEA632E7BD}.Debug|x86.Build.0 = Debug|x86
		{FE5EE8FA-24F7-417D-8C0F-B4DEA632E7BD}.Release|x86.ActiveCfg = Release|x86
		{FE5EE8FA-24F7-417D-8C0F-B4DEA632E7BD}.Release|x86.Build.0 = Release|x86
		{D5F13C4C-39F4-4778-8847-1E11E39A6240}.Debug|x86.ActiveCfg = Debug|x86
		{D5F13C4C-39F4-4778-8847-1E11E39A6240}.Debug|x86.Build.0 = Debug|x86
		{D5F13C4C-39F4-4778-8847-1E11E39A6240}.Release|x86.ActiveCfg = Release|x86
		{D5F13C4C-39F4-4778-8847-1E11E39A6240}.Release|x86.Build.0 = Release|x86
		{53D3514B-E8AB-43D8-A56D-F99E2A6F9EF0}.Debug|x86.ActiveCfg = Debug|x86
		{53D3514B-E8AB-43D8-A56D-F99E2A6F9EF0}.Debug|x86.Build.0 = Debug|x86
		{53D3514B-E8AB-43D8-A56D-F99E2A6F9EF0}.Release|x86.ActiveCfg = Release|x86
		{53D3514B-E8AB-43D8-A56D-F99E2A6F9EF0}.Release|x86.Build.0 = Release|x86
		{3A1181AF-57B4-43C9-829E-19526232CB06}.Debug|x86.ActiveCfg = Debug|x86
		{3A1181AF-57B4-43C9-829E-19526232CB06}.Debug|x86.Build.0 = Debug|x86
		{3A1181AF-57B4-43C9-829E-19526232CB06}.Release|x86.ActiveCfg = Release|x86
		{3A1181AF-57B4-43C9-829E-19526232CB06}.Release|x86.Build.0 = Release|x86
		{8FEE06DB-8399-406D-9D30-536D8178AD69}.Debug|x86.ActiveCfg = Debug|x86
		{8FEE06DB-8399-406D-9D30-536D8178AD69}.Debug|x86.Build.0 = Debug|x86
		{8FEE06DB-8399-406D-9D30-536D8178AD69}.Release|x86.ActiveCfg = Release|x86
		{8FEE06DB-8399-406D-9D30-536D8178AD69}.Release|x86.Build.0 = Release|x86
		{317525A8-3A25-47FA-B376-9E4F564B566B}.Debug|x86.ActiveCfg = Debug|x86
		{317525A8-3A25-47FA-B376-9E4F564B566B}.Debug|x86.Build.0 = Debug|x86
		{317525A8-3A25-47FA-B376-9E4F564B566B}.Release|x86.ActiveCfg = Release|x86
		{317525A8-3A25-47FA-B376-9E4F564B566B}.Release|x86.Build.0 = Release|x86
		{14A716BF-C128-47F3-8600-61AFD0376DF1}.Debug|x86.ActiveCfg = Debug|x86
		{14A716BF-C128-47F3-8600-61AFD0376DF1}.Debug|x86.Build.0 = Debug|x86
		{14A716BF-C128-47F3-8600-61AFD0376DF1}.Release|x86.ActiveCfg = Release|x86
		{14A716BF-C128-47F3-8600-61AFD0376DF1}.Release|x86.Build.0 = Release|x86
		{54FB199C-E661-4FFE-9748-C34855789C1F}.Debug|x86.ActiveCfg = Debug|x86
		{54FB199C-E661-4FFE-9748-C34855789C1F}.Debug|x86.Build.0 = Debug|x86
		{54FB199C-E661-4FFE-9748-C34855789C1F}.Release|x86.ActiveCfg = Release|x86
		{54FB199C-E661-4FFE-9748-C34855789C1F}.Release|x86.Build.0 = Release|x86
		{89BF07E6-F488-4E74-91EB-B93979FDB6FE}.Debug|x86.ActiveCfg = Debug|x86
		{89BF07E6-F488-4E74-91EB-B93979FDB6FE}.Debug|x86.Build.0 = Debug|x86
		{89BF07E6-F488-4E74-91EB-B93979FDB6FE}.Release|x86.ActiveCfg = Release|x86
		{89BF07E6-F488-4E74-91EB-B93979FDB6FE}.Release|x86.Build.0 = Release|x86
		{92FE186F-D79B-4E30-A3D7-46EB1FADBE04}.Debug|x86.ActiveCfg = Debug|x86
		{92FE186F-D79B-4E30-A3D7-46EB1FADBE04}.Debug|x86.Build.0 = Debug|x86
		{92FE186F-D79B-4E30-A3D7-46EB1FADBE04}.Release|x86.ActiveCfg = Release|x86
		{92FE186F-D79B-4E30-A3D7-46EB1FADBE04}.Release|x86.Build.0 = Release|x86
		{D1A6F3ED-763D-45A2-801D-9A3A438080ED}.Debug|x86.ActiveCfg = Debug|x86
		{D1A6F3ED-763D-45A2-801D-9A3A438080ED}.Debug|x86.Build.0 = Debug|x86
		{D1A6F3ED-763D-45A2-801D-9A3A438080ED}.Release|x86.ActiveCfg = Release|x86
		{D1A6F3ED-763D-45A2-801D-9A3A438080ED}.Release|x86.Build.0 = Release|x86
		{73BB786B-EAF9-400D-99DB-570D915985F7}.Debug|x86.ActiveCfg = Debug|x86
		{73BB786B-EAF9-400D-99DB-570D915985F7}.Debug|x86.Build.0 = Debug|x86
		{73BB786B-EAF9-400D-99DB-570D915985F7}.Release|x86.ActiveCfg = Release|x86
		{73BB786B-EAF9-400D-99DB-570D915985F7}.Release|x86.Build.0 = Release|x86
		{BCB3A13B-CC5E-4313-A9FB-59AF18A20F7F}.Debug|x86.ActiveCfg = Debug|x86
		{BCB3A13B-CC5E-4313-A9FB-59AF18A20F7F}.Debug|x86.Build.0 = Debug|x86
		{BCB3A13B-CC5E-4313-A9FB-59AF18A20F7F}.Release|x86.ActiveCfg = Release|x86
		{BCB3A13B-CC5E-4313-A9FB-59AF18A20F7F}.Release|x86.Build.0 = Release|x86
		{827BAD6E-8CFF-4D1C-974B-9503B0082882}.Debug|x86.ActiveCfg = Debug|x86
		{827BAD6E-8CFF-4D1C-974B-9503B0082882}.Debug|x86.Build.0 = Debug|x86
		{827BAD6E-8CFF-4D1C-974B-9503B0082882}.Release|x86.ActiveCfg = Release|x86
		{827BAD6E-8CFF-4D1C-974B-9503B0082882}.Release|x86.Build.0 = Release|x86
		{8048205C-9524-4F78-A6FE-B4D9D5A5B970}.Debug|x86.ActiveCfg = Debug|x86
		{8048205C-9524-4F78-A6FE-B4D9D5A5B970}.Debug|x86.Build.0 = Debug|x86
		{8048205C-9524-4F78-A6FE-B4D9D5A5B970}.Release|x86.ActiveCfg = Release|x86
		{8048205C-9524-4F78-A6FE-B4D9D5A5B970}.Release|x86.Build.0 = Release|x86
		{32EFAF26-2CFF-48B7-B9E6-3A9B2FB00F79}.Debug|x86.ActiveCfg = Debug|x86
		{32EFAF26-2CFF-48B7-B9E6-3A9B2FB00F79}.Debug|x86.Build.0 = Debug|x86
		{32EFAF26-2CFF-48B7-B9E6-3A9B2FB00F79}.Release|x86.ActiveCfg = Release|x86
		{32EFAF26-2CFF-48B7-B9E6-3A9B2FB00F79}.Release|x86.Build.0 = Release|x86
	EndGlobalSection
	GlobalSection(SolutionProperties) = preSolution
		HideSolutionNode = FALSE
	EndGlobalSection
EndGlobal
