
Microsoft Visual Studio Solution File, Format Version 11.00
# Visual Studio 2010
Project("{FAE04EC0-301F-11D3-BF4B-00C04F79EFBC}") = "Listing_01", "Listing_01\Listing_01.csproj", "{F241BDE1-72D7-4562-B240-C45DF2D9E045}"
EndProject
Project("{FAE04EC0-301F-11D3-BF4B-00C04F79EFBC}") = "Listing_02", "Listing_02\Listing_02.csproj", "{A9EDB28A-0DED-4BAE-AA75-34255F29A2DF}"
EndProject
Project("{FAE04EC0-301F-11D3-BF4B-00C04F79EFBC}") = "Listing_03", "Listing_03\Listing_03.csproj", "{E5081D58-F4C5-4E98-AA07-D7A26CD6D5DF}"
EndProject
Project("{FAE04EC0-301F-11D3-BF4B-00C04F79EFBC}") = "Listing_04", "Listing_04\Listing_04.csproj", "{1AA47249-8A11-4DFC-8E39-A3C56A714077}"
EndProject
Project("{FAE04EC0-301F-11D3-BF4B-00C04F79EFBC}") = "Listing_05", "Listing_05\Listing_05.csproj", "{06E61D5F-55C0-4C08-ABD9-8EA585C306CA}"
EndProject
Project("{FAE04EC0-301F-11D3-BF4B-00C04F79EFBC}") = "Listing_06", "Listing_06\Listing_06.csproj", "{7C3E3F5F-80AC-4E1D-B9B6-E31222D1F5B7}"
EndProject
Project("{FAE04EC0-301F-11D3-BF4B-00C04F79EFBC}") = "Listing_07", "Listing_07\Listing_07.csproj", "{EB65CF97-248F-419B-ADFF-947094800568}"
EndProject
Project("{FAE04EC0-301F-11D3-BF4B-00C04F79EFBC}") = "Listing_08", "Listing_08\Listing_08.csproj", "{B3C98B8B-BBD3-48FB-9672-50CCC20344D6}"
EndProject
Project("{FAE04EC0-301F-11D3-BF4B-00C04F79EFBC}") = "Listing_09", "Listing_09\Listing_09.csproj", "{5EBDEEDF-8DDC-4008-87D9-A183AC4D395E}"
EndProject
Project("{FAE04EC0-301F-11D3-BF4B-00C04F79EFBC}") = "Listing_10", "Listing_10\Listing_10.csproj", "{B18FE15A-5F18-4779-B75F-00274628D4FD}"
EndProject
Project("{FAE04EC0-301F-11D3-BF4B-00C04F79EFBC}") = "Listing_11", "Listing_11\Listing_11.csproj", "{5E2F32EA-7D73-4FDF-A8D0-C77AB53BD7D4}"
EndProject
Project("{FAE04EC0-301F-11D3-BF4B-00C04F79EFBC}") = "Listing_12", "Listing_12\Listing_12.csproj", "{A7613E41-C9E3-4533-BDE0-E8408905EFA2}"
EndProject
Project("{FAE04EC0-301F-11D3-BF4B-00C04F79EFBC}") = "Listing_13", "Listing_13\Listing_13.csproj", "{03E909B3-B854-4F23-A664-7EDE9E7AA82D}"
EndProject
Project("{FAE04EC0-301F-11D3-BF4B-00C04F79EFBC}") = "Listing_14", "Listing_14\Listing_14.csproj", "{35F1101E-9A70-4833-8957-C77940FD9F40}"
EndProject
Project("{FAE04EC0-301F-11D3-BF4B-00C04F79EFBC}") = "Listing_15", "Listing_15\Listing_15.csproj", "{E9B2EB5C-8D8D-4B64-BAA9-0E3E85F64B34}"
EndProject
Project("{FAE04EC0-301F-11D3-BF4B-00C04F79EFBC}") = "Listing_16", "Listing_16\Listing_16.csproj", "{574435C7-60C5-4AC0-9C36-B3E1FE2782F0}"
EndProject
Project("{FAE04EC0-301F-11D3-BF4B-00C04F79EFBC}") = "Listing_17", "Listing_17\Listing_17.csproj", "{51B51919-D69C-48BC-9785-AAC6F0FB359A}"
EndProject
Project("{FAE04EC0-301F-11D3-BF4B-00C04F79EFBC}") = "Listing_18", "Listing_18\Listing_18.csproj", "{43044042-FF12-450E-AEA9-03C608BD11D7}"
EndProject
Project("{FAE04EC0-301F-11D3-BF4B-00C04F79EFBC}") = "Listing_19", "Listing_19\Listing_19.csproj", "{8827AC41-63E9-4F85-81FC-09281FB68A36}"
EndProject
Project("{FAE04EC0-301F-11D3-BF4B-00C04F79EFBC}") = "Listing_20", "Listing_20\Listing_20.csproj", "{2E90C8F3-E313-4C50-9499-446C688C19BC}"
EndProject
Project("{FAE04EC0-301F-11D3-BF4B-00C04F79EFBC}") = "Listing_21", "Listing_21\Listing_21.csproj", "{C9DA4D3C-2AAC-4851-8217-4B0CCC85D257}"
EndProject
Project("{FAE04EC0-301F-11D3-BF4B-00C04F79EFBC}") = "Listing_22", "Listing_22\Listing_22.csproj", "{2FC3BD51-25D9-4E46-86B7-9F1B9C550A2E}"
EndProject
Project("{FAE04EC0-301F-11D3-BF4B-00C04F79EFBC}") = "Listing_23", "Listing_23\Listing_23.csproj", "{15706A79-6F8D-4180-8461-C2A1C73A4990}"
EndProject
Project("{FAE04EC0-301F-11D3-BF4B-00C04F79EFBC}") = "Listing_24", "Listing_24\Listing_24.csproj", "{A31DC83A-131E-4A7E-9759-257817924FBD}"
EndProject
Project("{FAE04EC0-301F-11D3-BF4B-00C04F79EFBC}") = "Listing_25", "Listing_25\Listing_25.csproj", "{0F6A6B8C-AD02-49CB-9245-00750B3241F3}"
EndProject
Project("{FAE04EC0-301F-11D3-BF4B-00C04F79EFBC}") = "Listing_26", "Listing_26\Listing_26.csproj", "{03F1B7D8-B30D-4BD8-A4C3-4B32CC2FD580}"
EndProject
Project("{FAE04EC0-301F-11D3-BF4B-00C04F79EFBC}") = "Listing_27", "Listing_27\Listing_27.csproj", "{29FAF66E-6119-4934-AC78-2BA8DA01BAA6}"
EndProject
Project("{FAE04EC0-301F-11D3-BF4B-00C04F79EFBC}") = "Listing_28", "Listing_28\Listing_28.csproj", "{0CC5B402-77AE-479E-BC69-1EEA58C6DDF9}"
EndProject
Global
	GlobalSection(SolutionConfigurationPlatforms) = preSolution
		Debug|x86 = Debug|x86
		Release|x86 = Release|x86
	EndGlobalSection
	GlobalSection(ProjectConfigurationPlatforms) = postSolution
		{F241BDE1-72D7-4562-B240-C45DF2D9E045}.Debug|x86.ActiveCfg = Debug|x86
		{F241BDE1-72D7-4562-B240-C45DF2D9E045}.Debug|x86.Build.0 = Debug|x86
		{F241BDE1-72D7-4562-B240-C45DF2D9E045}.Release|x86.ActiveCfg = Release|x86
		{F241BDE1-72D7-4562-B240-C45DF2D9E045}.Release|x86.Build.0 = Release|x86
		{A9EDB28A-0DED-4BAE-AA75-34255F29A2DF}.Debug|x86.ActiveCfg = Debug|x86
		{A9EDB28A-0DED-4BAE-AA75-34255F29A2DF}.Debug|x86.Build.0 = Debug|x86
		{A9EDB28A-0DED-4BAE-AA75-34255F29A2DF}.Release|x86.ActiveCfg = Release|x86
		{A9EDB28A-0DED-4BAE-AA75-34255F29A2DF}.Release|x86.Build.0 = Release|x86
		{E5081D58-F4C5-4E98-AA07-D7A26CD6D5DF}.Debug|x86.ActiveCfg = Debug|x86
		{E5081D58-F4C5-4E98-AA07-D7A26CD6D5DF}.Debug|x86.Build.0 = Debug|x86
		{E5081D58-F4C5-4E98-AA07-D7A26CD6D5DF}.Release|x86.ActiveCfg = Release|x86
		{E5081D58-F4C5-4E98-AA07-D7A26CD6D5DF}.Release|x86.Build.0 = Release|x86
		{1AA47249-8A11-4DFC-8E39-A3C56A714077}.Debug|x86.ActiveCfg = Debug|x86
		{1AA47249-8A11-4DFC-8E39-A3C56A714077}.Debug|x86.Build.0 = Debug|x86
		{1AA47249-8A11-4DFC-8E39-A3C56A714077}.Release|x86.ActiveCfg = Release|x86
		{1AA47249-8A11-4DFC-8E39-A3C56A714077}.Release|x86.Build.0 = Release|x86
		{06E61D5F-55C0-4C08-ABD9-8EA585C306CA}.Debug|x86.ActiveCfg = Debug|x86
		{06E61D5F-55C0-4C08-ABD9-8EA585C306CA}.Debug|x86.Build.0 = Debug|x86
		{06E61D5F-55C0-4C08-ABD9-8EA585C306CA}.Release|x86.ActiveCfg = Release|x86
		{06E61D5F-55C0-4C08-ABD9-8EA585C306CA}.Release|x86.Build.0 = Release|x86
		{7C3E3F5F-80AC-4E1D-B9B6-E31222D1F5B7}.Debug|x86.ActiveCfg = Debug|x86
		{7C3E3F5F-80AC-4E1D-B9B6-E31222D1F5B7}.Debug|x86.Build.0 = Debug|x86
		{7C3E3F5F-80AC-4E1D-B9B6-E31222D1F5B7}.Release|x86.ActiveCfg = Release|x86
		{7C3E3F5F-80AC-4E1D-B9B6-E31222D1F5B7}.Release|x86.Build.0 = Release|x86
		{EB65CF97-248F-419B-ADFF-947094800568}.Debug|x86.ActiveCfg = Debug|x86
		{EB65CF97-248F-419B-ADFF-947094800568}.Debug|x86.Build.0 = Debug|x86
		{EB65CF97-248F-419B-ADFF-947094800568}.Release|x86.ActiveCfg = Release|x86
		{EB65CF97-248F-419B-ADFF-947094800568}.Release|x86.Build.0 = Release|x86
		{B3C98B8B-BBD3-48FB-9672-50CCC20344D6}.Debug|x86.ActiveCfg = Debug|x86
		{B3C98B8B-BBD3-48FB-9672-50CCC20344D6}.Debug|x86.Build.0 = Debug|x86
		{B3C98B8B-BBD3-48FB-9672-50CCC20344D6}.Release|x86.ActiveCfg = Release|x86
		{B3C98B8B-BBD3-48FB-9672-50CCC20344D6}.Release|x86.Build.0 = Release|x86
		{5EBDEEDF-8DDC-4008-87D9-A183AC4D395E}.Debug|x86.ActiveCfg = Debug|x86
		{5EBDEEDF-8DDC-4008-87D9-A183AC4D395E}.Debug|x86.Build.0 = Debug|x86
		{5EBDEEDF-8DDC-4008-87D9-A183AC4D395E}.Release|x86.ActiveCfg = Release|x86
		{5EBDEEDF-8DDC-4008-87D9-A183AC4D395E}.Release|x86.Build.0 = Release|x86
		{B18FE15A-5F18-4779-B75F-00274628D4FD}.Debug|x86.ActiveCfg = Debug|x86
		{B18FE15A-5F18-4779-B75F-00274628D4FD}.Debug|x86.Build.0 = Debug|x86
		{B18FE15A-5F18-4779-B75F-00274628D4FD}.Release|x86.ActiveCfg = Release|x86
		{B18FE15A-5F18-4779-B75F-00274628D4FD}.Release|x86.Build.0 = Release|x86
		{5E2F32EA-7D73-4FDF-A8D0-C77AB53BD7D4}.Debug|x86.ActiveCfg = Debug|x86
		{5E2F32EA-7D73-4FDF-A8D0-C77AB53BD7D4}.Debug|x86.Build.0 = Debug|x86
		{5E2F32EA-7D73-4FDF-A8D0-C77AB53BD7D4}.Release|x86.ActiveCfg = Release|x86
		{5E2F32EA-7D73-4FDF-A8D0-C77AB53BD7D4}.Release|x86.Build.0 = Release|x86
		{A7613E41-C9E3-4533-BDE0-E8408905EFA2}.Debug|x86.ActiveCfg = Debug|x86
		{A7613E41-C9E3-4533-BDE0-E8408905EFA2}.Debug|x86.Build.0 = Debug|x86
		{A7613E41-C9E3-4533-BDE0-E8408905EFA2}.Release|x86.ActiveCfg = Release|x86
		{A7613E41-C9E3-4533-BDE0-E8408905EFA2}.Release|x86.Build.0 = Release|x86
		{03E909B3-B854-4F23-A664-7EDE9E7AA82D}.Debug|x86.ActiveCfg = Debug|x86
		{03E909B3-B854-4F23-A664-7EDE9E7AA82D}.Debug|x86.Build.0 = Debug|x86
		{03E909B3-B854-4F23-A664-7EDE9E7AA82D}.Release|x86.ActiveCfg = Release|x86
		{03E909B3-B854-4F23-A664-7EDE9E7AA82D}.Release|x86.Build.0 = Release|x86
		{35F1101E-9A70-4833-8957-C77940FD9F40}.Debug|x86.ActiveCfg = Debug|x86
		{35F1101E-9A70-4833-8957-C77940FD9F40}.Debug|x86.Build.0 = Debug|x86
		{35F1101E-9A70-4833-8957-C77940FD9F40}.Release|x86.ActiveCfg = Release|x86
		{35F1101E-9A70-4833-8957-C77940FD9F40}.Release|x86.Build.0 = Release|x86
		{E9B2EB5C-8D8D-4B64-BAA9-0E3E85F64B34}.Debug|x86.ActiveCfg = Debug|x86
		{E9B2EB5C-8D8D-4B64-BAA9-0E3E85F64B34}.Debug|x86.Build.0 = Debug|x86
		{E9B2EB5C-8D8D-4B64-BAA9-0E3E85F64B34}.Release|x86.ActiveCfg = Release|x86
		{E9B2EB5C-8D8D-4B64-BAA9-0E3E85F64B34}.Release|x86.Build.0 = Release|x86
		{574435C7-60C5-4AC0-9C36-B3E1FE2782F0}.Debug|x86.ActiveCfg = Debug|x86
		{574435C7-60C5-4AC0-9C36-B3E1FE2782F0}.Debug|x86.Build.0 = Debug|x86
		{574435C7-60C5-4AC0-9C36-B3E1FE2782F0}.Release|x86.ActiveCfg = Release|x86
		{574435C7-60C5-4AC0-9C36-B3E1FE2782F0}.Release|x86.Build.0 = Release|x86
		{51B51919-D69C-48BC-9785-AAC6F0FB359A}.Debug|x86.ActiveCfg = Debug|x86
		{51B51919-D69C-48BC-9785-AAC6F0FB359A}.Debug|x86.Build.0 = Debug|x86
		{51B51919-D69C-48BC-9785-AAC6F0FB359A}.Release|x86.ActiveCfg = Release|x86
		{51B51919-D69C-48BC-9785-AAC6F0FB359A}.Release|x86.Build.0 = Release|x86
		{43044042-FF12-450E-AEA9-03C608BD11D7}.Debug|x86.ActiveCfg = Debug|x86
		{43044042-FF12-450E-AEA9-03C608BD11D7}.Debug|x86.Build.0 = Debug|x86
		{43044042-FF12-450E-AEA9-03C608BD11D7}.Release|x86.ActiveCfg = Release|x86
		{43044042-FF12-450E-AEA9-03C608BD11D7}.Release|x86.Build.0 = Release|x86
		{8827AC41-63E9-4F85-81FC-09281FB68A36}.Debug|x86.ActiveCfg = Debug|x86
		{8827AC41-63E9-4F85-81FC-09281FB68A36}.Debug|x86.Build.0 = Debug|x86
		{8827AC41-63E9-4F85-81FC-09281FB68A36}.Release|x86.ActiveCfg = Release|x86
		{8827AC41-63E9-4F85-81FC-09281FB68A36}.Release|x86.Build.0 = Release|x86
		{2E90C8F3-E313-4C50-9499-446C688C19BC}.Debug|x86.ActiveCfg = Debug|x86
		{2E90C8F3-E313-4C50-9499-446C688C19BC}.Debug|x86.Build.0 = Debug|x86
		{2E90C8F3-E313-4C50-9499-446C688C19BC}.Release|x86.ActiveCfg = Release|x86
		{2E90C8F3-E313-4C50-9499-446C688C19BC}.Release|x86.Build.0 = Release|x86
		{C9DA4D3C-2AAC-4851-8217-4B0CCC85D257}.Debug|x86.ActiveCfg = Debug|x86
		{C9DA4D3C-2AAC-4851-8217-4B0CCC85D257}.Debug|x86.Build.0 = Debug|x86
		{C9DA4D3C-2AAC-4851-8217-4B0CCC85D257}.Release|x86.ActiveCfg = Release|x86
		{C9DA4D3C-2AAC-4851-8217-4B0CCC85D257}.Release|x86.Build.0 = Release|x86
		{2FC3BD51-25D9-4E46-86B7-9F1B9C550A2E}.Debug|x86.ActiveCfg = Debug|x86
		{2FC3BD51-25D9-4E46-86B7-9F1B9C550A2E}.Debug|x86.Build.0 = Debug|x86
		{2FC3BD51-25D9-4E46-86B7-9F1B9C550A2E}.Release|x86.ActiveCfg = Release|x86
		{2FC3BD51-25D9-4E46-86B7-9F1B9C550A2E}.Release|x86.Build.0 = Release|x86
		{15706A79-6F8D-4180-8461-C2A1C73A4990}.Debug|x86.ActiveCfg = Debug|x86
		{15706A79-6F8D-4180-8461-C2A1C73A4990}.Debug|x86.Build.0 = Debug|x86
		{15706A79-6F8D-4180-8461-C2A1C73A4990}.Release|x86.ActiveCfg = Release|x86
		{15706A79-6F8D-4180-8461-C2A1C73A4990}.Release|x86.Build.0 = Release|x86
		{A31DC83A-131E-4A7E-9759-257817924FBD}.Debug|x86.ActiveCfg = Debug|x86
		{A31DC83A-131E-4A7E-9759-257817924FBD}.Debug|x86.Build.0 = Debug|x86
		{A31DC83A-131E-4A7E-9759-257817924FBD}.Release|x86.ActiveCfg = Release|x86
		{A31DC83A-131E-4A7E-9759-257817924FBD}.Release|x86.Build.0 = Release|x86
		{0F6A6B8C-AD02-49CB-9245-00750B3241F3}.Debug|x86.ActiveCfg = Debug|x86
		{0F6A6B8C-AD02-49CB-9245-00750B3241F3}.Debug|x86.Build.0 = Debug|x86
		{0F6A6B8C-AD02-49CB-9245-00750B3241F3}.Release|x86.ActiveCfg = Release|x86
		{0F6A6B8C-AD02-49CB-9245-00750B3241F3}.Release|x86.Build.0 = Release|x86
		{03F1B7D8-B30D-4BD8-A4C3-4B32CC2FD580}.Debug|x86.ActiveCfg = Debug|x86
		{03F1B7D8-B30D-4BD8-A4C3-4B32CC2FD580}.Debug|x86.Build.0 = Debug|x86
		{03F1B7D8-B30D-4BD8-A4C3-4B32CC2FD580}.Release|x86.ActiveCfg = Release|x86
		{03F1B7D8-B30D-4BD8-A4C3-4B32CC2FD580}.Release|x86.Build.0 = Release|x86
		{29FAF66E-6119-4934-AC78-2BA8DA01BAA6}.Debug|x86.ActiveCfg = Debug|x86
		{29FAF66E-6119-4934-AC78-2BA8DA01BAA6}.Debug|x86.Build.0 = Debug|x86
		{29FAF66E-6119-4934-AC78-2BA8DA01BAA6}.Release|x86.ActiveCfg = Release|x86
		{29FAF66E-6119-4934-AC78-2BA8DA01BAA6}.Release|x86.Build.0 = Release|x86
		{0CC5B402-77AE-479E-BC69-1EEA58C6DDF9}.Debug|x86.ActiveCfg = Debug|x86
		{0CC5B402-77AE-479E-BC69-1EEA58C6DDF9}.Debug|x86.Build.0 = Debug|x86
		{0CC5B402-77AE-479E-BC69-1EEA58C6DDF9}.Release|x86.ActiveCfg = Release|x86
		{0CC5B402-77AE-479E-BC69-1EEA58C6DDF9}.Release|x86.Build.0 = Release|x86
	EndGlobalSection
	GlobalSection(SolutionProperties) = preSolution
		HideSolutionNode = FALSE
	EndGlobalSection
EndGlobal
