
Microsoft Visual Studio Solution File, Format Version 11.00
# Visual Studio 2010
Project("{FAE04EC0-301F-11D3-BF4B-00C04F79EFBC}") = "Listing_01", "Listing_01\Listing_01.csproj", "{56015A34-2E8A-413A-AA4E-20FEA144AC8E}"
EndProject
Project("{FAE04EC0-301F-11D3-BF4B-00C04F79EFBC}") = "Listing_02", "Listing_02\Listing_02.csproj", "{9D01480F-F036-431F-A02C-6261D804AEB8}"
EndProject
Project("{FAE04EC0-301F-11D3-BF4B-00C04F79EFBC}") = "Listing_03", "Listing_03\Listing_03.csproj", "{1CF74891-923B-4883-B58D-34FE79CC8F03}"
EndProject
Project("{FAE04EC0-301F-11D3-BF4B-00C04F79EFBC}") = "Listing_04", "Listing_04\Listing_04.csproj", "{26F47103-7D1F-43EC-9E18-5C4D4781B884}"
EndProject
Project("{FAE04EC0-301F-11D3-BF4B-00C04F79EFBC}") = "Listing_05", "Listing_05\Listing_05.csproj", "{B4760B18-3CB2-41DC-946E-87D483ED22BE}"
EndProject
Project("{FAE04EC0-301F-11D3-BF4B-00C04F79EFBC}") = "Listing_06", "Listing_06\Listing_06.csproj", "{54ABE513-C1A0-4F5D-9F03-56E12D32A36B}"
EndProject
Project("{FAE04EC0-301F-11D3-BF4B-00C04F79EFBC}") = "Listing_07", "Listing_07\Listing_07.csproj", "{A5F8FEEA-78E9-4300-8CF0-AF32157A1E92}"
EndProject
Project("{FAE04EC0-301F-11D3-BF4B-00C04F79EFBC}") = "Listing_08", "Listing_08\Listing_08.csproj", "{54B9B436-52A3-42CE-BD0B-0329E59F71FF}"
EndProject
Project("{FAE04EC0-301F-11D3-BF4B-00C04F79EFBC}") = "Listing_09", "Listing_09\Listing_09.csproj", "{EA381BB8-36BD-46EA-ABD7-DE3560F1757D}"
EndProject
Project("{FAE04EC0-301F-11D3-BF4B-00C04F79EFBC}") = "Listing_10", "Listing_10\Listing_10.csproj", "{2B75D149-E61B-4490-B918-74AA3541D6E5}"
EndProject
Project("{FAE04EC0-301F-11D3-BF4B-00C04F79EFBC}") = "Listing_11", "Listing_11\Listing_11.csproj", "{961F505D-CE0B-4BEB-8C4E-05A012207E9A}"
EndProject
Project("{FAE04EC0-301F-11D3-BF4B-00C04F79EFBC}") = "Listing_12", "Listing_12\Listing_12.csproj", "{F711A4AC-D776-45AF-888E-67D6BE451836}"
EndProject
Project("{FAE04EC0-301F-11D3-BF4B-00C04F79EFBC}") = "Listing_13", "Listing_13\Listing_13.csproj", "{AFFE34D1-379F-4056-A477-442B0EEE0EA2}"
EndProject
Project("{FAE04EC0-301F-11D3-BF4B-00C04F79EFBC}") = "Listing_14", "Listing_14\Listing_14.csproj", "{8EE9DFCB-DD0E-4B4C-BB56-41031BF0564E}"
EndProject
Project("{FAE04EC0-301F-11D3-BF4B-00C04F79EFBC}") = "Listing_15", "Listing_15\Listing_15.csproj", "{B9986F54-BC12-4CD8-9707-AA4380C435F1}"
EndProject
Global
	GlobalSection(SolutionConfigurationPlatforms) = preSolution
		Debug|x86 = Debug|x86
		Release|x86 = Release|x86
	EndGlobalSection
	GlobalSection(ProjectConfigurationPlatforms) = postSolution
		{56015A34-2E8A-413A-AA4E-20FEA144AC8E}.Debug|x86.ActiveCfg = Debug|x86
		{56015A34-2E8A-413A-AA4E-20FEA144AC8E}.Debug|x86.Build.0 = Debug|x86
		{56015A34-2E8A-413A-AA4E-20FEA144AC8E}.Release|x86.ActiveCfg = Release|x86
		{56015A34-2E8A-413A-AA4E-20FEA144AC8E}.Release|x86.Build.0 = Release|x86
		{9D01480F-F036-431F-A02C-6261D804AEB8}.Debug|x86.ActiveCfg = Release|x86
		{9D01480F-F036-431F-A02C-6261D804AEB8}.Debug|x86.Build.0 = Release|x86
		{9D01480F-F036-431F-A02C-6261D804AEB8}.Release|x86.ActiveCfg = Release|x86
		{9D01480F-F036-431F-A02C-6261D804AEB8}.Release|x86.Build.0 = Release|x86
		{1CF74891-923B-4883-B58D-34FE79CC8F03}.Debug|x86.ActiveCfg = Debug|x86
		{1CF74891-923B-4883-B58D-34FE79CC8F03}.Debug|x86.Build.0 = Debug|x86
		{1CF74891-923B-4883-B58D-34FE79CC8F03}.Release|x86.ActiveCfg = Release|x86
		{1CF74891-923B-4883-B58D-34FE79CC8F03}.Release|x86.Build.0 = Release|x86
		{26F47103-7D1F-43EC-9E18-5C4D4781B884}.Debug|x86.ActiveCfg = Debug|x86
		{26F47103-7D1F-43EC-9E18-5C4D4781B884}.Debug|x86.Build.0 = Debug|x86
		{26F47103-7D1F-43EC-9E18-5C4D4781B884}.Release|x86.ActiveCfg = Release|x86
		{26F47103-7D1F-43EC-9E18-5C4D4781B884}.Release|x86.Build.0 = Release|x86
		{B4760B18-3CB2-41DC-946E-87D483ED22BE}.Debug|x86.ActiveCfg = Debug|x86
		{B4760B18-3CB2-41DC-946E-87D483ED22BE}.Debug|x86.Build.0 = Debug|x86
		{B4760B18-3CB2-41DC-946E-87D483ED22BE}.Release|x86.ActiveCfg = Release|x86
		{B4760B18-3CB2-41DC-946E-87D483ED22BE}.Release|x86.Build.0 = Release|x86
		{54ABE513-C1A0-4F5D-9F03-56E12D32A36B}.Debug|x86.ActiveCfg = Debug|x86
		{54ABE513-C1A0-4F5D-9F03-56E12D32A36B}.Debug|x86.Build.0 = Debug|x86
		{54ABE513-C1A0-4F5D-9F03-56E12D32A36B}.Release|x86.ActiveCfg = Release|x86
		{54ABE513-C1A0-4F5D-9F03-56E12D32A36B}.Release|x86.Build.0 = Release|x86
		{A5F8FEEA-78E9-4300-8CF0-AF32157A1E92}.Debug|x86.ActiveCfg = Debug|x86
		{A5F8FEEA-78E9-4300-8CF0-AF32157A1E92}.Debug|x86.Build.0 = Debug|x86
		{A5F8FEEA-78E9-4300-8CF0-AF32157A1E92}.Release|x86.ActiveCfg = Release|x86
		{A5F8FEEA-78E9-4300-8CF0-AF32157A1E92}.Release|x86.Build.0 = Release|x86
		{54B9B436-52A3-42CE-BD0B-0329E59F71FF}.Debug|x86.ActiveCfg = Debug|x86
		{54B9B436-52A3-42CE-BD0B-0329E59F71FF}.Debug|x86.Build.0 = Debug|x86
		{54B9B436-52A3-42CE-BD0B-0329E59F71FF}.Release|x86.ActiveCfg = Release|x86
		{54B9B436-52A3-42CE-BD0B-0329E59F71FF}.Release|x86.Build.0 = Release|x86
		{EA381BB8-36BD-46EA-ABD7-DE3560F1757D}.Debug|x86.ActiveCfg = Debug|x86
		{EA381BB8-36BD-46EA-ABD7-DE3560F1757D}.Debug|x86.Build.0 = Debug|x86
		{EA381BB8-36BD-46EA-ABD7-DE3560F1757D}.Release|x86.ActiveCfg = Release|x86
		{EA381BB8-36BD-46EA-ABD7-DE3560F1757D}.Release|x86.Build.0 = Release|x86
		{2B75D149-E61B-4490-B918-74AA3541D6E5}.Debug|x86.ActiveCfg = Debug|x86
		{2B75D149-E61B-4490-B918-74AA3541D6E5}.Debug|x86.Build.0 = Debug|x86
		{2B75D149-E61B-4490-B918-74AA3541D6E5}.Release|x86.ActiveCfg = Release|x86
		{2B75D149-E61B-4490-B918-74AA3541D6E5}.Release|x86.Build.0 = Release|x86
		{961F505D-CE0B-4BEB-8C4E-05A012207E9A}.Debug|x86.ActiveCfg = Debug|x86
		{961F505D-CE0B-4BEB-8C4E-05A012207E9A}.Debug|x86.Build.0 = Debug|x86
		{961F505D-CE0B-4BEB-8C4E-05A012207E9A}.Release|x86.ActiveCfg = Release|x86
		{961F505D-CE0B-4BEB-8C4E-05A012207E9A}.Release|x86.Build.0 = Release|x86
		{F711A4AC-D776-45AF-888E-67D6BE451836}.Debug|x86.ActiveCfg = Debug|x86
		{F711A4AC-D776-45AF-888E-67D6BE451836}.Debug|x86.Build.0 = Debug|x86
		{F711A4AC-D776-45AF-888E-67D6BE451836}.Release|x86.ActiveCfg = Release|x86
		{F711A4AC-D776-45AF-888E-67D6BE451836}.Release|x86.Build.0 = Release|x86
		{AFFE34D1-379F-4056-A477-442B0EEE0EA2}.Debug|x86.ActiveCfg = Debug|x86
		{AFFE34D1-379F-4056-A477-442B0EEE0EA2}.Debug|x86.Build.0 = Debug|x86
		{AFFE34D1-379F-4056-A477-442B0EEE0EA2}.Release|x86.ActiveCfg = Release|x86
		{AFFE34D1-379F-4056-A477-442B0EEE0EA2}.Release|x86.Build.0 = Release|x86
		{8EE9DFCB-DD0E-4B4C-BB56-41031BF0564E}.Debug|x86.ActiveCfg = Debug|x86
		{8EE9DFCB-DD0E-4B4C-BB56-41031BF0564E}.Debug|x86.Build.0 = Debug|x86
		{8EE9DFCB-DD0E-4B4C-BB56-41031BF0564E}.Release|x86.ActiveCfg = Release|x86
		{8EE9DFCB-DD0E-4B4C-BB56-41031BF0564E}.Release|x86.Build.0 = Release|x86
		{B9986F54-BC12-4CD8-9707-AA4380C435F1}.Debug|x86.ActiveCfg = Debug|x86
		{B9986F54-BC12-4CD8-9707-AA4380C435F1}.Debug|x86.Build.0 = Debug|x86
		{B9986F54-BC12-4CD8-9707-AA4380C435F1}.Release|x86.ActiveCfg = Release|x86
		{B9986F54-BC12-4CD8-9707-AA4380C435F1}.Release|x86.Build.0 = Release|x86
	EndGlobalSection
	GlobalSection(SolutionProperties) = preSolution
		HideSolutionNode = FALSE
	EndGlobalSection
EndGlobal
