
Microsoft Visual Studio Solution File, Format Version 11.00
# Visual Studio 2010
Project("{FAE04EC0-301F-11D3-BF4B-00C04F79EFBC}") = "Listing_01", "Listing_01\Listing_01.csproj", "{F067A159-6D47-4303-BA47-26160325E140}"
EndProject
Project("{FAE04EC0-301F-11D3-BF4B-00C04F79EFBC}") = "Listing_04", "Listing_04\Listing_04.csproj", "{C631F5FD-5E5E-4E96-B28B-2C7F3DD61B2C}"
EndProject
Project("{FAE04EC0-301F-11D3-BF4B-00C04F79EFBC}") = "Listing_05", "Listing_05\Listing_05.csproj", "{0B4B0411-DF61-4DA5-9161-258B61B73333}"
EndProject
Project("{FAE04EC0-301F-11D3-BF4B-00C04F79EFBC}") = "Listing_06", "Listing_06\Listing_06.csproj", "{CA5DED69-0450-4006-98B5-981B3F9015BC}"
EndProject
Project("{FAE04EC0-301F-11D3-BF4B-00C04F79EFBC}") = "Listing_07", "Listing_07\Listing_07.csproj", "{2382BB8D-8415-427C-963B-18510E3901C6}"
EndProject
Project("{FAE04EC0-301F-11D3-BF4B-00C04F79EFBC}") = "Listing_08", "Listing_08\Listing_08.csproj", "{031EB766-FF7F-4491-96AA-3E08F46AF7BC}"
EndProject
Project("{FAE04EC0-301F-11D3-BF4B-00C04F79EFBC}") = "Listing_09", "Listing_09\Listing_09.csproj", "{336A8D9E-DD36-4FD6-B632-AB23782F510C}"
EndProject
Project("{FAE04EC0-301F-11D3-BF4B-00C04F79EFBC}") = "Listing_12", "Listing_12\Listing_12.csproj", "{C54FD1B3-D784-4F8F-9ED2-FF849CD48E8A}"
EndProject
Project("{FAE04EC0-301F-11D3-BF4B-00C04F79EFBC}") = "Listing_13", "Listing_13\Listing_13.csproj", "{0BA67098-0F99-45F4-B8C1-AD378C8B3A28}"
EndProject
Project("{FAE04EC0-301F-11D3-BF4B-00C04F79EFBC}") = "Listing_14", "Listing_14\Listing_14.csproj", "{CE777106-F8E1-42DA-AD0A-EF14DE55939C}"
EndProject
Project("{FAE04EC0-301F-11D3-BF4B-00C04F79EFBC}") = "Listing_15", "Listing_15\Listing_15.csproj", "{EA09E7C2-B097-40F5-8469-256119D6B6AB}"
EndProject
Project("{FAE04EC0-301F-11D3-BF4B-00C04F79EFBC}") = "Listing_16", "Listing_16\Listing_16.csproj", "{07D045B2-6702-474E-8317-F702766E5585}"
EndProject
Project("{FAE04EC0-301F-11D3-BF4B-00C04F79EFBC}") = "Listing_17", "Listing_17\Listing_17.csproj", "{11386061-A811-4852-BB8E-773ACC8CC407}"
EndProject
Project("{FAE04EC0-301F-11D3-BF4B-00C04F79EFBC}") = "Listing_18", "Listing_18\Listing_18.csproj", "{B9582704-FA70-49D3-A6BF-6774ADCC216D}"
EndProject
Project("{FAE04EC0-301F-11D3-BF4B-00C04F79EFBC}") = "Listing_19", "Listing_19\Listing_19.csproj", "{DE77E532-8BBF-476A-B4F3-F27B6F90F26C}"
EndProject
Project("{FAE04EC0-301F-11D3-BF4B-00C04F79EFBC}") = "Listing_20", "Listing_20\Listing_20.csproj", "{6759EE62-FF40-4B07-A388-88A1142C1F9C}"
EndProject
Global
	GlobalSection(SolutionConfigurationPlatforms) = preSolution
		Debug|x86 = Debug|x86
		Release|x86 = Release|x86
	EndGlobalSection
	GlobalSection(ProjectConfigurationPlatforms) = postSolution
		{F067A159-6D47-4303-BA47-26160325E140}.Debug|x86.ActiveCfg = Debug|x86
		{F067A159-6D47-4303-BA47-26160325E140}.Debug|x86.Build.0 = Debug|x86
		{F067A159-6D47-4303-BA47-26160325E140}.Release|x86.ActiveCfg = Release|x86
		{F067A159-6D47-4303-BA47-26160325E140}.Release|x86.Build.0 = Release|x86
		{C631F5FD-5E5E-4E96-B28B-2C7F3DD61B2C}.Debug|x86.ActiveCfg = Debug|x86
		{C631F5FD-5E5E-4E96-B28B-2C7F3DD61B2C}.Debug|x86.Build.0 = Debug|x86
		{C631F5FD-5E5E-4E96-B28B-2C7F3DD61B2C}.Release|x86.ActiveCfg = Release|x86
		{C631F5FD-5E5E-4E96-B28B-2C7F3DD61B2C}.Release|x86.Build.0 = Release|x86
		{0B4B0411-DF61-4DA5-9161-258B61B73333}.Debug|x86.ActiveCfg = Debug|x86
		{0B4B0411-DF61-4DA5-9161-258B61B73333}.Debug|x86.Build.0 = Debug|x86
		{0B4B0411-DF61-4DA5-9161-258B61B73333}.Release|x86.ActiveCfg = Release|x86
		{0B4B0411-DF61-4DA5-9161-258B61B73333}.Release|x86.Build.0 = Release|x86
		{CA5DED69-0450-4006-98B5-981B3F9015BC}.Debug|x86.ActiveCfg = Debug|x86
		{CA5DED69-0450-4006-98B5-981B3F9015BC}.Debug|x86.Build.0 = Debug|x86
		{CA5DED69-0450-4006-98B5-981B3F9015BC}.Release|x86.ActiveCfg = Release|x86
		{CA5DED69-0450-4006-98B5-981B3F9015BC}.Release|x86.Build.0 = Release|x86
		{2382BB8D-8415-427C-963B-18510E3901C6}.Debug|x86.ActiveCfg = Debug|x86
		{2382BB8D-8415-427C-963B-18510E3901C6}.Debug|x86.Build.0 = Debug|x86
		{2382BB8D-8415-427C-963B-18510E3901C6}.Release|x86.ActiveCfg = Release|x86
		{2382BB8D-8415-427C-963B-18510E3901C6}.Release|x86.Build.0 = Release|x86
		{031EB766-FF7F-4491-96AA-3E08F46AF7BC}.Debug|x86.ActiveCfg = Debug|x86
		{031EB766-FF7F-4491-96AA-3E08F46AF7BC}.Debug|x86.Build.0 = Debug|x86
		{031EB766-FF7F-4491-96AA-3E08F46AF7BC}.Release|x86.ActiveCfg = Release|x86
		{031EB766-FF7F-4491-96AA-3E08F46AF7BC}.Release|x86.Build.0 = Release|x86
		{336A8D9E-DD36-4FD6-B632-AB23782F510C}.Debug|x86.ActiveCfg = Debug|x86
		{336A8D9E-DD36-4FD6-B632-AB23782F510C}.Debug|x86.Build.0 = Debug|x86
		{336A8D9E-DD36-4FD6-B632-AB23782F510C}.Release|x86.ActiveCfg = Release|x86
		{336A8D9E-DD36-4FD6-B632-AB23782F510C}.Release|x86.Build.0 = Release|x86
		{C54FD1B3-D784-4F8F-9ED2-FF849CD48E8A}.Debug|x86.ActiveCfg = Debug|x86
		{C54FD1B3-D784-4F8F-9ED2-FF849CD48E8A}.Debug|x86.Build.0 = Debug|x86
		{C54FD1B3-D784-4F8F-9ED2-FF849CD48E8A}.Release|x86.ActiveCfg = Release|x86
		{C54FD1B3-D784-4F8F-9ED2-FF849CD48E8A}.Release|x86.Build.0 = Release|x86
		{0BA67098-0F99-45F4-B8C1-AD378C8B3A28}.Debug|x86.ActiveCfg = Debug|x86
		{0BA67098-0F99-45F4-B8C1-AD378C8B3A28}.Debug|x86.Build.0 = Debug|x86
		{0BA67098-0F99-45F4-B8C1-AD378C8B3A28}.Release|x86.ActiveCfg = Release|x86
		{0BA67098-0F99-45F4-B8C1-AD378C8B3A28}.Release|x86.Build.0 = Release|x86
		{CE777106-F8E1-42DA-AD0A-EF14DE55939C}.Debug|x86.ActiveCfg = Debug|x86
		{CE777106-F8E1-42DA-AD0A-EF14DE55939C}.Debug|x86.Build.0 = Debug|x86
		{CE777106-F8E1-42DA-AD0A-EF14DE55939C}.Release|x86.ActiveCfg = Release|x86
		{CE777106-F8E1-42DA-AD0A-EF14DE55939C}.Release|x86.Build.0 = Release|x86
		{EA09E7C2-B097-40F5-8469-256119D6B6AB}.Debug|x86.ActiveCfg = Debug|x86
		{EA09E7C2-B097-40F5-8469-256119D6B6AB}.Debug|x86.Build.0 = Debug|x86
		{EA09E7C2-B097-40F5-8469-256119D6B6AB}.Release|x86.ActiveCfg = Release|x86
		{EA09E7C2-B097-40F5-8469-256119D6B6AB}.Release|x86.Build.0 = Release|x86
		{07D045B2-6702-474E-8317-F702766E5585}.Debug|x86.ActiveCfg = Debug|x86
		{07D045B2-6702-474E-8317-F702766E5585}.Debug|x86.Build.0 = Debug|x86
		{07D045B2-6702-474E-8317-F702766E5585}.Release|x86.ActiveCfg = Release|x86
		{07D045B2-6702-474E-8317-F702766E5585}.Release|x86.Build.0 = Release|x86
		{11386061-A811-4852-BB8E-773ACC8CC407}.Debug|x86.ActiveCfg = Debug|x86
		{11386061-A811-4852-BB8E-773ACC8CC407}.Debug|x86.Build.0 = Debug|x86
		{11386061-A811-4852-BB8E-773ACC8CC407}.Release|x86.ActiveCfg = Release|x86
		{11386061-A811-4852-BB8E-773ACC8CC407}.Release|x86.Build.0 = Release|x86
		{B9582704-FA70-49D3-A6BF-6774ADCC216D}.Debug|x86.ActiveCfg = Debug|x86
		{B9582704-FA70-49D3-A6BF-6774ADCC216D}.Debug|x86.Build.0 = Debug|x86
		{B9582704-FA70-49D3-A6BF-6774ADCC216D}.Release|x86.ActiveCfg = Release|x86
		{B9582704-FA70-49D3-A6BF-6774ADCC216D}.Release|x86.Build.0 = Release|x86
		{DE77E532-8BBF-476A-B4F3-F27B6F90F26C}.Debug|x86.ActiveCfg = Debug|x86
		{DE77E532-8BBF-476A-B4F3-F27B6F90F26C}.Debug|x86.Build.0 = Debug|x86
		{DE77E532-8BBF-476A-B4F3-F27B6F90F26C}.Release|x86.ActiveCfg = Release|x86
		{DE77E532-8BBF-476A-B4F3-F27B6F90F26C}.Release|x86.Build.0 = Release|x86
		{6759EE62-FF40-4B07-A388-88A1142C1F9C}.Debug|x86.ActiveCfg = Debug|x86
		{6759EE62-FF40-4B07-A388-88A1142C1F9C}.Debug|x86.Build.0 = Debug|x86
		{6759EE62-FF40-4B07-A388-88A1142C1F9C}.Release|x86.ActiveCfg = Release|x86
		{6759EE62-FF40-4B07-A388-88A1142C1F9C}.Release|x86.Build.0 = Release|x86
	EndGlobalSection
	GlobalSection(SolutionProperties) = preSolution
		HideSolutionNode = FALSE
	EndGlobalSection
EndGlobal
