
Microsoft Visual Studio Solution File, Format Version 11.00
# Visual Studio 2010
Project("{FAE04EC0-301F-11D3-BF4B-00C04F79EFBC}") = "Listing_01", "Listing_01\Listing_01.csproj", "{62A0E85F-F527-4892-83DD-EBAA66B28E38}"
EndProject
Project("{FAE04EC0-301F-11D3-BF4B-00C04F79EFBC}") = "Listing_02", "Listing_02\Listing_02.csproj", "{E0F86B05-5025-45FD-BF56-F0CE0E55F114}"
EndProject
Project("{FAE04EC0-301F-11D3-BF4B-00C04F79EFBC}") = "Listing_03", "Listing_03\Listing_03.csproj", "{68012F6D-38D4-42F6-8CD6-1840CDCBFD61}"
EndProject
Project("{FAE04EC0-301F-11D3-BF4B-00C04F79EFBC}") = "Listing_04", "Listing_04\Listing_04.csproj", "{D868B182-AE3A-4B03-B9AF-881CCEABF9AC}"
EndProject
Project("{FAE04EC0-301F-11D3-BF4B-00C04F79EFBC}") = "Listing_05", "Listing_05\Listing_05.csproj", "{D65E47A2-EAF6-4F95-AD91-2EF401F2D01E}"
EndProject
Project("{FAE04EC0-301F-11D3-BF4B-00C04F79EFBC}") = "Listing_06", "Listing_06\Listing_06.csproj", "{BFDC24DB-E678-4AAE-96EF-1900C01669F2}"
EndProject
Project("{FAE04EC0-301F-11D3-BF4B-00C04F79EFBC}") = "Listing_07", "Listing_07\Listing_07.csproj", "{3E59DC59-019D-409A-BAF5-C849354B49D2}"
EndProject
Project("{FAE04EC0-301F-11D3-BF4B-00C04F79EFBC}") = "Listing_08", "Listing_08\Listing_08.csproj", "{EDBB7744-8B2C-451C-8226-7B8B88F1C1C9}"
EndProject
Project("{FAE04EC0-301F-11D3-BF4B-00C04F79EFBC}") = "Listing_09", "Listing_09\Listing_09.csproj", "{631075E4-240D-4AF6-BF3C-A8AD19DBE5BB}"
EndProject
Project("{FAE04EC0-301F-11D3-BF4B-00C04F79EFBC}") = "Listing_10", "Listing_10\Listing_10.csproj", "{158CE0E3-9E3D-4FCE-9E4B-5E0E07ABCBD4}"
EndProject
Project("{FAE04EC0-301F-11D3-BF4B-00C04F79EFBC}") = "Listing_11", "Listing_11\Listing_11.csproj", "{3F4E689E-2FC8-4136-BEB5-1E4EDE9DE5CF}"
EndProject
Project("{FAE04EC0-301F-11D3-BF4B-00C04F79EFBC}") = "Listing_12", "Listing_12\Listing_12.csproj", "{47702344-1039-4746-8A98-F9B817054E85}"
EndProject
Project("{FAE04EC0-301F-11D3-BF4B-00C04F79EFBC}") = "Listing_13", "Listing_13\Listing_13.csproj", "{33DC5F88-F9F3-4DDE-8117-333A3D33D7E3}"
EndProject
Project("{FAE04EC0-301F-11D3-BF4B-00C04F79EFBC}") = "Listing_14", "Listing_14\Listing_14.csproj", "{E090943C-2BCB-4B4F-B106-D57609C6107B}"
EndProject
Project("{FAE04EC0-301F-11D3-BF4B-00C04F79EFBC}") = "Listing_15", "Listing_15\Listing_15.csproj", "{3B1612A3-C50F-46EA-81D8-37C9458E2501}"
EndProject
Project("{FAE04EC0-301F-11D3-BF4B-00C04F79EFBC}") = "Listing_16", "Listing_16\Listing_16.csproj", "{837463FC-22E1-4B48-9712-D10D67FD8AE6}"
EndProject
Project("{FAE04EC0-301F-11D3-BF4B-00C04F79EFBC}") = "Listing_17", "Listing_17\Listing_17.csproj", "{2B044015-9D44-482F-A4C5-DC57255454CD}"
EndProject
Project("{FAE04EC0-301F-11D3-BF4B-00C04F79EFBC}") = "Listing_18", "Listing_18\Listing_18.csproj", "{55995425-8E92-4CA1-B993-71C2F42687B2}"
EndProject
Project("{FAE04EC0-301F-11D3-BF4B-00C04F79EFBC}") = "Listing_19", "Listing_19\Listing_19.csproj", "{D106BEED-EC94-4FB2-AC88-E2E480E6BA5E}"
EndProject
Project("{FAE04EC0-301F-11D3-BF4B-00C04F79EFBC}") = "Listing_20", "Listing_20\Listing_20.csproj", "{E0CE1CC8-8FA6-4490-A5A8-21F7FDDBF9D2}"
EndProject
Project("{FAE04EC0-301F-11D3-BF4B-00C04F79EFBC}") = "Listing_21", "Listing_21\Listing_21.csproj", "{DEFF5F3D-5E5F-498F-A8E6-43349261D379}"
EndProject
Project("{FAE04EC0-301F-11D3-BF4B-00C04F79EFBC}") = "Listing_22", "Listing_22\Listing_22.csproj", "{04C3BE67-43C9-48A7-A4E0-639CC7BC37DA}"
EndProject
Project("{FAE04EC0-301F-11D3-BF4B-00C04F79EFBC}") = "Listing_23", "Listing_23\Listing_23.csproj", "{84C25C4A-1119-4D34-9A97-EDF71BCBCC2F}"
EndProject
Global
	GlobalSection(SolutionConfigurationPlatforms) = preSolution
		Debug|x86 = Debug|x86
		Release|x86 = Release|x86
	EndGlobalSection
	GlobalSection(ProjectConfigurationPlatforms) = postSolution
		{62A0E85F-F527-4892-83DD-EBAA66B28E38}.Debug|x86.ActiveCfg = Debug|x86
		{62A0E85F-F527-4892-83DD-EBAA66B28E38}.Debug|x86.Build.0 = Debug|x86
		{62A0E85F-F527-4892-83DD-EBAA66B28E38}.Release|x86.ActiveCfg = Release|x86
		{62A0E85F-F527-4892-83DD-EBAA66B28E38}.Release|x86.Build.0 = Release|x86
		{E0F86B05-5025-45FD-BF56-F0CE0E55F114}.Debug|x86.ActiveCfg = Debug|x86
		{E0F86B05-5025-45FD-BF56-F0CE0E55F114}.Debug|x86.Build.0 = Debug|x86
		{E0F86B05-5025-45FD-BF56-F0CE0E55F114}.Release|x86.ActiveCfg = Release|x86
		{E0F86B05-5025-45FD-BF56-F0CE0E55F114}.Release|x86.Build.0 = Release|x86
		{68012F6D-38D4-42F6-8CD6-1840CDCBFD61}.Debug|x86.ActiveCfg = Debug|x86
		{68012F6D-38D4-42F6-8CD6-1840CDCBFD61}.Debug|x86.Build.0 = Debug|x86
		{68012F6D-38D4-42F6-8CD6-1840CDCBFD61}.Release|x86.ActiveCfg = Release|x86
		{68012F6D-38D4-42F6-8CD6-1840CDCBFD61}.Release|x86.Build.0 = Release|x86
		{D868B182-AE3A-4B03-B9AF-881CCEABF9AC}.Debug|x86.ActiveCfg = Debug|x86
		{D868B182-AE3A-4B03-B9AF-881CCEABF9AC}.Debug|x86.Build.0 = Debug|x86
		{D868B182-AE3A-4B03-B9AF-881CCEABF9AC}.Release|x86.ActiveCfg = Release|x86
		{D868B182-AE3A-4B03-B9AF-881CCEABF9AC}.Release|x86.Build.0 = Release|x86
		{D65E47A2-EAF6-4F95-AD91-2EF401F2D01E}.Debug|x86.ActiveCfg = Debug|x86
		{D65E47A2-EAF6-4F95-AD91-2EF401F2D01E}.Debug|x86.Build.0 = Debug|x86
		{D65E47A2-EAF6-4F95-AD91-2EF401F2D01E}.Release|x86.ActiveCfg = Release|x86
		{D65E47A2-EAF6-4F95-AD91-2EF401F2D01E}.Release|x86.Build.0 = Release|x86
		{BFDC24DB-E678-4AAE-96EF-1900C01669F2}.Debug|x86.ActiveCfg = Debug|x86
		{BFDC24DB-E678-4AAE-96EF-1900C01669F2}.Debug|x86.Build.0 = Debug|x86
		{BFDC24DB-E678-4AAE-96EF-1900C01669F2}.Release|x86.ActiveCfg = Release|x86
		{BFDC24DB-E678-4AAE-96EF-1900C01669F2}.Release|x86.Build.0 = Release|x86
		{3E59DC59-019D-409A-BAF5-C849354B49D2}.Debug|x86.ActiveCfg = Debug|x86
		{3E59DC59-019D-409A-BAF5-C849354B49D2}.Debug|x86.Build.0 = Debug|x86
		{3E59DC59-019D-409A-BAF5-C849354B49D2}.Release|x86.ActiveCfg = Release|x86
		{3E59DC59-019D-409A-BAF5-C849354B49D2}.Release|x86.Build.0 = Release|x86
		{EDBB7744-8B2C-451C-8226-7B8B88F1C1C9}.Debug|x86.ActiveCfg = Debug|x86
		{EDBB7744-8B2C-451C-8226-7B8B88F1C1C9}.Debug|x86.Build.0 = Debug|x86
		{EDBB7744-8B2C-451C-8226-7B8B88F1C1C9}.Release|x86.ActiveCfg = Release|x86
		{EDBB7744-8B2C-451C-8226-7B8B88F1C1C9}.Release|x86.Build.0 = Release|x86
		{631075E4-240D-4AF6-BF3C-A8AD19DBE5BB}.Debug|x86.ActiveCfg = Debug|x86
		{631075E4-240D-4AF6-BF3C-A8AD19DBE5BB}.Debug|x86.Build.0 = Debug|x86
		{631075E4-240D-4AF6-BF3C-A8AD19DBE5BB}.Release|x86.ActiveCfg = Release|x86
		{631075E4-240D-4AF6-BF3C-A8AD19DBE5BB}.Release|x86.Build.0 = Release|x86
		{158CE0E3-9E3D-4FCE-9E4B-5E0E07ABCBD4}.Debug|x86.ActiveCfg = Debug|x86
		{158CE0E3-9E3D-4FCE-9E4B-5E0E07ABCBD4}.Debug|x86.Build.0 = Debug|x86
		{158CE0E3-9E3D-4FCE-9E4B-5E0E07ABCBD4}.Release|x86.ActiveCfg = Release|x86
		{158CE0E3-9E3D-4FCE-9E4B-5E0E07ABCBD4}.Release|x86.Build.0 = Release|x86
		{3F4E689E-2FC8-4136-BEB5-1E4EDE9DE5CF}.Debug|x86.ActiveCfg = Debug|x86
		{3F4E689E-2FC8-4136-BEB5-1E4EDE9DE5CF}.Debug|x86.Build.0 = Debug|x86
		{3F4E689E-2FC8-4136-BEB5-1E4EDE9DE5CF}.Release|x86.ActiveCfg = Release|x86
		{3F4E689E-2FC8-4136-BEB5-1E4EDE9DE5CF}.Release|x86.Build.0 = Release|x86
		{47702344-1039-4746-8A98-F9B817054E85}.Debug|x86.ActiveCfg = Debug|x86
		{47702344-1039-4746-8A98-F9B817054E85}.Debug|x86.Build.0 = Debug|x86
		{47702344-1039-4746-8A98-F9B817054E85}.Release|x86.ActiveCfg = Release|x86
		{47702344-1039-4746-8A98-F9B817054E85}.Release|x86.Build.0 = Release|x86
		{33DC5F88-F9F3-4DDE-8117-333A3D33D7E3}.Debug|x86.ActiveCfg = Debug|x86
		{33DC5F88-F9F3-4DDE-8117-333A3D33D7E3}.Debug|x86.Build.0 = Debug|x86
		{33DC5F88-F9F3-4DDE-8117-333A3D33D7E3}.Release|x86.ActiveCfg = Release|x86
		{33DC5F88-F9F3-4DDE-8117-333A3D33D7E3}.Release|x86.Build.0 = Release|x86
		{E090943C-2BCB-4B4F-B106-D57609C6107B}.Debug|x86.ActiveCfg = Debug|x86
		{E090943C-2BCB-4B4F-B106-D57609C6107B}.Debug|x86.Build.0 = Debug|x86
		{E090943C-2BCB-4B4F-B106-D57609C6107B}.Release|x86.ActiveCfg = Release|x86
		{E090943C-2BCB-4B4F-B106-D57609C6107B}.Release|x86.Build.0 = Release|x86
		{3B1612A3-C50F-46EA-81D8-37C9458E2501}.Debug|x86.ActiveCfg = Debug|x86
		{3B1612A3-C50F-46EA-81D8-37C9458E2501}.Debug|x86.Build.0 = Debug|x86
		{3B1612A3-C50F-46EA-81D8-37C9458E2501}.Release|x86.ActiveCfg = Release|x86
		{3B1612A3-C50F-46EA-81D8-37C9458E2501}.Release|x86.Build.0 = Release|x86
		{837463FC-22E1-4B48-9712-D10D67FD8AE6}.Debug|x86.ActiveCfg = Debug|x86
		{837463FC-22E1-4B48-9712-D10D67FD8AE6}.Debug|x86.Build.0 = Debug|x86
		{837463FC-22E1-4B48-9712-D10D67FD8AE6}.Release|x86.ActiveCfg = Release|x86
		{837463FC-22E1-4B48-9712-D10D67FD8AE6}.Release|x86.Build.0 = Release|x86
		{2B044015-9D44-482F-A4C5-DC57255454CD}.Debug|x86.ActiveCfg = Debug|x86
		{2B044015-9D44-482F-A4C5-DC57255454CD}.Debug|x86.Build.0 = Debug|x86
		{2B044015-9D44-482F-A4C5-DC57255454CD}.Release|x86.ActiveCfg = Release|x86
		{2B044015-9D44-482F-A4C5-DC57255454CD}.Release|x86.Build.0 = Release|x86
		{55995425-8E92-4CA1-B993-71C2F42687B2}.Debug|x86.ActiveCfg = Debug|x86
		{55995425-8E92-4CA1-B993-71C2F42687B2}.Debug|x86.Build.0 = Debug|x86
		{55995425-8E92-4CA1-B993-71C2F42687B2}.Release|x86.ActiveCfg = Release|x86
		{55995425-8E92-4CA1-B993-71C2F42687B2}.Release|x86.Build.0 = Release|x86
		{D106BEED-EC94-4FB2-AC88-E2E480E6BA5E}.Debug|x86.ActiveCfg = Debug|x86
		{D106BEED-EC94-4FB2-AC88-E2E480E6BA5E}.Debug|x86.Build.0 = Debug|x86
		{D106BEED-EC94-4FB2-AC88-E2E480E6BA5E}.Release|x86.ActiveCfg = Release|x86
		{D106BEED-EC94-4FB2-AC88-E2E480E6BA5E}.Release|x86.Build.0 = Release|x86
		{E0CE1CC8-8FA6-4490-A5A8-21F7FDDBF9D2}.Debug|x86.ActiveCfg = Debug|x86
		{E0CE1CC8-8FA6-4490-A5A8-21F7FDDBF9D2}.Debug|x86.Build.0 = Debug|x86
		{E0CE1CC8-8FA6-4490-A5A8-21F7FDDBF9D2}.Release|x86.ActiveCfg = Release|x86
		{E0CE1CC8-8FA6-4490-A5A8-21F7FDDBF9D2}.Release|x86.Build.0 = Release|x86
		{DEFF5F3D-5E5F-498F-A8E6-43349261D379}.Debug|x86.ActiveCfg = Debug|x86
		{DEFF5F3D-5E5F-498F-A8E6-43349261D379}.Debug|x86.Build.0 = Debug|x86
		{DEFF5F3D-5E5F-498F-A8E6-43349261D379}.Release|x86.ActiveCfg = Release|x86
		{DEFF5F3D-5E5F-498F-A8E6-43349261D379}.Release|x86.Build.0 = Release|x86
		{04C3BE67-43C9-48A7-A4E0-639CC7BC37DA}.Debug|x86.ActiveCfg = Debug|x86
		{04C3BE67-43C9-48A7-A4E0-639CC7BC37DA}.Debug|x86.Build.0 = Debug|x86
		{04C3BE67-43C9-48A7-A4E0-639CC7BC37DA}.Release|x86.ActiveCfg = Release|x86
		{04C3BE67-43C9-48A7-A4E0-639CC7BC37DA}.Release|x86.Build.0 = Release|x86
		{84C25C4A-1119-4D34-9A97-EDF71BCBCC2F}.Debug|x86.ActiveCfg = Debug|x86
		{84C25C4A-1119-4D34-9A97-EDF71BCBCC2F}.Debug|x86.Build.0 = Debug|x86
		{84C25C4A-1119-4D34-9A97-EDF71BCBCC2F}.Release|x86.ActiveCfg = Release|x86
		{84C25C4A-1119-4D34-9A97-EDF71BCBCC2F}.Release|x86.Build.0 = Release|x86
	EndGlobalSection
	GlobalSection(SolutionProperties) = preSolution
		HideSolutionNode = FALSE
	EndGlobalSection
EndGlobal
