
Microsoft Visual Studio Solution File, Format Version 11.00
# Visual Studio 2010
Project("{FAE04EC0-301F-11D3-BF4B-00C04F79EFBC}") = "Listing_01", "Listing_01\Listing_01.csproj", "{DD03C0E2-62B1-48CB-B9E1-50D912E6D338}"
EndProject
Project("{FAE04EC0-301F-11D3-BF4B-00C04F79EFBC}") = "Listing_02", "Listing_02\Listing_02.csproj", "{69E2C518-BC2A-497F-8F9B-2A06D1ACCC06}"
EndProject
Project("{FAE04EC0-301F-11D3-BF4B-00C04F79EFBC}") = "Listing_03", "Listing_03\Listing_03.csproj", "{3BC0935A-1B8C-4D83-9ABA-B5ED9E3DB35D}"
EndProject
Project("{FAE04EC0-301F-11D3-BF4B-00C04F79EFBC}") = "Listing_04", "Listing_04\Listing_04.csproj", "{FEF5535B-A7A3-47F6-99A6-A115A707893A}"
EndProject
Project("{FAE04EC0-301F-11D3-BF4B-00C04F79EFBC}") = "Listing_05", "Listing_05\Listing_05.csproj", "{5CF42F9E-DEAB-4BF9-B62C-46FA334D9A90}"
EndProject
Project("{FAE04EC0-301F-11D3-BF4B-00C04F79EFBC}") = "Listing_06", "Listing_06\Listing_06.csproj", "{B0A0C910-118C-47C4-AB48-C5740969FB90}"
EndProject
Project("{FAE04EC0-301F-11D3-BF4B-00C04F79EFBC}") = "Listing_07", "Listing_07\Listing_07.csproj", "{7407AADD-4047-4072-913A-CE3201252A91}"
EndProject
Project("{FAE04EC0-301F-11D3-BF4B-00C04F79EFBC}") = "Listing_08", "Listing_08\Listing_08.csproj", "{DEFE8746-7BD4-497C-9C05-B35E1353D813}"
EndProject
Project("{FAE04EC0-301F-11D3-BF4B-00C04F79EFBC}") = "Listing_09", "Listing_09\Listing_09.csproj", "{5388A4F4-36DF-4A9C-8FC0-B0D92737906D}"
EndProject
Project("{FAE04EC0-301F-11D3-BF4B-00C04F79EFBC}") = "Listing_10", "Listing_10\Listing_10.csproj", "{6BF15965-3A0E-4DAB-AC16-653D80C087E5}"
EndProject
Project("{FAE04EC0-301F-11D3-BF4B-00C04F79EFBC}") = "Listing_11", "Listing_11\Listing_11.csproj", "{F931BE55-C9DE-4811-8AD4-1E02596A66DF}"
EndProject
Project("{FAE04EC0-301F-11D3-BF4B-00C04F79EFBC}") = "Listing_12", "Listing_12\Listing_12.csproj", "{43D3F6C6-937B-4898-B950-58489152CE16}"
EndProject
Project("{FAE04EC0-301F-11D3-BF4B-00C04F79EFBC}") = "Listing_13", "Listing_13\Listing_13.csproj", "{F0A8AAD9-05C2-4D05-A89E-AB18A758129B}"
EndProject
Project("{FAE04EC0-301F-11D3-BF4B-00C04F79EFBC}") = "Listing_14", "Listing_14\Listing_14.csproj", "{0F3A41FC-354B-4525-92B6-908972A7EF17}"
EndProject
Project("{FAE04EC0-301F-11D3-BF4B-00C04F79EFBC}") = "Listing_16", "Listing_16\Listing_16.csproj", "{186933DB-21EF-4900-864F-B46407B46306}"
EndProject
Project("{FAE04EC0-301F-11D3-BF4B-00C04F79EFBC}") = "Listing_17", "Listing_17\Listing_17.csproj", "{059BA5F4-507E-4795-966A-6DF938D4B30E}"
EndProject
Global
	GlobalSection(SolutionConfigurationPlatforms) = preSolution
		Debug|x86 = Debug|x86
		Release|x86 = Release|x86
	EndGlobalSection
	GlobalSection(ProjectConfigurationPlatforms) = postSolution
		{DD03C0E2-62B1-48CB-B9E1-50D912E6D338}.Debug|x86.ActiveCfg = Debug|x86
		{DD03C0E2-62B1-48CB-B9E1-50D912E6D338}.Debug|x86.Build.0 = Debug|x86
		{DD03C0E2-62B1-48CB-B9E1-50D912E6D338}.Release|x86.ActiveCfg = Release|x86
		{DD03C0E2-62B1-48CB-B9E1-50D912E6D338}.Release|x86.Build.0 = Release|x86
		{69E2C518-BC2A-497F-8F9B-2A06D1ACCC06}.Debug|x86.ActiveCfg = Debug|x86
		{69E2C518-BC2A-497F-8F9B-2A06D1ACCC06}.Debug|x86.Build.0 = Debug|x86
		{69E2C518-BC2A-497F-8F9B-2A06D1ACCC06}.Release|x86.ActiveCfg = Release|x86
		{69E2C518-BC2A-497F-8F9B-2A06D1ACCC06}.Release|x86.Build.0 = Release|x86
		{3BC0935A-1B8C-4D83-9ABA-B5ED9E3DB35D}.Debug|x86.ActiveCfg = Debug|x86
		{3BC0935A-1B8C-4D83-9ABA-B5ED9E3DB35D}.Debug|x86.Build.0 = Debug|x86
		{3BC0935A-1B8C-4D83-9ABA-B5ED9E3DB35D}.Release|x86.ActiveCfg = Release|x86
		{3BC0935A-1B8C-4D83-9ABA-B5ED9E3DB35D}.Release|x86.Build.0 = Release|x86
		{FEF5535B-A7A3-47F6-99A6-A115A707893A}.Debug|x86.ActiveCfg = Debug|x86
		{FEF5535B-A7A3-47F6-99A6-A115A707893A}.Debug|x86.Build.0 = Debug|x86
		{FEF5535B-A7A3-47F6-99A6-A115A707893A}.Release|x86.ActiveCfg = Release|x86
		{FEF5535B-A7A3-47F6-99A6-A115A707893A}.Release|x86.Build.0 = Release|x86
		{5CF42F9E-DEAB-4BF9-B62C-46FA334D9A90}.Debug|x86.ActiveCfg = Debug|x86
		{5CF42F9E-DEAB-4BF9-B62C-46FA334D9A90}.Debug|x86.Build.0 = Debug|x86
		{5CF42F9E-DEAB-4BF9-B62C-46FA334D9A90}.Release|x86.ActiveCfg = Release|x86
		{5CF42F9E-DEAB-4BF9-B62C-46FA334D9A90}.Release|x86.Build.0 = Release|x86
		{B0A0C910-118C-47C4-AB48-C5740969FB90}.Debug|x86.ActiveCfg = Debug|x86
		{B0A0C910-118C-47C4-AB48-C5740969FB90}.Debug|x86.Build.0 = Debug|x86
		{B0A0C910-118C-47C4-AB48-C5740969FB90}.Release|x86.ActiveCfg = Release|x86
		{B0A0C910-118C-47C4-AB48-C5740969FB90}.Release|x86.Build.0 = Release|x86
		{7407AADD-4047-4072-913A-CE3201252A91}.Debug|x86.ActiveCfg = Debug|x86
		{7407AADD-4047-4072-913A-CE3201252A91}.Debug|x86.Build.0 = Debug|x86
		{7407AADD-4047-4072-913A-CE3201252A91}.Release|x86.ActiveCfg = Release|x86
		{7407AADD-4047-4072-913A-CE3201252A91}.Release|x86.Build.0 = Release|x86
		{DEFE8746-7BD4-497C-9C05-B35E1353D813}.Debug|x86.ActiveCfg = Debug|x86
		{DEFE8746-7BD4-497C-9C05-B35E1353D813}.Debug|x86.Build.0 = Debug|x86
		{DEFE8746-7BD4-497C-9C05-B35E1353D813}.Release|x86.ActiveCfg = Release|x86
		{DEFE8746-7BD4-497C-9C05-B35E1353D813}.Release|x86.Build.0 = Release|x86
		{5388A4F4-36DF-4A9C-8FC0-B0D92737906D}.Debug|x86.ActiveCfg = Debug|x86
		{5388A4F4-36DF-4A9C-8FC0-B0D92737906D}.Debug|x86.Build.0 = Debug|x86
		{5388A4F4-36DF-4A9C-8FC0-B0D92737906D}.Release|x86.ActiveCfg = Release|x86
		{5388A4F4-36DF-4A9C-8FC0-B0D92737906D}.Release|x86.Build.0 = Release|x86
		{6BF15965-3A0E-4DAB-AC16-653D80C087E5}.Debug|x86.ActiveCfg = Debug|x86
		{6BF15965-3A0E-4DAB-AC16-653D80C087E5}.Debug|x86.Build.0 = Debug|x86
		{6BF15965-3A0E-4DAB-AC16-653D80C087E5}.Release|x86.ActiveCfg = Release|x86
		{6BF15965-3A0E-4DAB-AC16-653D80C087E5}.Release|x86.Build.0 = Release|x86
		{F931BE55-C9DE-4811-8AD4-1E02596A66DF}.Debug|x86.ActiveCfg = Debug|x86
		{F931BE55-C9DE-4811-8AD4-1E02596A66DF}.Debug|x86.Build.0 = Debug|x86
		{F931BE55-C9DE-4811-8AD4-1E02596A66DF}.Release|x86.ActiveCfg = Release|x86
		{F931BE55-C9DE-4811-8AD4-1E02596A66DF}.Release|x86.Build.0 = Release|x86
		{43D3F6C6-937B-4898-B950-58489152CE16}.Debug|x86.ActiveCfg = Debug|x86
		{43D3F6C6-937B-4898-B950-58489152CE16}.Debug|x86.Build.0 = Debug|x86
		{43D3F6C6-937B-4898-B950-58489152CE16}.Release|x86.ActiveCfg = Release|x86
		{43D3F6C6-937B-4898-B950-58489152CE16}.Release|x86.Build.0 = Release|x86
		{F0A8AAD9-05C2-4D05-A89E-AB18A758129B}.Debug|x86.ActiveCfg = Debug|x86
		{F0A8AAD9-05C2-4D05-A89E-AB18A758129B}.Debug|x86.Build.0 = Debug|x86
		{F0A8AAD9-05C2-4D05-A89E-AB18A758129B}.Release|x86.ActiveCfg = Release|x86
		{F0A8AAD9-05C2-4D05-A89E-AB18A758129B}.Release|x86.Build.0 = Release|x86
		{0F3A41FC-354B-4525-92B6-908972A7EF17}.Debug|x86.ActiveCfg = Debug|x86
		{0F3A41FC-354B-4525-92B6-908972A7EF17}.Debug|x86.Build.0 = Debug|x86
		{0F3A41FC-354B-4525-92B6-908972A7EF17}.Release|x86.ActiveCfg = Release|x86
		{0F3A41FC-354B-4525-92B6-908972A7EF17}.Release|x86.Build.0 = Release|x86
		{186933DB-21EF-4900-864F-B46407B46306}.Debug|x86.ActiveCfg = Debug|x86
		{186933DB-21EF-4900-864F-B46407B46306}.Debug|x86.Build.0 = Debug|x86
		{186933DB-21EF-4900-864F-B46407B46306}.Release|x86.ActiveCfg = Release|x86
		{186933DB-21EF-4900-864F-B46407B46306}.Release|x86.Build.0 = Release|x86
		{059BA5F4-507E-4795-966A-6DF938D4B30E}.Debug|x86.ActiveCfg = Debug|x86
		{059BA5F4-507E-4795-966A-6DF938D4B30E}.Debug|x86.Build.0 = Debug|x86
		{059BA5F4-507E-4795-966A-6DF938D4B30E}.Release|x86.ActiveCfg = Release|x86
		{059BA5F4-507E-4795-966A-6DF938D4B30E}.Release|x86.Build.0 = Release|x86
	EndGlobalSection
	GlobalSection(SolutionProperties) = preSolution
		HideSolutionNode = FALSE
	EndGlobalSection
EndGlobal
