
Microsoft Visual Studio Solution File, Format Version 11.00
# Visual Studio 2010
Project("{FAE04EC0-301F-11D3-BF4B-00C04F79EFBC}") = "Listing_01", "Listing_01\Listing_01.csproj", "{C62C0B15-84DB-4BB4-9870-A4F23E4AE877}"
EndProject
Project("{FAE04EC0-301F-11D3-BF4B-00C04F79EFBC}") = "Listing_02", "Listing_02\Listing_02.csproj", "{3D3F6163-AFF4-42E2-90B3-272390D81C9D}"
EndProject
Project("{FAE04EC0-301F-11D3-BF4B-00C04F79EFBC}") = "Listing_03", "Listing_03\Listing_03.csproj", "{5A97EFFD-AEE5-4C18-8D35-F3C68077CA6A}"
EndProject
Project("{FAE04EC0-301F-11D3-BF4B-00C04F79EFBC}") = "Listing_04", "Listing_04\Listing_04.csproj", "{CD6DF216-7F59-42DE-9A19-D770D5033B56}"
EndProject
Project("{FAE04EC0-301F-11D3-BF4B-00C04F79EFBC}") = "Listing_05", "Listing_05\Listing_05.csproj", "{66223B1F-BDCC-4FD2-8394-57EF7B54D303}"
EndProject
Project("{FAE04EC0-301F-11D3-BF4B-00C04F79EFBC}") = "Listing_06", "Listing_06\Listing_06.csproj", "{A0BBAF59-ED64-401A-BDAE-7DCAEA636E88}"
EndProject
Project("{FAE04EC0-301F-11D3-BF4B-00C04F79EFBC}") = "Listing_07", "Listing_07\Listing_07.csproj", "{F54516D5-772B-4FFB-B42D-9B7920A4ABC7}"
EndProject
Project("{FAE04EC0-301F-11D3-BF4B-00C04F79EFBC}") = "Listing_08", "Listing_08\Listing_08.csproj", "{9D481D3A-7836-4725-AE6F-CA9C6D512078}"
EndProject
Project("{FAE04EC0-301F-11D3-BF4B-00C04F79EFBC}") = "Listing_09", "Listing_09\Listing_09.csproj", "{A1297AA9-BCF0-47EF-A26E-4B6484DCA115}"
EndProject
Project("{FAE04EC0-301F-11D3-BF4B-00C04F79EFBC}") = "Listing_10", "Listing_10\Listing_10.csproj", "{BB5446F0-1930-4F56-A69F-BF744D91F506}"
EndProject
Project("{FAE04EC0-301F-11D3-BF4B-00C04F79EFBC}") = "Listing_11", "Listing_11\Listing_11.csproj", "{2D7E2412-7F88-4225-96A1-4EFF204E388A}"
EndProject
Project("{FAE04EC0-301F-11D3-BF4B-00C04F79EFBC}") = "Listing_12", "Listing_12\Listing_12.csproj", "{ACA95E96-EB04-4B9B-B7EA-6B5867A3410D}"
EndProject
Project("{FAE04EC0-301F-11D3-BF4B-00C04F79EFBC}") = "Listing_13", "Listing_13\Listing_13.csproj", "{B4AA999A-772B-4C16-9B26-8D4B729DE480}"
EndProject
Project("{FAE04EC0-301F-11D3-BF4B-00C04F79EFBC}") = "Listing_14", "Listing_14\Listing_14.csproj", "{26E01286-D4F4-482D-8233-0E5DC4F67E4C}"
EndProject
Project("{FAE04EC0-301F-11D3-BF4B-00C04F79EFBC}") = "Listing_15", "Listing_15\Listing_15.csproj", "{B9154632-D02A-4F1F-8D85-E046E0224DFB}"
EndProject
Project("{FAE04EC0-301F-11D3-BF4B-00C04F79EFBC}") = "Listing_16", "Listing_16\Listing_16.csproj", "{29248AFB-53C5-47EB-B22D-614940F363F2}"
EndProject
Project("{FAE04EC0-301F-11D3-BF4B-00C04F79EFBC}") = "Listing_17", "Listing_17\Listing_17.csproj", "{628AA82B-AE67-4490-9CCD-AAB2604C4F28}"
EndProject
Project("{FAE04EC0-301F-11D3-BF4B-00C04F79EFBC}") = "Listing_18", "Listing_18\Listing_18.csproj", "{96340BEA-6A58-49F9-B182-2F360FBF772F}"
EndProject
Project("{FAE04EC0-301F-11D3-BF4B-00C04F79EFBC}") = "Listing_19", "Listing_19\Listing_19.csproj", "{4F3E7B52-B30E-4791-813A-3B71F20F8EF4}"
EndProject
Project("{FAE04EC0-301F-11D3-BF4B-00C04F79EFBC}") = "Listing_20", "Listing_20\Listing_20.csproj", "{766C3214-EF94-4F55-A12B-22B305F80761}"
EndProject
Project("{FAE04EC0-301F-11D3-BF4B-00C04F79EFBC}") = "Listing_21", "Listing_21\Listing_21.csproj", "{29515816-3947-4B2F-A879-8F6401FAF2D3}"
EndProject
Project("{FAE04EC0-301F-11D3-BF4B-00C04F79EFBC}") = "Listing_22", "Listing_22\Listing_22.csproj", "{EB1EEF8F-B07E-4727-8AD9-E5C618F98CEC}"
EndProject
Project("{FAE04EC0-301F-11D3-BF4B-00C04F79EFBC}") = "Listing_23", "Listing_23\Listing_23.csproj", "{FB0BC147-4AFE-49BA-B226-7A30F33EEA85}"
EndProject
Project("{FAE04EC0-301F-11D3-BF4B-00C04F79EFBC}") = "Listing_24", "Listing_24\Listing_24.csproj", "{FD6FBC85-418B-4511-BD18-EF0B7422281F}"
EndProject
Global
	GlobalSection(SolutionConfigurationPlatforms) = preSolution
		Debug|x86 = Debug|x86
		Release|x86 = Release|x86
	EndGlobalSection
	GlobalSection(ProjectConfigurationPlatforms) = postSolution
		{C62C0B15-84DB-4BB4-9870-A4F23E4AE877}.Debug|x86.ActiveCfg = Debug|x86
		{C62C0B15-84DB-4BB4-9870-A4F23E4AE877}.Debug|x86.Build.0 = Debug|x86
		{C62C0B15-84DB-4BB4-9870-A4F23E4AE877}.Release|x86.ActiveCfg = Release|x86
		{C62C0B15-84DB-4BB4-9870-A4F23E4AE877}.Release|x86.Build.0 = Release|x86
		{3D3F6163-AFF4-42E2-90B3-272390D81C9D}.Debug|x86.ActiveCfg = Debug|x86
		{3D3F6163-AFF4-42E2-90B3-272390D81C9D}.Debug|x86.Build.0 = Debug|x86
		{3D3F6163-AFF4-42E2-90B3-272390D81C9D}.Release|x86.ActiveCfg = Release|x86
		{3D3F6163-AFF4-42E2-90B3-272390D81C9D}.Release|x86.Build.0 = Release|x86
		{5A97EFFD-AEE5-4C18-8D35-F3C68077CA6A}.Debug|x86.ActiveCfg = Debug|x86
		{5A97EFFD-AEE5-4C18-8D35-F3C68077CA6A}.Debug|x86.Build.0 = Debug|x86
		{5A97EFFD-AEE5-4C18-8D35-F3C68077CA6A}.Release|x86.ActiveCfg = Release|x86
		{5A97EFFD-AEE5-4C18-8D35-F3C68077CA6A}.Release|x86.Build.0 = Release|x86
		{CD6DF216-7F59-42DE-9A19-D770D5033B56}.Debug|x86.ActiveCfg = Debug|x86
		{CD6DF216-7F59-42DE-9A19-D770D5033B56}.Debug|x86.Build.0 = Debug|x86
		{CD6DF216-7F59-42DE-9A19-D770D5033B56}.Release|x86.ActiveCfg = Release|x86
		{CD6DF216-7F59-42DE-9A19-D770D5033B56}.Release|x86.Build.0 = Release|x86
		{66223B1F-BDCC-4FD2-8394-57EF7B54D303}.Debug|x86.ActiveCfg = Debug|x86
		{66223B1F-BDCC-4FD2-8394-57EF7B54D303}.Debug|x86.Build.0 = Debug|x86
		{66223B1F-BDCC-4FD2-8394-57EF7B54D303}.Release|x86.ActiveCfg = Release|x86
		{66223B1F-BDCC-4FD2-8394-57EF7B54D303}.Release|x86.Build.0 = Release|x86
		{A0BBAF59-ED64-401A-BDAE-7DCAEA636E88}.Debug|x86.ActiveCfg = Debug|x86
		{A0BBAF59-ED64-401A-BDAE-7DCAEA636E88}.Debug|x86.Build.0 = Debug|x86
		{A0BBAF59-ED64-401A-BDAE-7DCAEA636E88}.Release|x86.ActiveCfg = Release|x86
		{A0BBAF59-ED64-401A-BDAE-7DCAEA636E88}.Release|x86.Build.0 = Release|x86
		{F54516D5-772B-4FFB-B42D-9B7920A4ABC7}.Debug|x86.ActiveCfg = Debug|x86
		{F54516D5-772B-4FFB-B42D-9B7920A4ABC7}.Debug|x86.Build.0 = Debug|x86
		{F54516D5-772B-4FFB-B42D-9B7920A4ABC7}.Release|x86.ActiveCfg = Release|x86
		{F54516D5-772B-4FFB-B42D-9B7920A4ABC7}.Release|x86.Build.0 = Release|x86
		{9D481D3A-7836-4725-AE6F-CA9C6D512078}.Debug|x86.ActiveCfg = Debug|x86
		{9D481D3A-7836-4725-AE6F-CA9C6D512078}.Debug|x86.Build.0 = Debug|x86
		{9D481D3A-7836-4725-AE6F-CA9C6D512078}.Release|x86.ActiveCfg = Release|x86
		{9D481D3A-7836-4725-AE6F-CA9C6D512078}.Release|x86.Build.0 = Release|x86
		{A1297AA9-BCF0-47EF-A26E-4B6484DCA115}.Debug|x86.ActiveCfg = Debug|x86
		{A1297AA9-BCF0-47EF-A26E-4B6484DCA115}.Debug|x86.Build.0 = Debug|x86
		{A1297AA9-BCF0-47EF-A26E-4B6484DCA115}.Release|x86.ActiveCfg = Release|x86
		{A1297AA9-BCF0-47EF-A26E-4B6484DCA115}.Release|x86.Build.0 = Release|x86
		{BB5446F0-1930-4F56-A69F-BF744D91F506}.Debug|x86.ActiveCfg = Debug|x86
		{BB5446F0-1930-4F56-A69F-BF744D91F506}.Debug|x86.Build.0 = Debug|x86
		{BB5446F0-1930-4F56-A69F-BF744D91F506}.Release|x86.ActiveCfg = Release|x86
		{BB5446F0-1930-4F56-A69F-BF744D91F506}.Release|x86.Build.0 = Release|x86
		{2D7E2412-7F88-4225-96A1-4EFF204E388A}.Debug|x86.ActiveCfg = Debug|x86
		{2D7E2412-7F88-4225-96A1-4EFF204E388A}.Debug|x86.Build.0 = Debug|x86
		{2D7E2412-7F88-4225-96A1-4EFF204E388A}.Release|x86.ActiveCfg = Release|x86
		{2D7E2412-7F88-4225-96A1-4EFF204E388A}.Release|x86.Build.0 = Release|x86
		{ACA95E96-EB04-4B9B-B7EA-6B5867A3410D}.Debug|x86.ActiveCfg = Debug|x86
		{ACA95E96-EB04-4B9B-B7EA-6B5867A3410D}.Debug|x86.Build.0 = Debug|x86
		{ACA95E96-EB04-4B9B-B7EA-6B5867A3410D}.Release|x86.ActiveCfg = Release|x86
		{ACA95E96-EB04-4B9B-B7EA-6B5867A3410D}.Release|x86.Build.0 = Release|x86
		{B4AA999A-772B-4C16-9B26-8D4B729DE480}.Debug|x86.ActiveCfg = Debug|x86
		{B4AA999A-772B-4C16-9B26-8D4B729DE480}.Debug|x86.Build.0 = Debug|x86
		{B4AA999A-772B-4C16-9B26-8D4B729DE480}.Release|x86.ActiveCfg = Release|x86
		{B4AA999A-772B-4C16-9B26-8D4B729DE480}.Release|x86.Build.0 = Release|x86
		{26E01286-D4F4-482D-8233-0E5DC4F67E4C}.Debug|x86.ActiveCfg = Debug|x86
		{26E01286-D4F4-482D-8233-0E5DC4F67E4C}.Debug|x86.Build.0 = Debug|x86
		{26E01286-D4F4-482D-8233-0E5DC4F67E4C}.Release|x86.ActiveCfg = Release|x86
		{26E01286-D4F4-482D-8233-0E5DC4F67E4C}.Release|x86.Build.0 = Release|x86
		{B9154632-D02A-4F1F-8D85-E046E0224DFB}.Debug|x86.ActiveCfg = Debug|x86
		{B9154632-D02A-4F1F-8D85-E046E0224DFB}.Debug|x86.Build.0 = Debug|x86
		{B9154632-D02A-4F1F-8D85-E046E0224DFB}.Release|x86.ActiveCfg = Release|x86
		{B9154632-D02A-4F1F-8D85-E046E0224DFB}.Release|x86.Build.0 = Release|x86
		{29248AFB-53C5-47EB-B22D-614940F363F2}.Debug|x86.ActiveCfg = Debug|x86
		{29248AFB-53C5-47EB-B22D-614940F363F2}.Debug|x86.Build.0 = Debug|x86
		{29248AFB-53C5-47EB-B22D-614940F363F2}.Release|x86.ActiveCfg = Release|x86
		{29248AFB-53C5-47EB-B22D-614940F363F2}.Release|x86.Build.0 = Release|x86
		{628AA82B-AE67-4490-9CCD-AAB2604C4F28}.Debug|x86.ActiveCfg = Debug|x86
		{628AA82B-AE67-4490-9CCD-AAB2604C4F28}.Debug|x86.Build.0 = Debug|x86
		{628AA82B-AE67-4490-9CCD-AAB2604C4F28}.Release|x86.ActiveCfg = Release|x86
		{628AA82B-AE67-4490-9CCD-AAB2604C4F28}.Release|x86.Build.0 = Release|x86
		{96340BEA-6A58-49F9-B182-2F360FBF772F}.Debug|x86.ActiveCfg = Debug|x86
		{96340BEA-6A58-49F9-B182-2F360FBF772F}.Debug|x86.Build.0 = Debug|x86
		{96340BEA-6A58-49F9-B182-2F360FBF772F}.Release|x86.ActiveCfg = Release|x86
		{96340BEA-6A58-49F9-B182-2F360FBF772F}.Release|x86.Build.0 = Release|x86
		{4F3E7B52-B30E-4791-813A-3B71F20F8EF4}.Debug|x86.ActiveCfg = Debug|x86
		{4F3E7B52-B30E-4791-813A-3B71F20F8EF4}.Debug|x86.Build.0 = Debug|x86
		{4F3E7B52-B30E-4791-813A-3B71F20F8EF4}.Release|x86.ActiveCfg = Release|x86
		{4F3E7B52-B30E-4791-813A-3B71F20F8EF4}.Release|x86.Build.0 = Release|x86
		{766C3214-EF94-4F55-A12B-22B305F80761}.Debug|x86.ActiveCfg = Debug|x86
		{766C3214-EF94-4F55-A12B-22B305F80761}.Debug|x86.Build.0 = Debug|x86
		{766C3214-EF94-4F55-A12B-22B305F80761}.Release|x86.ActiveCfg = Release|x86
		{766C3214-EF94-4F55-A12B-22B305F80761}.Release|x86.Build.0 = Release|x86
		{29515816-3947-4B2F-A879-8F6401FAF2D3}.Debug|x86.ActiveCfg = Debug|x86
		{29515816-3947-4B2F-A879-8F6401FAF2D3}.Debug|x86.Build.0 = Debug|x86
		{29515816-3947-4B2F-A879-8F6401FAF2D3}.Release|x86.ActiveCfg = Release|x86
		{29515816-3947-4B2F-A879-8F6401FAF2D3}.Release|x86.Build.0 = Release|x86
		{EB1EEF8F-B07E-4727-8AD9-E5C618F98CEC}.Debug|x86.ActiveCfg = Debug|x86
		{EB1EEF8F-B07E-4727-8AD9-E5C618F98CEC}.Debug|x86.Build.0 = Debug|x86
		{EB1EEF8F-B07E-4727-8AD9-E5C618F98CEC}.Release|x86.ActiveCfg = Release|x86
		{EB1EEF8F-B07E-4727-8AD9-E5C618F98CEC}.Release|x86.Build.0 = Release|x86
		{FB0BC147-4AFE-49BA-B226-7A30F33EEA85}.Debug|x86.ActiveCfg = Debug|x86
		{FB0BC147-4AFE-49BA-B226-7A30F33EEA85}.Debug|x86.Build.0 = Debug|x86
		{FB0BC147-4AFE-49BA-B226-7A30F33EEA85}.Release|x86.ActiveCfg = Release|x86
		{FB0BC147-4AFE-49BA-B226-7A30F33EEA85}.Release|x86.Build.0 = Release|x86
		{FD6FBC85-418B-4511-BD18-EF0B7422281F}.Debug|x86.ActiveCfg = Debug|x86
		{FD6FBC85-418B-4511-BD18-EF0B7422281F}.Debug|x86.Build.0 = Debug|x86
		{FD6FBC85-418B-4511-BD18-EF0B7422281F}.Release|x86.ActiveCfg = Release|x86
		{FD6FBC85-418B-4511-BD18-EF0B7422281F}.Release|x86.Build.0 = Release|x86
	EndGlobalSection
	GlobalSection(SolutionProperties) = preSolution
		HideSolutionNode = FALSE
	EndGlobalSection
EndGlobal
