
Microsoft Visual Studio Solution File, Format Version 11.00
# Visual Studio 2010
Project("{FAE04EC0-301F-11D3-BF4B-00C04F79EFBC}") = "Listing_01", "Listing_01\Listing_01.csproj", "{B388B883-C221-4DAB-B0AD-D412A98CD5E3}"
EndProject
Project("{FAE04EC0-301F-11D3-BF4B-00C04F79EFBC}") = "Listing_02", "Listing_02\Listing_02.csproj", "{296B4EF9-BC84-48A3-BA63-4FB21FFBECE5}"
EndProject
Project("{FAE04EC0-301F-11D3-BF4B-00C04F79EFBC}") = "Listing_03", "Listing_03\Listing_03.csproj", "{26BCCF5F-CEFA-4B72-992E-6F19A1DA5A66}"
EndProject
Project("{FAE04EC0-301F-11D3-BF4B-00C04F79EFBC}") = "Listing_04", "Listing_04\Listing_04.csproj", "{57E049F2-BD13-49EB-B753-9621DDF60D59}"
EndProject
Project("{FAE04EC0-301F-11D3-BF4B-00C04F79EFBC}") = "Listing_05", "Listing_05\Listing_05.csproj", "{E16B6C16-0B7D-419A-97E7-02C9BABD4F2C}"
EndProject
Project("{FAE04EC0-301F-11D3-BF4B-00C04F79EFBC}") = "Listing_06", "Listing_06\Listing_06.csproj", "{70DB7D42-A370-42CC-8AFE-E4FAE50E929A}"
EndProject
Project("{FAE04EC0-301F-11D3-BF4B-00C04F79EFBC}") = "Listing_07", "Listing_07\Listing_07.csproj", "{6833DE3E-91E6-4D7A-BC26-172A46A0E2B6}"
EndProject
Project("{FAE04EC0-301F-11D3-BF4B-00C04F79EFBC}") = "Listing_08", "Listing_08\Listing_08.csproj", "{61642DC2-78C2-4EB9-8EEA-56E1AA56BD0C}"
EndProject
Project("{FAE04EC0-301F-11D3-BF4B-00C04F79EFBC}") = "Listing_09", "Listing_09\Listing_09.csproj", "{A7B3F169-4991-4BAA-BDEB-4E8C62984CE5}"
EndProject
Project("{FAE04EC0-301F-11D3-BF4B-00C04F79EFBC}") = "Listing_10", "Listing_10\Listing_10.csproj", "{8986D147-5B0D-4449-B1E0-BC113F524C46}"
EndProject
Project("{FAE04EC0-301F-11D3-BF4B-00C04F79EFBC}") = "Listing_11", "Listing_11\Listing_11.csproj", "{51710449-AE6B-4615-B1DA-C7B93B03A6D0}"
EndProject
Project("{FAE04EC0-301F-11D3-BF4B-00C04F79EFBC}") = "Listing_12", "Listing_12\Listing_12.csproj", "{11093464-975D-4017-9E5F-1D1F8D814565}"
EndProject
Project("{FAE04EC0-301F-11D3-BF4B-00C04F79EFBC}") = "Listing_13", "Listing_13\Listing_13.csproj", "{FBA60CF6-7CF3-4EE9-9EDB-031FF2354889}"
EndProject
Project("{FAE04EC0-301F-11D3-BF4B-00C04F79EFBC}") = "Listing_14", "Listing_14\Listing_14.csproj", "{DB65A421-E1F4-4CBC-A643-F02ECDDC234B}"
EndProject
Project("{FAE04EC0-301F-11D3-BF4B-00C04F79EFBC}") = "Listing_15", "Listing_15\Listing_15.csproj", "{CDBE09FA-8247-4641-A78C-99E0494C3B39}"
EndProject
Project("{FAE04EC0-301F-11D3-BF4B-00C04F79EFBC}") = "Listing_16", "Listing_16\Listing_16.csproj", "{2396EC33-2540-4245-9E1D-BA5650D758DC}"
EndProject
Project("{FAE04EC0-301F-11D3-BF4B-00C04F79EFBC}") = "Listing_17", "Listing_17\Listing_17.csproj", "{ED7A5BBC-C4B2-49B5-8049-75D040DD432F}"
EndProject
Project("{FAE04EC0-301F-11D3-BF4B-00C04F79EFBC}") = "Listing_18", "Listing_18\Listing_18.csproj", "{7EA3BE7F-B150-4D0C-9ACF-1A02901B05F9}"
EndProject
Project("{FAE04EC0-301F-11D3-BF4B-00C04F79EFBC}") = "Listing_19", "Listing_19\Listing_19.csproj", "{126FD26A-1E13-4F7E-AAA1-405986293C01}"
EndProject
Project("{FAE04EC0-301F-11D3-BF4B-00C04F79EFBC}") = "Listing_20", "Listing_20\Listing_20.csproj", "{B76C821B-A386-4949-80C7-3C5FC037CE88}"
EndProject
Project("{FAE04EC0-301F-11D3-BF4B-00C04F79EFBC}") = "Listing_21", "Listing_21\Listing_21.csproj", "{F579C861-D7DA-49DE-911B-C377C962B5B5}"
EndProject
Project("{FAE04EC0-301F-11D3-BF4B-00C04F79EFBC}") = "Listing_22", "Listing_22\Listing_22.csproj", "{C86F478B-E16A-4F09-B0AD-2C3C12E1D8CC}"
EndProject
Project("{FAE04EC0-301F-11D3-BF4B-00C04F79EFBC}") = "Listing_23", "Listing_23\Listing_23.csproj", "{F392CFF0-349A-4233-BC56-3DFA64B365E5}"
EndProject
Project("{FAE04EC0-301F-11D3-BF4B-00C04F79EFBC}") = "Listing_24", "Listing_24\Listing_24.csproj", "{FE09A932-A673-4E8C-BD74-2D9633D62BE4}"
EndProject
Project("{FAE04EC0-301F-11D3-BF4B-00C04F79EFBC}") = "Listing_25", "Listing_25\Listing_25.csproj", "{E8AE36ED-9AB8-4C4A-B3E2-0A1CA3B696FA}"
EndProject
Project("{FAE04EC0-301F-11D3-BF4B-00C04F79EFBC}") = "Listing_26", "Listing_26\Listing_26.csproj", "{3BCFBD5C-D437-4C9F-A267-10E83BBEA556}"
EndProject
Project("{2150E333-8FDC-42A3-9474-1A3956D46DE8}") = "Listings 1-25", "Listings 1-25", "{CE36FA78-50C5-4B94-9E53-33DD8AC6A4D2}"
EndProject
Project("{FAE04EC0-301F-11D3-BF4B-00C04F79EFBC}") = "Listing_27", "Listing_27\Listing_27.csproj", "{42D809C1-C2BB-4776-AD59-06F6BF12B17A}"
EndProject
Project("{FAE04EC0-301F-11D3-BF4B-00C04F79EFBC}") = "Listing_28", "Listing_28\Listing_28.csproj", "{89DA20BC-F278-4D41-BAC9-F1CD60F6DFDF}"
EndProject
Project("{FAE04EC0-301F-11D3-BF4B-00C04F79EFBC}") = "Listing_29", "Listing_29\Listing_29.csproj", "{304E0F21-305A-45E0-BF7C-87C2561E7801}"
EndProject
Project("{FAE04EC0-301F-11D3-BF4B-00C04F79EFBC}") = "Listing_32", "Listing_32\Listing_32.csproj", "{794E6204-E617-49FA-BE46-5DDC4BCC37D2}"
EndProject
Project("{FAE04EC0-301F-11D3-BF4B-00C04F79EFBC}") = "Listing_31", "Listing_31\Listing_31.csproj", "{E59E42E4-4D1A-469B-A9A2-F4C5E3DE9B6A}"
EndProject
Global
	GlobalSection(SolutionConfigurationPlatforms) = preSolution
		Debug|x86 = Debug|x86
		Release|x86 = Release|x86
	EndGlobalSection
	GlobalSection(ProjectConfigurationPlatforms) = postSolution
		{B388B883-C221-4DAB-B0AD-D412A98CD5E3}.Debug|x86.ActiveCfg = Debug|x86
		{B388B883-C221-4DAB-B0AD-D412A98CD5E3}.Debug|x86.Build.0 = Debug|x86
		{B388B883-C221-4DAB-B0AD-D412A98CD5E3}.Release|x86.ActiveCfg = Release|x86
		{B388B883-C221-4DAB-B0AD-D412A98CD5E3}.Release|x86.Build.0 = Release|x86
		{296B4EF9-BC84-48A3-BA63-4FB21FFBECE5}.Debug|x86.ActiveCfg = Debug|x86
		{296B4EF9-BC84-48A3-BA63-4FB21FFBECE5}.Debug|x86.Build.0 = Debug|x86
		{296B4EF9-BC84-48A3-BA63-4FB21FFBECE5}.Release|x86.ActiveCfg = Release|x86
		{296B4EF9-BC84-48A3-BA63-4FB21FFBECE5}.Release|x86.Build.0 = Release|x86
		{26BCCF5F-CEFA-4B72-992E-6F19A1DA5A66}.Debug|x86.ActiveCfg = Debug|x86
		{26BCCF5F-CEFA-4B72-992E-6F19A1DA5A66}.Debug|x86.Build.0 = Debug|x86
		{26BCCF5F-CEFA-4B72-992E-6F19A1DA5A66}.Release|x86.ActiveCfg = Release|x86
		{26BCCF5F-CEFA-4B72-992E-6F19A1DA5A66}.Release|x86.Build.0 = Release|x86
		{57E049F2-BD13-49EB-B753-9621DDF60D59}.Debug|x86.ActiveCfg = Debug|x86
		{57E049F2-BD13-49EB-B753-9621DDF60D59}.Debug|x86.Build.0 = Debug|x86
		{57E049F2-BD13-49EB-B753-9621DDF60D59}.Release|x86.ActiveCfg = Release|x86
		{57E049F2-BD13-49EB-B753-9621DDF60D59}.Release|x86.Build.0 = Release|x86
		{E16B6C16-0B7D-419A-97E7-02C9BABD4F2C}.Debug|x86.ActiveCfg = Debug|x86
		{E16B6C16-0B7D-419A-97E7-02C9BABD4F2C}.Debug|x86.Build.0 = Debug|x86
		{E16B6C16-0B7D-419A-97E7-02C9BABD4F2C}.Release|x86.ActiveCfg = Release|x86
		{E16B6C16-0B7D-419A-97E7-02C9BABD4F2C}.Release|x86.Build.0 = Release|x86
		{70DB7D42-A370-42CC-8AFE-E4FAE50E929A}.Debug|x86.ActiveCfg = Debug|x86
		{70DB7D42-A370-42CC-8AFE-E4FAE50E929A}.Debug|x86.Build.0 = Debug|x86
		{70DB7D42-A370-42CC-8AFE-E4FAE50E929A}.Release|x86.ActiveCfg = Release|x86
		{70DB7D42-A370-42CC-8AFE-E4FAE50E929A}.Release|x86.Build.0 = Release|x86
		{6833DE3E-91E6-4D7A-BC26-172A46A0E2B6}.Debug|x86.ActiveCfg = Debug|x86
		{6833DE3E-91E6-4D7A-BC26-172A46A0E2B6}.Debug|x86.Build.0 = Debug|x86
		{6833DE3E-91E6-4D7A-BC26-172A46A0E2B6}.Release|x86.ActiveCfg = Release|x86
		{6833DE3E-91E6-4D7A-BC26-172A46A0E2B6}.Release|x86.Build.0 = Release|x86
		{61642DC2-78C2-4EB9-8EEA-56E1AA56BD0C}.Debug|x86.ActiveCfg = Debug|x86
		{61642DC2-78C2-4EB9-8EEA-56E1AA56BD0C}.Debug|x86.Build.0 = Debug|x86
		{61642DC2-78C2-4EB9-8EEA-56E1AA56BD0C}.Release|x86.ActiveCfg = Release|x86
		{61642DC2-78C2-4EB9-8EEA-56E1AA56BD0C}.Release|x86.Build.0 = Release|x86
		{A7B3F169-4991-4BAA-BDEB-4E8C62984CE5}.Debug|x86.ActiveCfg = Debug|x86
		{A7B3F169-4991-4BAA-BDEB-4E8C62984CE5}.Debug|x86.Build.0 = Debug|x86
		{A7B3F169-4991-4BAA-BDEB-4E8C62984CE5}.Release|x86.ActiveCfg = Release|x86
		{A7B3F169-4991-4BAA-BDEB-4E8C62984CE5}.Release|x86.Build.0 = Release|x86
		{8986D147-5B0D-4449-B1E0-BC113F524C46}.Debug|x86.ActiveCfg = Debug|x86
		{8986D147-5B0D-4449-B1E0-BC113F524C46}.Debug|x86.Build.0 = Debug|x86
		{8986D147-5B0D-4449-B1E0-BC113F524C46}.Release|x86.ActiveCfg = Release|x86
		{8986D147-5B0D-4449-B1E0-BC113F524C46}.Release|x86.Build.0 = Release|x86
		{51710449-AE6B-4615-B1DA-C7B93B03A6D0}.Debug|x86.ActiveCfg = Debug|x86
		{51710449-AE6B-4615-B1DA-C7B93B03A6D0}.Debug|x86.Build.0 = Debug|x86
		{51710449-AE6B-4615-B1DA-C7B93B03A6D0}.Release|x86.ActiveCfg = Release|x86
		{51710449-AE6B-4615-B1DA-C7B93B03A6D0}.Release|x86.Build.0 = Release|x86
		{11093464-975D-4017-9E5F-1D1F8D814565}.Debug|x86.ActiveCfg = Debug|x86
		{11093464-975D-4017-9E5F-1D1F8D814565}.Debug|x86.Build.0 = Debug|x86
		{11093464-975D-4017-9E5F-1D1F8D814565}.Release|x86.ActiveCfg = Release|x86
		{11093464-975D-4017-9E5F-1D1F8D814565}.Release|x86.Build.0 = Release|x86
		{FBA60CF6-7CF3-4EE9-9EDB-031FF2354889}.Debug|x86.ActiveCfg = Debug|x86
		{FBA60CF6-7CF3-4EE9-9EDB-031FF2354889}.Debug|x86.Build.0 = Debug|x86
		{FBA60CF6-7CF3-4EE9-9EDB-031FF2354889}.Release|x86.ActiveCfg = Release|x86
		{FBA60CF6-7CF3-4EE9-9EDB-031FF2354889}.Release|x86.Build.0 = Release|x86
		{DB65A421-E1F4-4CBC-A643-F02ECDDC234B}.Debug|x86.ActiveCfg = Debug|x86
		{DB65A421-E1F4-4CBC-A643-F02ECDDC234B}.Debug|x86.Build.0 = Debug|x86
		{DB65A421-E1F4-4CBC-A643-F02ECDDC234B}.Release|x86.ActiveCfg = Release|x86
		{DB65A421-E1F4-4CBC-A643-F02ECDDC234B}.Release|x86.Build.0 = Release|x86
		{CDBE09FA-8247-4641-A78C-99E0494C3B39}.Debug|x86.ActiveCfg = Debug|x86
		{CDBE09FA-8247-4641-A78C-99E0494C3B39}.Debug|x86.Build.0 = Debug|x86
		{CDBE09FA-8247-4641-A78C-99E0494C3B39}.Release|x86.ActiveCfg = Release|x86
		{CDBE09FA-8247-4641-A78C-99E0494C3B39}.Release|x86.Build.0 = Release|x86
		{2396EC33-2540-4245-9E1D-BA5650D758DC}.Debug|x86.ActiveCfg = Debug|x86
		{2396EC33-2540-4245-9E1D-BA5650D758DC}.Debug|x86.Build.0 = Debug|x86
		{2396EC33-2540-4245-9E1D-BA5650D758DC}.Release|x86.ActiveCfg = Release|x86
		{2396EC33-2540-4245-9E1D-BA5650D758DC}.Release|x86.Build.0 = Release|x86
		{ED7A5BBC-C4B2-49B5-8049-75D040DD432F}.Debug|x86.ActiveCfg = Debug|x86
		{ED7A5BBC-C4B2-49B5-8049-75D040DD432F}.Debug|x86.Build.0 = Debug|x86
		{ED7A5BBC-C4B2-49B5-8049-75D040DD432F}.Release|x86.ActiveCfg = Release|x86
		{ED7A5BBC-C4B2-49B5-8049-75D040DD432F}.Release|x86.Build.0 = Release|x86
		{7EA3BE7F-B150-4D0C-9ACF-1A02901B05F9}.Debug|x86.ActiveCfg = Debug|x86
		{7EA3BE7F-B150-4D0C-9ACF-1A02901B05F9}.Debug|x86.Build.0 = Debug|x86
		{7EA3BE7F-B150-4D0C-9ACF-1A02901B05F9}.Release|x86.ActiveCfg = Release|x86
		{7EA3BE7F-B150-4D0C-9ACF-1A02901B05F9}.Release|x86.Build.0 = Release|x86
		{126FD26A-1E13-4F7E-AAA1-405986293C01}.Debug|x86.ActiveCfg = Debug|x86
		{126FD26A-1E13-4F7E-AAA1-405986293C01}.Debug|x86.Build.0 = Debug|x86
		{126FD26A-1E13-4F7E-AAA1-405986293C01}.Release|x86.ActiveCfg = Release|x86
		{126FD26A-1E13-4F7E-AAA1-405986293C01}.Release|x86.Build.0 = Release|x86
		{B76C821B-A386-4949-80C7-3C5FC037CE88}.Debug|x86.ActiveCfg = Debug|x86
		{B76C821B-A386-4949-80C7-3C5FC037CE88}.Debug|x86.Build.0 = Debug|x86
		{B76C821B-A386-4949-80C7-3C5FC037CE88}.Release|x86.ActiveCfg = Release|x86
		{B76C821B-A386-4949-80C7-3C5FC037CE88}.Release|x86.Build.0 = Release|x86
		{F579C861-D7DA-49DE-911B-C377C962B5B5}.Debug|x86.ActiveCfg = Debug|x86
		{F579C861-D7DA-49DE-911B-C377C962B5B5}.Debug|x86.Build.0 = Debug|x86
		{F579C861-D7DA-49DE-911B-C377C962B5B5}.Release|x86.ActiveCfg = Release|x86
		{F579C861-D7DA-49DE-911B-C377C962B5B5}.Release|x86.Build.0 = Release|x86
		{C86F478B-E16A-4F09-B0AD-2C3C12E1D8CC}.Debug|x86.ActiveCfg = Debug|x86
		{C86F478B-E16A-4F09-B0AD-2C3C12E1D8CC}.Debug|x86.Build.0 = Debug|x86
		{C86F478B-E16A-4F09-B0AD-2C3C12E1D8CC}.Release|x86.ActiveCfg = Release|x86
		{C86F478B-E16A-4F09-B0AD-2C3C12E1D8CC}.Release|x86.Build.0 = Release|x86
		{F392CFF0-349A-4233-BC56-3DFA64B365E5}.Debug|x86.ActiveCfg = Debug|x86
		{F392CFF0-349A-4233-BC56-3DFA64B365E5}.Debug|x86.Build.0 = Debug|x86
		{F392CFF0-349A-4233-BC56-3DFA64B365E5}.Release|x86.ActiveCfg = Release|x86
		{F392CFF0-349A-4233-BC56-3DFA64B365E5}.Release|x86.Build.0 = Release|x86
		{FE09A932-A673-4E8C-BD74-2D9633D62BE4}.Debug|x86.ActiveCfg = Debug|x86
		{FE09A932-A673-4E8C-BD74-2D9633D62BE4}.Debug|x86.Build.0 = Debug|x86
		{FE09A932-A673-4E8C-BD74-2D9633D62BE4}.Release|x86.ActiveCfg = Release|x86
		{FE09A932-A673-4E8C-BD74-2D9633D62BE4}.Release|x86.Build.0 = Release|x86
		{E8AE36ED-9AB8-4C4A-B3E2-0A1CA3B696FA}.Debug|x86.ActiveCfg = Debug|x86
		{E8AE36ED-9AB8-4C4A-B3E2-0A1CA3B696FA}.Debug|x86.Build.0 = Debug|x86
		{E8AE36ED-9AB8-4C4A-B3E2-0A1CA3B696FA}.Release|x86.ActiveCfg = Release|x86
		{E8AE36ED-9AB8-4C4A-B3E2-0A1CA3B696FA}.Release|x86.Build.0 = Release|x86
		{3BCFBD5C-D437-4C9F-A267-10E83BBEA556}.Debug|x86.ActiveCfg = Debug|x86
		{3BCFBD5C-D437-4C9F-A267-10E83BBEA556}.Debug|x86.Build.0 = Debug|x86
		{3BCFBD5C-D437-4C9F-A267-10E83BBEA556}.Release|x86.ActiveCfg = Release|x86
		{3BCFBD5C-D437-4C9F-A267-10E83BBEA556}.Release|x86.Build.0 = Release|x86
		{42D809C1-C2BB-4776-AD59-06F6BF12B17A}.Debug|x86.ActiveCfg = Debug|x86
		{42D809C1-C2BB-4776-AD59-06F6BF12B17A}.Debug|x86.Build.0 = Debug|x86
		{42D809C1-C2BB-4776-AD59-06F6BF12B17A}.Release|x86.ActiveCfg = Release|x86
		{42D809C1-C2BB-4776-AD59-06F6BF12B17A}.Release|x86.Build.0 = Release|x86
		{89DA20BC-F278-4D41-BAC9-F1CD60F6DFDF}.Debug|x86.ActiveCfg = Debug|x86
		{89DA20BC-F278-4D41-BAC9-F1CD60F6DFDF}.Debug|x86.Build.0 = Debug|x86
		{89DA20BC-F278-4D41-BAC9-F1CD60F6DFDF}.Release|x86.ActiveCfg = Release|x86
		{89DA20BC-F278-4D41-BAC9-F1CD60F6DFDF}.Release|x86.Build.0 = Release|x86
		{304E0F21-305A-45E0-BF7C-87C2561E7801}.Debug|x86.ActiveCfg = Debug|x86
		{304E0F21-305A-45E0-BF7C-87C2561E7801}.Debug|x86.Build.0 = Debug|x86
		{304E0F21-305A-45E0-BF7C-87C2561E7801}.Release|x86.ActiveCfg = Release|x86
		{304E0F21-305A-45E0-BF7C-87C2561E7801}.Release|x86.Build.0 = Release|x86
		{794E6204-E617-49FA-BE46-5DDC4BCC37D2}.Debug|x86.ActiveCfg = Debug|x86
		{794E6204-E617-49FA-BE46-5DDC4BCC37D2}.Debug|x86.Build.0 = Debug|x86
		{794E6204-E617-49FA-BE46-5DDC4BCC37D2}.Release|x86.ActiveCfg = Release|x86
		{794E6204-E617-49FA-BE46-5DDC4BCC37D2}.Release|x86.Build.0 = Release|x86
		{E59E42E4-4D1A-469B-A9A2-F4C5E3DE9B6A}.Debug|x86.ActiveCfg = Debug|x86
		{E59E42E4-4D1A-469B-A9A2-F4C5E3DE9B6A}.Debug|x86.Build.0 = Debug|x86
		{E59E42E4-4D1A-469B-A9A2-F4C5E3DE9B6A}.Release|x86.ActiveCfg = Release|x86
		{E59E42E4-4D1A-469B-A9A2-F4C5E3DE9B6A}.Release|x86.Build.0 = Release|x86
	EndGlobalSection
	GlobalSection(SolutionProperties) = preSolution
		HideSolutionNode = FALSE
	EndGlobalSection
	GlobalSection(NestedProjects) = preSolution
		{E8AE36ED-9AB8-4C4A-B3E2-0A1CA3B696FA} = {CE36FA78-50C5-4B94-9E53-33DD8AC6A4D2}
		{B388B883-C221-4DAB-B0AD-D412A98CD5E3} = {CE36FA78-50C5-4B94-9E53-33DD8AC6A4D2}
		{296B4EF9-BC84-48A3-BA63-4FB21FFBECE5} = {CE36FA78-50C5-4B94-9E53-33DD8AC6A4D2}
		{26BCCF5F-CEFA-4B72-992E-6F19A1DA5A66} = {CE36FA78-50C5-4B94-9E53-33DD8AC6A4D2}
		{57E049F2-BD13-49EB-B753-9621DDF60D59} = {CE36FA78-50C5-4B94-9E53-33DD8AC6A4D2}
		{E16B6C16-0B7D-419A-97E7-02C9BABD4F2C} = {CE36FA78-50C5-4B94-9E53-33DD8AC6A4D2}
		{70DB7D42-A370-42CC-8AFE-E4FAE50E929A} = {CE36FA78-50C5-4B94-9E53-33DD8AC6A4D2}
		{6833DE3E-91E6-4D7A-BC26-172A46A0E2B6} = {CE36FA78-50C5-4B94-9E53-33DD8AC6A4D2}
		{61642DC2-78C2-4EB9-8EEA-56E1AA56BD0C} = {CE36FA78-50C5-4B94-9E53-33DD8AC6A4D2}
		{A7B3F169-4991-4BAA-BDEB-4E8C62984CE5} = {CE36FA78-50C5-4B94-9E53-33DD8AC6A4D2}
		{8986D147-5B0D-4449-B1E0-BC113F524C46} = {CE36FA78-50C5-4B94-9E53-33DD8AC6A4D2}
		{51710449-AE6B-4615-B1DA-C7B93B03A6D0} = {CE36FA78-50C5-4B94-9E53-33DD8AC6A4D2}
		{11093464-975D-4017-9E5F-1D1F8D814565} = {CE36FA78-50C5-4B94-9E53-33DD8AC6A4D2}
		{FBA60CF6-7CF3-4EE9-9EDB-031FF2354889} = {CE36FA78-50C5-4B94-9E53-33DD8AC6A4D2}
		{DB65A421-E1F4-4CBC-A643-F02ECDDC234B} = {CE36FA78-50C5-4B94-9E53-33DD8AC6A4D2}
		{CDBE09FA-8247-4641-A78C-99E0494C3B39} = {CE36FA78-50C5-4B94-9E53-33DD8AC6A4D2}
		{2396EC33-2540-4245-9E1D-BA5650D758DC} = {CE36FA78-50C5-4B94-9E53-33DD8AC6A4D2}
		{ED7A5BBC-C4B2-49B5-8049-75D040DD432F} = {CE36FA78-50C5-4B94-9E53-33DD8AC6A4D2}
		{7EA3BE7F-B150-4D0C-9ACF-1A02901B05F9} = {CE36FA78-50C5-4B94-9E53-33DD8AC6A4D2}
		{126FD26A-1E13-4F7E-AAA1-405986293C01} = {CE36FA78-50C5-4B94-9E53-33DD8AC6A4D2}
		{B76C821B-A386-4949-80C7-3C5FC037CE88} = {CE36FA78-50C5-4B94-9E53-33DD8AC6A4D2}
		{F579C861-D7DA-49DE-911B-C377C962B5B5} = {CE36FA78-50C5-4B94-9E53-33DD8AC6A4D2}
		{C86F478B-E16A-4F09-B0AD-2C3C12E1D8CC} = {CE36FA78-50C5-4B94-9E53-33DD8AC6A4D2}
		{F392CFF0-349A-4233-BC56-3DFA64B365E5} = {CE36FA78-50C5-4B94-9E53-33DD8AC6A4D2}
		{FE09A932-A673-4E8C-BD74-2D9633D62BE4} = {CE36FA78-50C5-4B94-9E53-33DD8AC6A4D2}
	EndGlobalSection
EndGlobal
