
Microsoft Visual Studio Solution File, Format Version 11.00
# Visual Studio 2010
Project("{FAE04EC0-301F-11D3-BF4B-00C04F79EFBC}") = "Listing_01", "Listing_01\Listing_01.csproj", "{E974E8B4-589D-4EEE-BB79-DF48A1A245B9}"
EndProject
Project("{FAE04EC0-301F-11D3-BF4B-00C04F79EFBC}") = "Listing_02", "Listing_02\Listing_02.csproj", "{36F7A18D-B821-4C84-B7D6-7676B25E3EB9}"
EndProject
Project("{FAE04EC0-301F-11D3-BF4B-00C04F79EFBC}") = "Listing_03", "Listing_03\Listing_03.csproj", "{C61CBAAE-B3EB-405F-BF24-E2E509CCAB8E}"
EndProject
Project("{FAE04EC0-301F-11D3-BF4B-00C04F79EFBC}") = "Listing_04", "Listing_04\Listing_04.csproj", "{E6F63697-7B93-4DDD-9FAD-FDBB9154988A}"
EndProject
Project("{FAE04EC0-301F-11D3-BF4B-00C04F79EFBC}") = "Listing_05", "Listing_05\Listing_05.csproj", "{4C8E9511-5D57-4D0D-BDE7-65C4EE874DA6}"
EndProject
Project("{FAE04EC0-301F-11D3-BF4B-00C04F79EFBC}") = "Listing_06", "Listing_06\Listing_06.csproj", "{006B2E6E-5904-4523-A2A6-C6C41E55A3D9}"
EndProject
Project("{FAE04EC0-301F-11D3-BF4B-00C04F79EFBC}") = "Listing_07", "Listing_07\Listing_07.csproj", "{DE4821C2-A6B1-41F8-940B-0ABFBC89CBBC}"
EndProject
Project("{FAE04EC0-301F-11D3-BF4B-00C04F79EFBC}") = "Listing_08", "Listing_08\Listing_08.csproj", "{ED863194-F254-44F5-82B5-4C92A2966A0B}"
EndProject
Project("{FAE04EC0-301F-11D3-BF4B-00C04F79EFBC}") = "Listing_09", "Listing_09\Listing_09.csproj", "{8B0125F1-A757-4CEC-82BC-EFBFCFEB705F}"
EndProject
Project("{FAE04EC0-301F-11D3-BF4B-00C04F79EFBC}") = "Listing_10", "Listing_10\Listing_10.csproj", "{5CC8B61E-8FC9-4879-AD88-55B589A609E4}"
EndProject
Project("{FAE04EC0-301F-11D3-BF4B-00C04F79EFBC}") = "Listing_11", "Listing_11\Listing_11.csproj", "{CB9F35F5-DEDA-401D-8633-117827FF922F}"
EndProject
Project("{FAE04EC0-301F-11D3-BF4B-00C04F79EFBC}") = "Listing_12", "Listing_12\Listing_12.csproj", "{96E688A1-D081-4B78-BD9C-2A566BA74916}"
EndProject
Project("{FAE04EC0-301F-11D3-BF4B-00C04F79EFBC}") = "Listing_13", "Listing_13\Listing_13.csproj", "{56D06F64-ABB3-4317-B9CD-4155AF4B1D20}"
EndProject
Project("{FAE04EC0-301F-11D3-BF4B-00C04F79EFBC}") = "Listing_14", "Listing_14\Listing_14.csproj", "{06BA12DE-8440-48B0-A95E-0E5C8455217F}"
EndProject
Project("{FAE04EC0-301F-11D3-BF4B-00C04F79EFBC}") = "Listing_15", "Listing_15\Listing_15.csproj", "{BBCAC5F7-0C13-4C57-8EA5-BE13FE358ED5}"
EndProject
Project("{FAE04EC0-301F-11D3-BF4B-00C04F79EFBC}") = "Listing_16", "Listing_16\Listing_16.csproj", "{D7FB1941-BAAE-4425-8D39-92A7E6A6B83A}"
EndProject
Project("{FAE04EC0-301F-11D3-BF4B-00C04F79EFBC}") = "Listing_17", "Listing_17\Listing_17.csproj", "{D17C9777-3122-4683-B297-A8085FADA847}"
EndProject
Project("{FAE04EC0-301F-11D3-BF4B-00C04F79EFBC}") = "Listing_18", "Listing_18\Listing_18.csproj", "{8AB2184A-63A1-401E-A3A3-6A6E849CDAA1}"
EndProject
Project("{FAE04EC0-301F-11D3-BF4B-00C04F79EFBC}") = "Listing_19", "Listing_19\Listing_19.csproj", "{849369ED-A710-42F0-BFBB-65FC04E1F7E0}"
EndProject
Project("{FAE04EC0-301F-11D3-BF4B-00C04F79EFBC}") = "Listing_20", "Listing_20\Listing_20.csproj", "{2CED5964-C170-4AA8-B213-3304F041A587}"
EndProject
Project("{FAE04EC0-301F-11D3-BF4B-00C04F79EFBC}") = "Listing_21", "Listing_21\Listing_21.csproj", "{FC950D3E-AA10-470E-A24C-70F7BD8E1D58}"
EndProject
Project("{FAE04EC0-301F-11D3-BF4B-00C04F79EFBC}") = "Listing_22", "Listing_22\Listing_22.csproj", "{86008B32-18BF-45AB-B075-92B9531E89DD}"
EndProject
Project("{FAE04EC0-301F-11D3-BF4B-00C04F79EFBC}") = "Listing_23", "Listing_23\Listing_23.csproj", "{23F25714-2AD6-43BA-BE53-8F5A1D6937E4}"
EndProject
Project("{FAE04EC0-301F-11D3-BF4B-00C04F79EFBC}") = "Listing_24", "Listing_24\Listing_24.csproj", "{706D3A58-2E95-44E5-B687-EA488D947EAF}"
EndProject
Project("{FAE04EC0-301F-11D3-BF4B-00C04F79EFBC}") = "Listing_25", "Listing_25\Listing_25.csproj", "{3EEEF7A6-5CB8-4742-AAD7-57690090C474}"
EndProject
Project("{FAE04EC0-301F-11D3-BF4B-00C04F79EFBC}") = "Listing_26", "Listing_26\Listing_26.csproj", "{0B0D31E9-13F5-49B5-B94C-175B53F6F76B}"
EndProject
Project("{FAE04EC0-301F-11D3-BF4B-00C04F79EFBC}") = "Listing_27", "Listing_27\Listing_27.csproj", "{176F460C-C995-4987-959B-AAB51F58A020}"
EndProject
Project("{FAE04EC0-301F-11D3-BF4B-00C04F79EFBC}") = "Listing_28", "Listing_28\Listing_28.csproj", "{99359CF0-6DCA-4172-B3E8-FB3BA5BBE37C}"
EndProject
Project("{FAE04EC0-301F-11D3-BF4B-00C04F79EFBC}") = "Listing_29", "Listing_29\Listing_29.csproj", "{446B8755-7E72-4F9B-98B9-29381DD5D8A6}"
EndProject
Project("{FAE04EC0-301F-11D3-BF4B-00C04F79EFBC}") = "Listing_30", "Listing_30\Listing_30.csproj", "{47F16200-3FE5-4DEC-9F36-371EB27F3710}"
EndProject
Project("{FAE04EC0-301F-11D3-BF4B-00C04F79EFBC}") = "Listing_31", "Listing_31\Listing_31.csproj", "{1A7EC342-7052-4A34-91ED-15E4A67A9B73}"
EndProject
Project("{FAE04EC0-301F-11D3-BF4B-00C04F79EFBC}") = "Listing_32", "Listing_32\Listing_32.csproj", "{B3802795-E585-464F-844A-5A09BFB93166}"
EndProject
Project("{FAE04EC0-301F-11D3-BF4B-00C04F79EFBC}") = "Listing_33", "Listing_33\Listing_33.csproj", "{865BC455-758F-4C20-98F9-F757869774BD}"
EndProject
Project("{FAE04EC0-301F-11D3-BF4B-00C04F79EFBC}") = "Listing_34", "Listing_34\Listing_34.csproj", "{B587523C-94A7-4763-BFCA-A22DEB728B5E}"
EndProject
Project("{FAE04EC0-301F-11D3-BF4B-00C04F79EFBC}") = "Listing_35", "Listing_35\Listing_35.csproj", "{EE445DDF-B700-4CB8-A7E0-C19456A60122}"
EndProject
Global
	GlobalSection(SolutionConfigurationPlatforms) = preSolution
		Debug|x86 = Debug|x86
		Release|x86 = Release|x86
	EndGlobalSection
	GlobalSection(ProjectConfigurationPlatforms) = postSolution
		{E974E8B4-589D-4EEE-BB79-DF48A1A245B9}.Debug|x86.ActiveCfg = Debug|x86
		{E974E8B4-589D-4EEE-BB79-DF48A1A245B9}.Debug|x86.Build.0 = Debug|x86
		{E974E8B4-589D-4EEE-BB79-DF48A1A245B9}.Release|x86.ActiveCfg = Release|x86
		{E974E8B4-589D-4EEE-BB79-DF48A1A245B9}.Release|x86.Build.0 = Release|x86
		{36F7A18D-B821-4C84-B7D6-7676B25E3EB9}.Debug|x86.ActiveCfg = Debug|x86
		{36F7A18D-B821-4C84-B7D6-7676B25E3EB9}.Debug|x86.Build.0 = Debug|x86
		{36F7A18D-B821-4C84-B7D6-7676B25E3EB9}.Release|x86.ActiveCfg = Release|x86
		{36F7A18D-B821-4C84-B7D6-7676B25E3EB9}.Release|x86.Build.0 = Release|x86
		{C61CBAAE-B3EB-405F-BF24-E2E509CCAB8E}.Debug|x86.ActiveCfg = Debug|x86
		{C61CBAAE-B3EB-405F-BF24-E2E509CCAB8E}.Debug|x86.Build.0 = Debug|x86
		{C61CBAAE-B3EB-405F-BF24-E2E509CCAB8E}.Release|x86.ActiveCfg = Release|x86
		{C61CBAAE-B3EB-405F-BF24-E2E509CCAB8E}.Release|x86.Build.0 = Release|x86
		{E6F63697-7B93-4DDD-9FAD-FDBB9154988A}.Debug|x86.ActiveCfg = Debug|x86
		{E6F63697-7B93-4DDD-9FAD-FDBB9154988A}.Debug|x86.Build.0 = Debug|x86
		{E6F63697-7B93-4DDD-9FAD-FDBB9154988A}.Release|x86.ActiveCfg = Release|x86
		{E6F63697-7B93-4DDD-9FAD-FDBB9154988A}.Release|x86.Build.0 = Release|x86
		{4C8E9511-5D57-4D0D-BDE7-65C4EE874DA6}.Debug|x86.ActiveCfg = Debug|x86
		{4C8E9511-5D57-4D0D-BDE7-65C4EE874DA6}.Debug|x86.Build.0 = Debug|x86
		{4C8E9511-5D57-4D0D-BDE7-65C4EE874DA6}.Release|x86.ActiveCfg = Release|x86
		{4C8E9511-5D57-4D0D-BDE7-65C4EE874DA6}.Release|x86.Build.0 = Release|x86
		{006B2E6E-5904-4523-A2A6-C6C41E55A3D9}.Debug|x86.ActiveCfg = Debug|x86
		{006B2E6E-5904-4523-A2A6-C6C41E55A3D9}.Debug|x86.Build.0 = Debug|x86
		{006B2E6E-5904-4523-A2A6-C6C41E55A3D9}.Release|x86.ActiveCfg = Release|x86
		{006B2E6E-5904-4523-A2A6-C6C41E55A3D9}.Release|x86.Build.0 = Release|x86
		{DE4821C2-A6B1-41F8-940B-0ABFBC89CBBC}.Debug|x86.ActiveCfg = Debug|x86
		{DE4821C2-A6B1-41F8-940B-0ABFBC89CBBC}.Debug|x86.Build.0 = Debug|x86
		{DE4821C2-A6B1-41F8-940B-0ABFBC89CBBC}.Release|x86.ActiveCfg = Release|x86
		{DE4821C2-A6B1-41F8-940B-0ABFBC89CBBC}.Release|x86.Build.0 = Release|x86
		{ED863194-F254-44F5-82B5-4C92A2966A0B}.Debug|x86.ActiveCfg = Debug|x86
		{ED863194-F254-44F5-82B5-4C92A2966A0B}.Debug|x86.Build.0 = Debug|x86
		{ED863194-F254-44F5-82B5-4C92A2966A0B}.Release|x86.ActiveCfg = Release|x86
		{ED863194-F254-44F5-82B5-4C92A2966A0B}.Release|x86.Build.0 = Release|x86
		{8B0125F1-A757-4CEC-82BC-EFBFCFEB705F}.Debug|x86.ActiveCfg = Debug|x86
		{8B0125F1-A757-4CEC-82BC-EFBFCFEB705F}.Debug|x86.Build.0 = Debug|x86
		{8B0125F1-A757-4CEC-82BC-EFBFCFEB705F}.Release|x86.ActiveCfg = Release|x86
		{8B0125F1-A757-4CEC-82BC-EFBFCFEB705F}.Release|x86.Build.0 = Release|x86
		{5CC8B61E-8FC9-4879-AD88-55B589A609E4}.Debug|x86.ActiveCfg = Debug|x86
		{5CC8B61E-8FC9-4879-AD88-55B589A609E4}.Debug|x86.Build.0 = Debug|x86
		{5CC8B61E-8FC9-4879-AD88-55B589A609E4}.Release|x86.ActiveCfg = Release|x86
		{5CC8B61E-8FC9-4879-AD88-55B589A609E4}.Release|x86.Build.0 = Release|x86
		{CB9F35F5-DEDA-401D-8633-117827FF922F}.Debug|x86.ActiveCfg = Debug|x86
		{CB9F35F5-DEDA-401D-8633-117827FF922F}.Debug|x86.Build.0 = Debug|x86
		{CB9F35F5-DEDA-401D-8633-117827FF922F}.Release|x86.ActiveCfg = Release|x86
		{CB9F35F5-DEDA-401D-8633-117827FF922F}.Release|x86.Build.0 = Release|x86
		{96E688A1-D081-4B78-BD9C-2A566BA74916}.Debug|x86.ActiveCfg = Debug|x86
		{96E688A1-D081-4B78-BD9C-2A566BA74916}.Debug|x86.Build.0 = Debug|x86
		{96E688A1-D081-4B78-BD9C-2A566BA74916}.Release|x86.ActiveCfg = Release|x86
		{96E688A1-D081-4B78-BD9C-2A566BA74916}.Release|x86.Build.0 = Release|x86
		{56D06F64-ABB3-4317-B9CD-4155AF4B1D20}.Debug|x86.ActiveCfg = Debug|x86
		{56D06F64-ABB3-4317-B9CD-4155AF4B1D20}.Debug|x86.Build.0 = Debug|x86
		{56D06F64-ABB3-4317-B9CD-4155AF4B1D20}.Release|x86.ActiveCfg = Release|x86
		{56D06F64-ABB3-4317-B9CD-4155AF4B1D20}.Release|x86.Build.0 = Release|x86
		{06BA12DE-8440-48B0-A95E-0E5C8455217F}.Debug|x86.ActiveCfg = Debug|x86
		{06BA12DE-8440-48B0-A95E-0E5C8455217F}.Debug|x86.Build.0 = Debug|x86
		{06BA12DE-8440-48B0-A95E-0E5C8455217F}.Release|x86.ActiveCfg = Release|x86
		{06BA12DE-8440-48B0-A95E-0E5C8455217F}.Release|x86.Build.0 = Release|x86
		{BBCAC5F7-0C13-4C57-8EA5-BE13FE358ED5}.Debug|x86.ActiveCfg = Debug|x86
		{BBCAC5F7-0C13-4C57-8EA5-BE13FE358ED5}.Debug|x86.Build.0 = Debug|x86
		{BBCAC5F7-0C13-4C57-8EA5-BE13FE358ED5}.Release|x86.ActiveCfg = Release|x86
		{BBCAC5F7-0C13-4C57-8EA5-BE13FE358ED5}.Release|x86.Build.0 = Release|x86
		{D7FB1941-BAAE-4425-8D39-92A7E6A6B83A}.Debug|x86.ActiveCfg = Debug|x86
		{D7FB1941-BAAE-4425-8D39-92A7E6A6B83A}.Debug|x86.Build.0 = Debug|x86
		{D7FB1941-BAAE-4425-8D39-92A7E6A6B83A}.Release|x86.ActiveCfg = Release|x86
		{D7FB1941-BAAE-4425-8D39-92A7E6A6B83A}.Release|x86.Build.0 = Release|x86
		{D17C9777-3122-4683-B297-A8085FADA847}.Debug|x86.ActiveCfg = Debug|x86
		{D17C9777-3122-4683-B297-A8085FADA847}.Debug|x86.Build.0 = Debug|x86
		{D17C9777-3122-4683-B297-A8085FADA847}.Release|x86.ActiveCfg = Release|x86
		{D17C9777-3122-4683-B297-A8085FADA847}.Release|x86.Build.0 = Release|x86
		{8AB2184A-63A1-401E-A3A3-6A6E849CDAA1}.Debug|x86.ActiveCfg = Debug|x86
		{8AB2184A-63A1-401E-A3A3-6A6E849CDAA1}.Debug|x86.Build.0 = Debug|x86
		{8AB2184A-63A1-401E-A3A3-6A6E849CDAA1}.Release|x86.ActiveCfg = Release|x86
		{8AB2184A-63A1-401E-A3A3-6A6E849CDAA1}.Release|x86.Build.0 = Release|x86
		{849369ED-A710-42F0-BFBB-65FC04E1F7E0}.Debug|x86.ActiveCfg = Debug|x86
		{849369ED-A710-42F0-BFBB-65FC04E1F7E0}.Debug|x86.Build.0 = Debug|x86
		{849369ED-A710-42F0-BFBB-65FC04E1F7E0}.Release|x86.ActiveCfg = Release|x86
		{849369ED-A710-42F0-BFBB-65FC04E1F7E0}.Release|x86.Build.0 = Release|x86
		{2CED5964-C170-4AA8-B213-3304F041A587}.Debug|x86.ActiveCfg = Debug|x86
		{2CED5964-C170-4AA8-B213-3304F041A587}.Debug|x86.Build.0 = Debug|x86
		{2CED5964-C170-4AA8-B213-3304F041A587}.Release|x86.ActiveCfg = Release|x86
		{2CED5964-C170-4AA8-B213-3304F041A587}.Release|x86.Build.0 = Release|x86
		{FC950D3E-AA10-470E-A24C-70F7BD8E1D58}.Debug|x86.ActiveCfg = Debug|x86
		{FC950D3E-AA10-470E-A24C-70F7BD8E1D58}.Debug|x86.Build.0 = Debug|x86
		{FC950D3E-AA10-470E-A24C-70F7BD8E1D58}.Release|x86.ActiveCfg = Release|x86
		{FC950D3E-AA10-470E-A24C-70F7BD8E1D58}.Release|x86.Build.0 = Release|x86
		{86008B32-18BF-45AB-B075-92B9531E89DD}.Debug|x86.ActiveCfg = Debug|x86
		{86008B32-18BF-45AB-B075-92B9531E89DD}.Debug|x86.Build.0 = Debug|x86
		{86008B32-18BF-45AB-B075-92B9531E89DD}.Release|x86.ActiveCfg = Release|x86
		{86008B32-18BF-45AB-B075-92B9531E89DD}.Release|x86.Build.0 = Release|x86
		{23F25714-2AD6-43BA-BE53-8F5A1D6937E4}.Debug|x86.ActiveCfg = Debug|x86
		{23F25714-2AD6-43BA-BE53-8F5A1D6937E4}.Debug|x86.Build.0 = Debug|x86
		{23F25714-2AD6-43BA-BE53-8F5A1D6937E4}.Release|x86.ActiveCfg = Release|x86
		{23F25714-2AD6-43BA-BE53-8F5A1D6937E4}.Release|x86.Build.0 = Release|x86
		{706D3A58-2E95-44E5-B687-EA488D947EAF}.Debug|x86.ActiveCfg = Debug|x86
		{706D3A58-2E95-44E5-B687-EA488D947EAF}.Debug|x86.Build.0 = Debug|x86
		{706D3A58-2E95-44E5-B687-EA488D947EAF}.Release|x86.ActiveCfg = Release|x86
		{706D3A58-2E95-44E5-B687-EA488D947EAF}.Release|x86.Build.0 = Release|x86
		{3EEEF7A6-5CB8-4742-AAD7-57690090C474}.Debug|x86.ActiveCfg = Debug|x86
		{3EEEF7A6-5CB8-4742-AAD7-57690090C474}.Debug|x86.Build.0 = Debug|x86
		{3EEEF7A6-5CB8-4742-AAD7-57690090C474}.Release|x86.ActiveCfg = Release|x86
		{3EEEF7A6-5CB8-4742-AAD7-57690090C474}.Release|x86.Build.0 = Release|x86
		{0B0D31E9-13F5-49B5-B94C-175B53F6F76B}.Debug|x86.ActiveCfg = Debug|x86
		{0B0D31E9-13F5-49B5-B94C-175B53F6F76B}.Debug|x86.Build.0 = Debug|x86
		{0B0D31E9-13F5-49B5-B94C-175B53F6F76B}.Release|x86.ActiveCfg = Release|x86
		{0B0D31E9-13F5-49B5-B94C-175B53F6F76B}.Release|x86.Build.0 = Release|x86
		{176F460C-C995-4987-959B-AAB51F58A020}.Debug|x86.ActiveCfg = Debug|x86
		{176F460C-C995-4987-959B-AAB51F58A020}.Debug|x86.Build.0 = Debug|x86
		{176F460C-C995-4987-959B-AAB51F58A020}.Release|x86.ActiveCfg = Release|x86
		{176F460C-C995-4987-959B-AAB51F58A020}.Release|x86.Build.0 = Release|x86
		{99359CF0-6DCA-4172-B3E8-FB3BA5BBE37C}.Debug|x86.ActiveCfg = Debug|x86
		{99359CF0-6DCA-4172-B3E8-FB3BA5BBE37C}.Debug|x86.Build.0 = Debug|x86
		{99359CF0-6DCA-4172-B3E8-FB3BA5BBE37C}.Release|x86.ActiveCfg = Release|x86
		{99359CF0-6DCA-4172-B3E8-FB3BA5BBE37C}.Release|x86.Build.0 = Release|x86
		{446B8755-7E72-4F9B-98B9-29381DD5D8A6}.Debug|x86.ActiveCfg = Debug|x86
		{446B8755-7E72-4F9B-98B9-29381DD5D8A6}.Debug|x86.Build.0 = Debug|x86
		{446B8755-7E72-4F9B-98B9-29381DD5D8A6}.Release|x86.ActiveCfg = Release|x86
		{446B8755-7E72-4F9B-98B9-29381DD5D8A6}.Release|x86.Build.0 = Release|x86
		{47F16200-3FE5-4DEC-9F36-371EB27F3710}.Debug|x86.ActiveCfg = Debug|x86
		{47F16200-3FE5-4DEC-9F36-371EB27F3710}.Debug|x86.Build.0 = Debug|x86
		{47F16200-3FE5-4DEC-9F36-371EB27F3710}.Release|x86.ActiveCfg = Release|x86
		{47F16200-3FE5-4DEC-9F36-371EB27F3710}.Release|x86.Build.0 = Release|x86
		{1A7EC342-7052-4A34-91ED-15E4A67A9B73}.Debug|x86.ActiveCfg = Debug|x86
		{1A7EC342-7052-4A34-91ED-15E4A67A9B73}.Debug|x86.Build.0 = Debug|x86
		{1A7EC342-7052-4A34-91ED-15E4A67A9B73}.Release|x86.ActiveCfg = Release|x86
		{1A7EC342-7052-4A34-91ED-15E4A67A9B73}.Release|x86.Build.0 = Release|x86
		{B3802795-E585-464F-844A-5A09BFB93166}.Debug|x86.ActiveCfg = Debug|x86
		{B3802795-E585-464F-844A-5A09BFB93166}.Debug|x86.Build.0 = Debug|x86
		{B3802795-E585-464F-844A-5A09BFB93166}.Release|x86.ActiveCfg = Release|x86
		{B3802795-E585-464F-844A-5A09BFB93166}.Release|x86.Build.0 = Release|x86
		{865BC455-758F-4C20-98F9-F757869774BD}.Debug|x86.ActiveCfg = Debug|x86
		{865BC455-758F-4C20-98F9-F757869774BD}.Debug|x86.Build.0 = Debug|x86
		{865BC455-758F-4C20-98F9-F757869774BD}.Release|x86.ActiveCfg = Release|x86
		{865BC455-758F-4C20-98F9-F757869774BD}.Release|x86.Build.0 = Release|x86
		{B587523C-94A7-4763-BFCA-A22DEB728B5E}.Debug|x86.ActiveCfg = Debug|x86
		{B587523C-94A7-4763-BFCA-A22DEB728B5E}.Debug|x86.Build.0 = Debug|x86
		{B587523C-94A7-4763-BFCA-A22DEB728B5E}.Release|x86.ActiveCfg = Release|x86
		{B587523C-94A7-4763-BFCA-A22DEB728B5E}.Release|x86.Build.0 = Release|x86
		{EE445DDF-B700-4CB8-A7E0-C19456A60122}.Debug|x86.ActiveCfg = Debug|x86
		{EE445DDF-B700-4CB8-A7E0-C19456A60122}.Debug|x86.Build.0 = Debug|x86
		{EE445DDF-B700-4CB8-A7E0-C19456A60122}.Release|x86.ActiveCfg = Release|x86
		{EE445DDF-B700-4CB8-A7E0-C19456A60122}.Release|x86.Build.0 = Release|x86
	EndGlobalSection
	GlobalSection(SolutionProperties) = preSolution
		HideSolutionNode = FALSE
	EndGlobalSection
EndGlobal
