
Microsoft Visual Studio Solution File, Format Version 11.00
# Visual Studio 2010
Project("{FAE04EC0-301F-11D3-BF4B-00C04F79EFBC}") = "Listing_01", "Listing_01\Listing_01.csproj", "{64D2D75B-D73B-4BBD-B5F0-AD22D96FE93C}"
EndProject
Project("{FAE04EC0-301F-11D3-BF4B-00C04F79EFBC}") = "Listing_02", "Listing_02\Listing_02.csproj", "{EB2EA2C4-FD3A-47BF-A4EF-D8FC7642D06E}"
EndProject
Project("{FAE04EC0-301F-11D3-BF4B-00C04F79EFBC}") = "Listing_03", "Listing_03\Listing_03.csproj", "{B4C70519-CEDC-4602-9BC4-D886506EE151}"
EndProject
Project("{FAE04EC0-301F-11D3-BF4B-00C04F79EFBC}") = "Listing_04", "Listing_04\Listing_04.csproj", "{73EB5359-0B98-45AB-833E-9CE7D9268C0B}"
EndProject
Project("{FAE04EC0-301F-11D3-BF4B-00C04F79EFBC}") = "Listing_05", "Listing_05\Listing_05.csproj", "{FFD739F8-4C60-4D52-AF8B-2D6C63558878}"
EndProject
Project("{FAE04EC0-301F-11D3-BF4B-00C04F79EFBC}") = "Listing_06", "Listing_06\Listing_06.csproj", "{AF5B95B0-4A9C-47AF-AD07-ABC94AD0B746}"
EndProject
Project("{FAE04EC0-301F-11D3-BF4B-00C04F79EFBC}") = "Listing_07", "Listing_07\Listing_07.csproj", "{ADFFD0B8-8A46-40D8-8016-932FCD428515}"
EndProject
Project("{FAE04EC0-301F-11D3-BF4B-00C04F79EFBC}") = "Listing_08", "Listing_08\Listing_08.csproj", "{BC62D128-5391-4255-9DEF-8636731F5CF8}"
EndProject
Project("{FAE04EC0-301F-11D3-BF4B-00C04F79EFBC}") = "Listing_09", "Listing_09\Listing_09.csproj", "{DC0BCC36-074D-4101-888A-0191118460FB}"
EndProject
Project("{FAE04EC0-301F-11D3-BF4B-00C04F79EFBC}") = "Listing_10", "Listing_10\Listing_10.csproj", "{95E79FFA-D26F-448C-A9F0-164360599113}"
EndProject
Project("{FAE04EC0-301F-11D3-BF4B-00C04F79EFBC}") = "Listing_11", "Listing_11\Listing_11.csproj", "{AD01DAFB-CB0D-4A6F-8FC7-A16F5493EECD}"
EndProject
Project("{FAE04EC0-301F-11D3-BF4B-00C04F79EFBC}") = "Listing_12", "Listing_12\Listing_12.csproj", "{6674F064-7494-42B0-AAC2-6523CA86842C}"
EndProject
Project("{FAE04EC0-301F-11D3-BF4B-00C04F79EFBC}") = "Listing_13", "Listing_13\Listing_13.csproj", "{451C5AA8-B3A1-4ADC-897C-C35498FE457F}"
EndProject
Project("{FAE04EC0-301F-11D3-BF4B-00C04F79EFBC}") = "Listing_14", "Listing_14\Listing_14.csproj", "{973A97B1-9A82-4E41-A5B3-A23964F701B2}"
EndProject
Project("{FAE04EC0-301F-11D3-BF4B-00C04F79EFBC}") = "Listing_15", "Listing_15\Listing_15.csproj", "{6CA5299A-3520-4E4C-847D-EBA58AC86A09}"
EndProject
Project("{FAE04EC0-301F-11D3-BF4B-00C04F79EFBC}") = "Listing_16", "Listing_16\Listing_16.csproj", "{297B1A5F-3DFA-4B50-8A43-F5EFEB67E650}"
EndProject
Project("{FAE04EC0-301F-11D3-BF4B-00C04F79EFBC}") = "Listing_17", "Listing_17\Listing_17.csproj", "{7A009BE3-34DE-42E3-B4B1-05243DF81341}"
EndProject
Global
	GlobalSection(SolutionConfigurationPlatforms) = preSolution
		Debug|x86 = Debug|x86
		Release|x86 = Release|x86
	EndGlobalSection
	GlobalSection(ProjectConfigurationPlatforms) = postSolution
		{64D2D75B-D73B-4BBD-B5F0-AD22D96FE93C}.Debug|x86.ActiveCfg = Debug|x86
		{64D2D75B-D73B-4BBD-B5F0-AD22D96FE93C}.Debug|x86.Build.0 = Debug|x86
		{64D2D75B-D73B-4BBD-B5F0-AD22D96FE93C}.Release|x86.ActiveCfg = Release|x86
		{64D2D75B-D73B-4BBD-B5F0-AD22D96FE93C}.Release|x86.Build.0 = Release|x86
		{EB2EA2C4-FD3A-47BF-A4EF-D8FC7642D06E}.Debug|x86.ActiveCfg = Debug|x86
		{EB2EA2C4-FD3A-47BF-A4EF-D8FC7642D06E}.Debug|x86.Build.0 = Debug|x86
		{EB2EA2C4-FD3A-47BF-A4EF-D8FC7642D06E}.Release|x86.ActiveCfg = Release|x86
		{EB2EA2C4-FD3A-47BF-A4EF-D8FC7642D06E}.Release|x86.Build.0 = Release|x86
		{B4C70519-CEDC-4602-9BC4-D886506EE151}.Debug|x86.ActiveCfg = Debug|x86
		{B4C70519-CEDC-4602-9BC4-D886506EE151}.Debug|x86.Build.0 = Debug|x86
		{B4C70519-CEDC-4602-9BC4-D886506EE151}.Release|x86.ActiveCfg = Release|x86
		{B4C70519-CEDC-4602-9BC4-D886506EE151}.Release|x86.Build.0 = Release|x86
		{73EB5359-0B98-45AB-833E-9CE7D9268C0B}.Debug|x86.ActiveCfg = Debug|x86
		{73EB5359-0B98-45AB-833E-9CE7D9268C0B}.Debug|x86.Build.0 = Debug|x86
		{73EB5359-0B98-45AB-833E-9CE7D9268C0B}.Release|x86.ActiveCfg = Release|x86
		{73EB5359-0B98-45AB-833E-9CE7D9268C0B}.Release|x86.Build.0 = Release|x86
		{FFD739F8-4C60-4D52-AF8B-2D6C63558878}.Debug|x86.ActiveCfg = Debug|x86
		{FFD739F8-4C60-4D52-AF8B-2D6C63558878}.Debug|x86.Build.0 = Debug|x86
		{FFD739F8-4C60-4D52-AF8B-2D6C63558878}.Release|x86.ActiveCfg = Release|x86
		{FFD739F8-4C60-4D52-AF8B-2D6C63558878}.Release|x86.Build.0 = Release|x86
		{AF5B95B0-4A9C-47AF-AD07-ABC94AD0B746}.Debug|x86.ActiveCfg = Debug|x86
		{AF5B95B0-4A9C-47AF-AD07-ABC94AD0B746}.Debug|x86.Build.0 = Debug|x86
		{AF5B95B0-4A9C-47AF-AD07-ABC94AD0B746}.Release|x86.ActiveCfg = Release|x86
		{AF5B95B0-4A9C-47AF-AD07-ABC94AD0B746}.Release|x86.Build.0 = Release|x86
		{ADFFD0B8-8A46-40D8-8016-932FCD428515}.Debug|x86.ActiveCfg = Debug|x86
		{ADFFD0B8-8A46-40D8-8016-932FCD428515}.Debug|x86.Build.0 = Debug|x86
		{ADFFD0B8-8A46-40D8-8016-932FCD428515}.Release|x86.ActiveCfg = Release|x86
		{ADFFD0B8-8A46-40D8-8016-932FCD428515}.Release|x86.Build.0 = Release|x86
		{BC62D128-5391-4255-9DEF-8636731F5CF8}.Debug|x86.ActiveCfg = Debug|x86
		{BC62D128-5391-4255-9DEF-8636731F5CF8}.Debug|x86.Build.0 = Debug|x86
		{BC62D128-5391-4255-9DEF-8636731F5CF8}.Release|x86.ActiveCfg = Release|x86
		{BC62D128-5391-4255-9DEF-8636731F5CF8}.Release|x86.Build.0 = Release|x86
		{DC0BCC36-074D-4101-888A-0191118460FB}.Debug|x86.ActiveCfg = Debug|x86
		{DC0BCC36-074D-4101-888A-0191118460FB}.Debug|x86.Build.0 = Debug|x86
		{DC0BCC36-074D-4101-888A-0191118460FB}.Release|x86.ActiveCfg = Release|x86
		{DC0BCC36-074D-4101-888A-0191118460FB}.Release|x86.Build.0 = Release|x86
		{95E79FFA-D26F-448C-A9F0-164360599113}.Debug|x86.ActiveCfg = Debug|x86
		{95E79FFA-D26F-448C-A9F0-164360599113}.Debug|x86.Build.0 = Debug|x86
		{95E79FFA-D26F-448C-A9F0-164360599113}.Release|x86.ActiveCfg = Release|x86
		{95E79FFA-D26F-448C-A9F0-164360599113}.Release|x86.Build.0 = Release|x86
		{AD01DAFB-CB0D-4A6F-8FC7-A16F5493EECD}.Debug|x86.ActiveCfg = Debug|x86
		{AD01DAFB-CB0D-4A6F-8FC7-A16F5493EECD}.Debug|x86.Build.0 = Debug|x86
		{AD01DAFB-CB0D-4A6F-8FC7-A16F5493EECD}.Release|x86.ActiveCfg = Release|x86
		{AD01DAFB-CB0D-4A6F-8FC7-A16F5493EECD}.Release|x86.Build.0 = Release|x86
		{6674F064-7494-42B0-AAC2-6523CA86842C}.Debug|x86.ActiveCfg = Debug|x86
		{6674F064-7494-42B0-AAC2-6523CA86842C}.Debug|x86.Build.0 = Debug|x86
		{6674F064-7494-42B0-AAC2-6523CA86842C}.Release|x86.ActiveCfg = Release|x86
		{6674F064-7494-42B0-AAC2-6523CA86842C}.Release|x86.Build.0 = Release|x86
		{451C5AA8-B3A1-4ADC-897C-C35498FE457F}.Debug|x86.ActiveCfg = Debug|x86
		{451C5AA8-B3A1-4ADC-897C-C35498FE457F}.Debug|x86.Build.0 = Debug|x86
		{451C5AA8-B3A1-4ADC-897C-C35498FE457F}.Release|x86.ActiveCfg = Release|x86
		{451C5AA8-B3A1-4ADC-897C-C35498FE457F}.Release|x86.Build.0 = Release|x86
		{973A97B1-9A82-4E41-A5B3-A23964F701B2}.Debug|x86.ActiveCfg = Debug|x86
		{973A97B1-9A82-4E41-A5B3-A23964F701B2}.Debug|x86.Build.0 = Debug|x86
		{973A97B1-9A82-4E41-A5B3-A23964F701B2}.Release|x86.ActiveCfg = Release|x86
		{973A97B1-9A82-4E41-A5B3-A23964F701B2}.Release|x86.Build.0 = Release|x86
		{6CA5299A-3520-4E4C-847D-EBA58AC86A09}.Debug|x86.ActiveCfg = Debug|x86
		{6CA5299A-3520-4E4C-847D-EBA58AC86A09}.Debug|x86.Build.0 = Debug|x86
		{6CA5299A-3520-4E4C-847D-EBA58AC86A09}.Release|x86.ActiveCfg = Release|x86
		{6CA5299A-3520-4E4C-847D-EBA58AC86A09}.Release|x86.Build.0 = Release|x86
		{297B1A5F-3DFA-4B50-8A43-F5EFEB67E650}.Debug|x86.ActiveCfg = Debug|x86
		{297B1A5F-3DFA-4B50-8A43-F5EFEB67E650}.Debug|x86.Build.0 = Debug|x86
		{297B1A5F-3DFA-4B50-8A43-F5EFEB67E650}.Release|x86.ActiveCfg = Release|x86
		{297B1A5F-3DFA-4B50-8A43-F5EFEB67E650}.Release|x86.Build.0 = Release|x86
		{7A009BE3-34DE-42E3-B4B1-05243DF81341}.Debug|x86.ActiveCfg = Debug|x86
		{7A009BE3-34DE-42E3-B4B1-05243DF81341}.Debug|x86.Build.0 = Debug|x86
		{7A009BE3-34DE-42E3-B4B1-05243DF81341}.Release|x86.ActiveCfg = Release|x86
		{7A009BE3-34DE-42E3-B4B1-05243DF81341}.Release|x86.Build.0 = Release|x86
	EndGlobalSection
	GlobalSection(SolutionProperties) = preSolution
		HideSolutionNode = FALSE
	EndGlobalSection
EndGlobal
