
Microsoft Visual Studio Solution File, Format Version 11.00
# Visual Studio 2010
Project("{FAE04EC0-301F-11D3-BF4B-00C04F79EFBC}") = "Listing_01", "Listing_01\Listing_01.csproj", "{0CA28EC1-975D-4E6F-86B5-56068C41CCEC}"
EndProject
Project("{FAE04EC0-301F-11D3-BF4B-00C04F79EFBC}") = "Listing_04", "Listing_04\Listing_04.csproj", "{0BAE9F8D-0D15-408A-8B4E-49601C1BD5F5}"
EndProject
Project("{FAE04EC0-301F-11D3-BF4B-00C04F79EFBC}") = "Listing_05", "Listing_05\Listing_05.csproj", "{905BA11F-4364-4E0E-85F1-7EAF1486B6ED}"
EndProject
Project("{FAE04EC0-301F-11D3-BF4B-00C04F79EFBC}") = "Listing_06", "Listing_06\Listing_06.csproj", "{27CED2BB-A403-45F9-A546-623BB068E4F8}"
EndProject
Project("{FAE04EC0-301F-11D3-BF4B-00C04F79EFBC}") = "Listing_07", "LIsting_07\Listing_07.csproj", "{F6074E4F-9770-4E07-AEF3-CF3EE1EA2DE1}"
EndProject
Project("{FAE04EC0-301F-11D3-BF4B-00C04F79EFBC}") = "Listing_08", "Listing_08\Listing_08.csproj", "{ED195ED3-BE22-44F5-9D88-9AA91F4F0676}"
EndProject
Project("{FAE04EC0-301F-11D3-BF4B-00C04F79EFBC}") = "Listing_09", "Listing_09\Listing_09.csproj", "{E2D3E795-86DD-4FFF-AB2F-B18C90B27E82}"
EndProject
Project("{FAE04EC0-301F-11D3-BF4B-00C04F79EFBC}") = "Listing_10", "Listing_10\Listing_10.csproj", "{AAC7602D-0A17-4AB6-9E47-A597891A309E}"
EndProject
Project("{FAE04EC0-301F-11D3-BF4B-00C04F79EFBC}") = "Listing_11", "Listing_11\Listing_11.csproj", "{5B0780C2-6A71-40A2-A474-9F4B49CD6FC8}"
EndProject
Project("{FAE04EC0-301F-11D3-BF4B-00C04F79EFBC}") = "Listing_12", "Listing_12\Listing_12.csproj", "{56EC10B3-85BB-4906-BC18-F6252B2232F7}"
EndProject
Project("{FAE04EC0-301F-11D3-BF4B-00C04F79EFBC}") = "Listing_14", "Listing_14\Listing_14.csproj", "{6CEACE89-CF30-4358-B8CD-37F92C39DE28}"
EndProject
Project("{FAE04EC0-301F-11D3-BF4B-00C04F79EFBC}") = "Listing_15", "Listing_15\Listing_15.csproj", "{686AFA56-2F33-4583-8D98-0FE1DDE28864}"
EndProject
Project("{FAE04EC0-301F-11D3-BF4B-00C04F79EFBC}") = "Listing_16", "Listing_16\Listing_16.csproj", "{77E21406-2D7C-4D5A-90F1-49E7FBB26C8A}"
EndProject
Project("{FAE04EC0-301F-11D3-BF4B-00C04F79EFBC}") = "Listing_17", "Listing_17\Listing_17.csproj", "{2C5EF8C9-94FA-40A4-9F02-A9BEE659A8B5}"
EndProject
Project("{FAE04EC0-301F-11D3-BF4B-00C04F79EFBC}") = "Listing_18", "Listing_18\Listing_18.csproj", "{952ACAE1-639B-4D07-81E8-01DE3C2B91D7}"
EndProject
Project("{FAE04EC0-301F-11D3-BF4B-00C04F79EFBC}") = "Listing_19", "Listing_19\Listing_19.csproj", "{FDD171B6-D27A-4EB2-A22F-55FB39F37398}"
EndProject
Project("{FAE04EC0-301F-11D3-BF4B-00C04F79EFBC}") = "Listing_20", "Listing_20\Listing_20.csproj", "{15479DF4-C9AC-4261-A71C-3E61C13C8BDF}"
EndProject
Project("{FAE04EC0-301F-11D3-BF4B-00C04F79EFBC}") = "Listing_21", "Listing_21\Listing_21.csproj", "{84C23435-5B98-4E78-8576-995959DF84C0}"
EndProject
Project("{FAE04EC0-301F-11D3-BF4B-00C04F79EFBC}") = "Listing_22", "Listing_22\Listing_22.csproj", "{CD5A85C3-3397-407A-A34B-6689560D1F83}"
EndProject
Project("{FAE04EC0-301F-11D3-BF4B-00C04F79EFBC}") = "Listing_24", "Listing_24\Listing_24.csproj", "{92061AB1-6392-4FDE-9B1F-92B5D8173F6E}"
EndProject
Project("{FAE04EC0-301F-11D3-BF4B-00C04F79EFBC}") = "Listing_25", "Listing_25\Listing_25.csproj", "{5D003014-8DAF-417E-B385-0D2886D6BB01}"
EndProject
Project("{FAE04EC0-301F-11D3-BF4B-00C04F79EFBC}") = "Listing_26", "Listing_26\Listing_26.csproj", "{2C21D4C5-65EE-4F18-A4D4-2E9785A07338}"
EndProject
Global
	GlobalSection(SolutionConfigurationPlatforms) = preSolution
		Debug|x86 = Debug|x86
		Release|x86 = Release|x86
	EndGlobalSection
	GlobalSection(ProjectConfigurationPlatforms) = postSolution
		{0CA28EC1-975D-4E6F-86B5-56068C41CCEC}.Debug|x86.ActiveCfg = Debug|x86
		{0CA28EC1-975D-4E6F-86B5-56068C41CCEC}.Debug|x86.Build.0 = Debug|x86
		{0CA28EC1-975D-4E6F-86B5-56068C41CCEC}.Release|x86.ActiveCfg = Release|x86
		{0CA28EC1-975D-4E6F-86B5-56068C41CCEC}.Release|x86.Build.0 = Release|x86
		{0BAE9F8D-0D15-408A-8B4E-49601C1BD5F5}.Debug|x86.ActiveCfg = Debug|x86
		{0BAE9F8D-0D15-408A-8B4E-49601C1BD5F5}.Debug|x86.Build.0 = Debug|x86
		{0BAE9F8D-0D15-408A-8B4E-49601C1BD5F5}.Release|x86.ActiveCfg = Release|x86
		{0BAE9F8D-0D15-408A-8B4E-49601C1BD5F5}.Release|x86.Build.0 = Release|x86
		{905BA11F-4364-4E0E-85F1-7EAF1486B6ED}.Debug|x86.ActiveCfg = Debug|x86
		{905BA11F-4364-4E0E-85F1-7EAF1486B6ED}.Debug|x86.Build.0 = Debug|x86
		{905BA11F-4364-4E0E-85F1-7EAF1486B6ED}.Release|x86.ActiveCfg = Release|x86
		{905BA11F-4364-4E0E-85F1-7EAF1486B6ED}.Release|x86.Build.0 = Release|x86
		{27CED2BB-A403-45F9-A546-623BB068E4F8}.Debug|x86.ActiveCfg = Debug|x86
		{27CED2BB-A403-45F9-A546-623BB068E4F8}.Debug|x86.Build.0 = Debug|x86
		{27CED2BB-A403-45F9-A546-623BB068E4F8}.Release|x86.ActiveCfg = Release|x86
		{27CED2BB-A403-45F9-A546-623BB068E4F8}.Release|x86.Build.0 = Release|x86
		{F6074E4F-9770-4E07-AEF3-CF3EE1EA2DE1}.Debug|x86.ActiveCfg = Debug|x86
		{F6074E4F-9770-4E07-AEF3-CF3EE1EA2DE1}.Debug|x86.Build.0 = Debug|x86
		{F6074E4F-9770-4E07-AEF3-CF3EE1EA2DE1}.Release|x86.ActiveCfg = Release|x86
		{F6074E4F-9770-4E07-AEF3-CF3EE1EA2DE1}.Release|x86.Build.0 = Release|x86
		{ED195ED3-BE22-44F5-9D88-9AA91F4F0676}.Debug|x86.ActiveCfg = Debug|x86
		{ED195ED3-BE22-44F5-9D88-9AA91F4F0676}.Debug|x86.Build.0 = Debug|x86
		{ED195ED3-BE22-44F5-9D88-9AA91F4F0676}.Release|x86.ActiveCfg = Release|x86
		{ED195ED3-BE22-44F5-9D88-9AA91F4F0676}.Release|x86.Build.0 = Release|x86
		{E2D3E795-86DD-4FFF-AB2F-B18C90B27E82}.Debug|x86.ActiveCfg = Debug|x86
		{E2D3E795-86DD-4FFF-AB2F-B18C90B27E82}.Debug|x86.Build.0 = Debug|x86
		{E2D3E795-86DD-4FFF-AB2F-B18C90B27E82}.Release|x86.ActiveCfg = Release|x86
		{E2D3E795-86DD-4FFF-AB2F-B18C90B27E82}.Release|x86.Build.0 = Release|x86
		{AAC7602D-0A17-4AB6-9E47-A597891A309E}.Debug|x86.ActiveCfg = Debug|x86
		{AAC7602D-0A17-4AB6-9E47-A597891A309E}.Debug|x86.Build.0 = Debug|x86
		{AAC7602D-0A17-4AB6-9E47-A597891A309E}.Release|x86.ActiveCfg = Release|x86
		{AAC7602D-0A17-4AB6-9E47-A597891A309E}.Release|x86.Build.0 = Release|x86
		{5B0780C2-6A71-40A2-A474-9F4B49CD6FC8}.Debug|x86.ActiveCfg = Debug|x86
		{5B0780C2-6A71-40A2-A474-9F4B49CD6FC8}.Debug|x86.Build.0 = Debug|x86
		{5B0780C2-6A71-40A2-A474-9F4B49CD6FC8}.Release|x86.ActiveCfg = Release|x86
		{5B0780C2-6A71-40A2-A474-9F4B49CD6FC8}.Release|x86.Build.0 = Release|x86
		{56EC10B3-85BB-4906-BC18-F6252B2232F7}.Debug|x86.ActiveCfg = Debug|x86
		{56EC10B3-85BB-4906-BC18-F6252B2232F7}.Debug|x86.Build.0 = Debug|x86
		{56EC10B3-85BB-4906-BC18-F6252B2232F7}.Release|x86.ActiveCfg = Release|x86
		{56EC10B3-85BB-4906-BC18-F6252B2232F7}.Release|x86.Build.0 = Release|x86
		{6CEACE89-CF30-4358-B8CD-37F92C39DE28}.Debug|x86.ActiveCfg = Debug|x86
		{6CEACE89-CF30-4358-B8CD-37F92C39DE28}.Debug|x86.Build.0 = Debug|x86
		{6CEACE89-CF30-4358-B8CD-37F92C39DE28}.Release|x86.ActiveCfg = Release|x86
		{6CEACE89-CF30-4358-B8CD-37F92C39DE28}.Release|x86.Build.0 = Release|x86
		{686AFA56-2F33-4583-8D98-0FE1DDE28864}.Debug|x86.ActiveCfg = Debug|x86
		{686AFA56-2F33-4583-8D98-0FE1DDE28864}.Debug|x86.Build.0 = Debug|x86
		{686AFA56-2F33-4583-8D98-0FE1DDE28864}.Release|x86.ActiveCfg = Release|x86
		{686AFA56-2F33-4583-8D98-0FE1DDE28864}.Release|x86.Build.0 = Release|x86
		{77E21406-2D7C-4D5A-90F1-49E7FBB26C8A}.Debug|x86.ActiveCfg = Debug|x86
		{77E21406-2D7C-4D5A-90F1-49E7FBB26C8A}.Debug|x86.Build.0 = Debug|x86
		{77E21406-2D7C-4D5A-90F1-49E7FBB26C8A}.Release|x86.ActiveCfg = Release|x86
		{77E21406-2D7C-4D5A-90F1-49E7FBB26C8A}.Release|x86.Build.0 = Release|x86
		{2C5EF8C9-94FA-40A4-9F02-A9BEE659A8B5}.Debug|x86.ActiveCfg = Debug|x86
		{2C5EF8C9-94FA-40A4-9F02-A9BEE659A8B5}.Debug|x86.Build.0 = Debug|x86
		{2C5EF8C9-94FA-40A4-9F02-A9BEE659A8B5}.Release|x86.ActiveCfg = Release|x86
		{2C5EF8C9-94FA-40A4-9F02-A9BEE659A8B5}.Release|x86.Build.0 = Release|x86
		{952ACAE1-639B-4D07-81E8-01DE3C2B91D7}.Debug|x86.ActiveCfg = Debug|x86
		{952ACAE1-639B-4D07-81E8-01DE3C2B91D7}.Debug|x86.Build.0 = Debug|x86
		{952ACAE1-639B-4D07-81E8-01DE3C2B91D7}.Release|x86.ActiveCfg = Release|x86
		{952ACAE1-639B-4D07-81E8-01DE3C2B91D7}.Release|x86.Build.0 = Release|x86
		{FDD171B6-D27A-4EB2-A22F-55FB39F37398}.Debug|x86.ActiveCfg = Debug|x86
		{FDD171B6-D27A-4EB2-A22F-55FB39F37398}.Debug|x86.Build.0 = Debug|x86
		{FDD171B6-D27A-4EB2-A22F-55FB39F37398}.Release|x86.ActiveCfg = Release|x86
		{FDD171B6-D27A-4EB2-A22F-55FB39F37398}.Release|x86.Build.0 = Release|x86
		{15479DF4-C9AC-4261-A71C-3E61C13C8BDF}.Debug|x86.ActiveCfg = Debug|x86
		{15479DF4-C9AC-4261-A71C-3E61C13C8BDF}.Debug|x86.Build.0 = Debug|x86
		{15479DF4-C9AC-4261-A71C-3E61C13C8BDF}.Release|x86.ActiveCfg = Release|x86
		{15479DF4-C9AC-4261-A71C-3E61C13C8BDF}.Release|x86.Build.0 = Release|x86
		{84C23435-5B98-4E78-8576-995959DF84C0}.Debug|x86.ActiveCfg = Debug|x86
		{84C23435-5B98-4E78-8576-995959DF84C0}.Debug|x86.Build.0 = Debug|x86
		{84C23435-5B98-4E78-8576-995959DF84C0}.Release|x86.ActiveCfg = Release|x86
		{84C23435-5B98-4E78-8576-995959DF84C0}.Release|x86.Build.0 = Release|x86
		{CD5A85C3-3397-407A-A34B-6689560D1F83}.Debug|x86.ActiveCfg = Debug|x86
		{CD5A85C3-3397-407A-A34B-6689560D1F83}.Debug|x86.Build.0 = Debug|x86
		{CD5A85C3-3397-407A-A34B-6689560D1F83}.Release|x86.ActiveCfg = Release|x86
		{CD5A85C3-3397-407A-A34B-6689560D1F83}.Release|x86.Build.0 = Release|x86
		{92061AB1-6392-4FDE-9B1F-92B5D8173F6E}.Debug|x86.ActiveCfg = Debug|x86
		{92061AB1-6392-4FDE-9B1F-92B5D8173F6E}.Debug|x86.Build.0 = Debug|x86
		{92061AB1-6392-4FDE-9B1F-92B5D8173F6E}.Release|x86.ActiveCfg = Release|x86
		{92061AB1-6392-4FDE-9B1F-92B5D8173F6E}.Release|x86.Build.0 = Release|x86
		{5D003014-8DAF-417E-B385-0D2886D6BB01}.Debug|x86.ActiveCfg = Debug|x86
		{5D003014-8DAF-417E-B385-0D2886D6BB01}.Debug|x86.Build.0 = Debug|x86
		{5D003014-8DAF-417E-B385-0D2886D6BB01}.Release|x86.ActiveCfg = Release|x86
		{5D003014-8DAF-417E-B385-0D2886D6BB01}.Release|x86.Build.0 = Release|x86
		{2C21D4C5-65EE-4F18-A4D4-2E9785A07338}.Debug|x86.ActiveCfg = Debug|x86
		{2C21D4C5-65EE-4F18-A4D4-2E9785A07338}.Debug|x86.Build.0 = Debug|x86
		{2C21D4C5-65EE-4F18-A4D4-2E9785A07338}.Release|x86.ActiveCfg = Release|x86
		{2C21D4C5-65EE-4F18-A4D4-2E9785A07338}.Release|x86.Build.0 = Release|x86
	EndGlobalSection
	GlobalSection(SolutionProperties) = preSolution
		HideSolutionNode = FALSE
	EndGlobalSection
EndGlobal
